
Microsoft Visual Studio Solution File, Format Version 12.00
# Visual Studio Version 17
VisualStudioVersion = 17.14.36717.8 d17.14
MinimumVisualStudioVersion = 10.0.40219.1
Project("{FAE04EC0-301F-11D3-BF4B-00C04F79EFBC}") = "0912", "0912.csproj", "{53863A60-4DCB-4F45-BD12-1DA50D470EC7}"
EndProject
Global
	GlobalSection(SolutionConfigurationPlatforms) = preSolution
		Debug|Any CPU = Debug|Any CPU
		Release|Any CPU = Release|Any CPU
	EndGlobalSection
	GlobalSection(ProjectConfigurationPlatforms) = postSolution
		{53863A60-4DCB-4F45-BD12-1DA50D470EC7}.Debug|Any CPU.ActiveCfg = Debug|Any CPU
		{53863A60-4DCB-4F45-BD12-1DA50D470EC7}.Debug|Any CPU.Build.0 = Debug|Any CPU
		{53863A60-4DCB-4F45-BD12-1DA50D470EC7}.Release|Any CPU.ActiveCfg = Release|Any CPU
		{53863A60-4DCB-4F45-BD12-1DA50D470EC7}.Release|Any CPU.Build.0 = Release|Any CPU
	EndGlobalSection
	GlobalSection(SolutionProperties) = preSolution
		HideSolutionNode = FALSE
	EndGlobalSection
	GlobalSection(ExtensibilityGlobals) = postSolution
		SolutionGuid = {638D970E-22CA-4273-BFD4-D3669D7F250F}
	EndGlobalSection
EndGlobal
