
Microsoft Visual Studio Solution File, Format Version 12.00
# Visual Studio Version 17
VisualStudioVersion = 17.14.36603.0 d17.14
MinimumVisualStudioVersion = 10.0.40219.1
Project("{FAE04EC0-301F-11D3-BF4B-00C04F79EFBC}") = "0408", "0408.csproj", "{A79591AC-2D12-49BA-BCCA-2548C5DC39D4}"
EndProject
Global
	GlobalSection(SolutionConfigurationPlatforms) = preSolution
		Debug|Any CPU = Debug|Any CPU
		Release|Any CPU = Release|Any CPU
	EndGlobalSection
	GlobalSection(ProjectConfigurationPlatforms) = postSolution
		{A79591AC-2D12-49BA-BCCA-2548C5DC39D4}.Debug|Any CPU.ActiveCfg = Debug|Any CPU
		{A79591AC-2D12-49BA-BCCA-2548C5DC39D4}.Debug|Any CPU.Build.0 = Debug|Any CPU
		{A79591AC-2D12-49BA-BCCA-2548C5DC39D4}.Release|Any CPU.ActiveCfg = Release|Any CPU
		{A79591AC-2D12-49BA-BCCA-2548C5DC39D4}.Release|Any CPU.Build.0 = Release|Any CPU
	EndGlobalSection
	GlobalSection(SolutionProperties) = preSolution
		HideSolutionNode = FALSE
	EndGlobalSection
	GlobalSection(ExtensibilityGlobals) = postSolution
		SolutionGuid = {CB5446E1-CEC1-4618-BF25-9269C6A8D685}
	EndGlobalSection
EndGlobal
