
Microsoft Visual Studio Solution File, Format Version 12.00
# Visual Studio Version 17
VisualStudioVersion = 17.14.36603.0 d17.14
MinimumVisualStudioVersion = 10.0.40219.1
Project("{FAE04EC0-301F-11D3-BF4B-00C04F79EFBC}") = "0148", "0148.csproj", "{475E5EE6-C855-45F7-B372-EE5AB291B189}"
EndProject
Global
	GlobalSection(SolutionConfigurationPlatforms) = preSolution
		Debug|Any CPU = Debug|Any CPU
		Release|Any CPU = Release|Any CPU
	EndGlobalSection
	GlobalSection(ProjectConfigurationPlatforms) = postSolution
		{475E5EE6-C855-45F7-B372-EE5AB291B189}.Debug|Any CPU.ActiveCfg = Debug|Any CPU
		{475E5EE6-C855-45F7-B372-EE5AB291B189}.Debug|Any CPU.Build.0 = Debug|Any CPU
		{475E5EE6-C855-45F7-B372-EE5AB291B189}.Release|Any CPU.ActiveCfg = Release|Any CPU
		{475E5EE6-C855-45F7-B372-EE5AB291B189}.Release|Any CPU.Build.0 = Release|Any CPU
	EndGlobalSection
	GlobalSection(SolutionProperties) = preSolution
		HideSolutionNode = FALSE
	EndGlobalSection
	GlobalSection(ExtensibilityGlobals) = postSolution
		SolutionGuid = {F3C31BBE-18B2-4C30-9BB3-ACBED5A6F92C}
	EndGlobalSection
EndGlobal
