
Microsoft Visual Studio Solution File, Format Version 12.00
# Visual Studio Version 17
VisualStudioVersion = 17.14.36603.0 d17.14
MinimumVisualStudioVersion = 10.0.40219.1
Project("{FAE04EC0-301F-11D3-BF4B-00C04F79EFBC}") = "0689", "0689.csproj", "{D4DB5A31-F94B-446C-91E3-C5DB9F408A7B}"
EndProject
Global
	GlobalSection(SolutionConfigurationPlatforms) = preSolution
		Debug|Any CPU = Debug|Any CPU
		Release|Any CPU = Release|Any CPU
	EndGlobalSection
	GlobalSection(ProjectConfigurationPlatforms) = postSolution
		{D4DB5A31-F94B-446C-91E3-C5DB9F408A7B}.Debug|Any CPU.ActiveCfg = Debug|Any CPU
		{D4DB5A31-F94B-446C-91E3-C5DB9F408A7B}.Debug|Any CPU.Build.0 = Debug|Any CPU
		{D4DB5A31-F94B-446C-91E3-C5DB9F408A7B}.Release|Any CPU.ActiveCfg = Release|Any CPU
		{D4DB5A31-F94B-446C-91E3-C5DB9F408A7B}.Release|Any CPU.Build.0 = Release|Any CPU
	EndGlobalSection
	GlobalSection(SolutionProperties) = preSolution
		HideSolutionNode = FALSE
	EndGlobalSection
	GlobalSection(ExtensibilityGlobals) = postSolution
		SolutionGuid = {2BB7E1DF-0C0B-4194-8882-42F4F7BA2FD7}
	EndGlobalSection
EndGlobal
