
Microsoft Visual Studio Solution File, Format Version 12.00
# Visual Studio Version 17
VisualStudioVersion = 17.14.36603.0 d17.14
MinimumVisualStudioVersion = 10.0.40219.1
Project("{FAE04EC0-301F-11D3-BF4B-00C04F79EFBC}") = "0496", "0496.csproj", "{11B17983-FD9E-473C-A05F-6B69B3904E78}"
EndProject
Global
	GlobalSection(SolutionConfigurationPlatforms) = preSolution
		Debug|Any CPU = Debug|Any CPU
		Release|Any CPU = Release|Any CPU
	EndGlobalSection
	GlobalSection(ProjectConfigurationPlatforms) = postSolution
		{11B17983-FD9E-473C-A05F-6B69B3904E78}.Debug|Any CPU.ActiveCfg = Debug|Any CPU
		{11B17983-FD9E-473C-A05F-6B69B3904E78}.Debug|Any CPU.Build.0 = Debug|Any CPU
		{11B17983-FD9E-473C-A05F-6B69B3904E78}.Release|Any CPU.ActiveCfg = Release|Any CPU
		{11B17983-FD9E-473C-A05F-6B69B3904E78}.Release|Any CPU.Build.0 = Release|Any CPU
	EndGlobalSection
	GlobalSection(SolutionProperties) = preSolution
		HideSolutionNode = FALSE
	EndGlobalSection
	GlobalSection(ExtensibilityGlobals) = postSolution
		SolutionGuid = {44E26E60-4308-4164-A0E1-6298F3FC626C}
	EndGlobalSection
EndGlobal
