
Microsoft Visual Studio Solution File, Format Version 12.00
# Visual Studio Version 17
VisualStudioVersion = 17.14.36717.8 d17.14
MinimumVisualStudioVersion = 10.0.40219.1
Project("{FAE04EC0-301F-11D3-BF4B-00C04F79EFBC}") = "1305", "1305.csproj", "{26247A7D-5CE5-4C96-A07F-CACB9D613686}"
EndProject
Global
	GlobalSection(SolutionConfigurationPlatforms) = preSolution
		Debug|Any CPU = Debug|Any CPU
		Release|Any CPU = Release|Any CPU
	EndGlobalSection
	GlobalSection(ProjectConfigurationPlatforms) = postSolution
		{26247A7D-5CE5-4C96-A07F-CACB9D613686}.Debug|Any CPU.ActiveCfg = Debug|Any CPU
		{26247A7D-5CE5-4C96-A07F-CACB9D613686}.Debug|Any CPU.Build.0 = Debug|Any CPU
		{26247A7D-5CE5-4C96-A07F-CACB9D613686}.Release|Any CPU.ActiveCfg = Release|Any CPU
		{26247A7D-5CE5-4C96-A07F-CACB9D613686}.Release|Any CPU.Build.0 = Release|Any CPU
	EndGlobalSection
	GlobalSection(SolutionProperties) = preSolution
		HideSolutionNode = FALSE
	EndGlobalSection
	GlobalSection(ExtensibilityGlobals) = postSolution
		SolutionGuid = {AE3E11BB-3773-4738-ABCB-4D8B7CA213CE}
	EndGlobalSection
EndGlobal
