
Microsoft Visual Studio Solution File, Format Version 12.00
# Visual Studio Version 17
VisualStudioVersion = 17.14.36717.8 d17.14
MinimumVisualStudioVersion = 10.0.40219.1
Project("{FAE04EC0-301F-11D3-BF4B-00C04F79EFBC}") = "1209", "1209.csproj", "{B81BFBE9-AEF5-4DE7-B575-BABC89337C8B}"
EndProject
Global
	GlobalSection(SolutionConfigurationPlatforms) = preSolution
		Debug|Any CPU = Debug|Any CPU
		Release|Any CPU = Release|Any CPU
	EndGlobalSection
	GlobalSection(ProjectConfigurationPlatforms) = postSolution
		{B81BFBE9-AEF5-4DE7-B575-BABC89337C8B}.Debug|Any CPU.ActiveCfg = Debug|Any CPU
		{B81BFBE9-AEF5-4DE7-B575-BABC89337C8B}.Debug|Any CPU.Build.0 = Debug|Any CPU
		{B81BFBE9-AEF5-4DE7-B575-BABC89337C8B}.Release|Any CPU.ActiveCfg = Release|Any CPU
		{B81BFBE9-AEF5-4DE7-B575-BABC89337C8B}.Release|Any CPU.Build.0 = Release|Any CPU
	EndGlobalSection
	GlobalSection(SolutionProperties) = preSolution
		HideSolutionNode = FALSE
	EndGlobalSection
	GlobalSection(ExtensibilityGlobals) = postSolution
		SolutionGuid = {A695FCA0-CA5C-4234-A837-DB56754487A1}
	EndGlobalSection
EndGlobal
