
Microsoft Visual Studio Solution File, Format Version 12.00
# Visual Studio Version 17
VisualStudioVersion = 17.14.36717.8 d17.14
MinimumVisualStudioVersion = 10.0.40219.1
Project("{FAE04EC0-301F-11D3-BF4B-00C04F79EFBC}") = "0867", "0867.csproj", "{F3BFB21F-741F-42C8-8CCA-10543D29D22B}"
EndProject
Global
	GlobalSection(SolutionConfigurationPlatforms) = preSolution
		Debug|Any CPU = Debug|Any CPU
		Release|Any CPU = Release|Any CPU
	EndGlobalSection
	GlobalSection(ProjectConfigurationPlatforms) = postSolution
		{F3BFB21F-741F-42C8-8CCA-10543D29D22B}.Debug|Any CPU.ActiveCfg = Debug|Any CPU
		{F3BFB21F-741F-42C8-8CCA-10543D29D22B}.Debug|Any CPU.Build.0 = Debug|Any CPU
		{F3BFB21F-741F-42C8-8CCA-10543D29D22B}.Release|Any CPU.ActiveCfg = Release|Any CPU
		{F3BFB21F-741F-42C8-8CCA-10543D29D22B}.Release|Any CPU.Build.0 = Release|Any CPU
	EndGlobalSection
	GlobalSection(SolutionProperties) = preSolution
		HideSolutionNode = FALSE
	EndGlobalSection
	GlobalSection(ExtensibilityGlobals) = postSolution
		SolutionGuid = {EFD80A6B-3505-4E10-8BDA-DD75103A56F3}
	EndGlobalSection
EndGlobal
