
Microsoft Visual Studio Solution File, Format Version 12.00
# Visual Studio Version 17
VisualStudioVersion = 17.14.36603.0 d17.14
MinimumVisualStudioVersion = 10.0.40219.1
Project("{FAE04EC0-301F-11D3-BF4B-00C04F79EFBC}") = "0609", "0609.csproj", "{D290B580-9779-46BF-B3C5-C5AC7F88E141}"
EndProject
Global
	GlobalSection(SolutionConfigurationPlatforms) = preSolution
		Debug|Any CPU = Debug|Any CPU
		Release|Any CPU = Release|Any CPU
	EndGlobalSection
	GlobalSection(ProjectConfigurationPlatforms) = postSolution
		{D290B580-9779-46BF-B3C5-C5AC7F88E141}.Debug|Any CPU.ActiveCfg = Debug|Any CPU
		{D290B580-9779-46BF-B3C5-C5AC7F88E141}.Debug|Any CPU.Build.0 = Debug|Any CPU
		{D290B580-9779-46BF-B3C5-C5AC7F88E141}.Release|Any CPU.ActiveCfg = Release|Any CPU
		{D290B580-9779-46BF-B3C5-C5AC7F88E141}.Release|Any CPU.Build.0 = Release|Any CPU
	EndGlobalSection
	GlobalSection(SolutionProperties) = preSolution
		HideSolutionNode = FALSE
	EndGlobalSection
	GlobalSection(ExtensibilityGlobals) = postSolution
		SolutionGuid = {139936B8-305E-4618-9C51-3D323BE77F3E}
	EndGlobalSection
EndGlobal
