
Microsoft Visual Studio Solution File, Format Version 12.00
# Visual Studio Version 17
VisualStudioVersion = 17.14.36717.8 d17.14
MinimumVisualStudioVersion = 10.0.40219.1
Project("{FAE04EC0-301F-11D3-BF4B-00C04F79EFBC}") = "1007", "1007.csproj", "{528A91D7-F192-4194-994F-F0CB0121560F}"
EndProject
Global
	GlobalSection(SolutionConfigurationPlatforms) = preSolution
		Debug|Any CPU = Debug|Any CPU
		Release|Any CPU = Release|Any CPU
	EndGlobalSection
	GlobalSection(ProjectConfigurationPlatforms) = postSolution
		{528A91D7-F192-4194-994F-F0CB0121560F}.Debug|Any CPU.ActiveCfg = Debug|Any CPU
		{528A91D7-F192-4194-994F-F0CB0121560F}.Debug|Any CPU.Build.0 = Debug|Any CPU
		{528A91D7-F192-4194-994F-F0CB0121560F}.Release|Any CPU.ActiveCfg = Release|Any CPU
		{528A91D7-F192-4194-994F-F0CB0121560F}.Release|Any CPU.Build.0 = Release|Any CPU
	EndGlobalSection
	GlobalSection(SolutionProperties) = preSolution
		HideSolutionNode = FALSE
	EndGlobalSection
	GlobalSection(ExtensibilityGlobals) = postSolution
		SolutionGuid = {CF50EDF6-EB00-47F2-9C95-5DB48E759FE3}
	EndGlobalSection
EndGlobal
