
Microsoft Visual Studio Solution File, Format Version 12.00
# Visual Studio Version 17
VisualStudioVersion = 17.14.36717.8 d17.14
MinimumVisualStudioVersion = 10.0.40219.1
Project("{FAE04EC0-301F-11D3-BF4B-00C04F79EFBC}") = "0849", "0849.csproj", "{C84D1426-0F8B-46BF-BF0E-5BAD28207718}"
EndProject
Global
	GlobalSection(SolutionConfigurationPlatforms) = preSolution
		Debug|Any CPU = Debug|Any CPU
		Release|Any CPU = Release|Any CPU
	EndGlobalSection
	GlobalSection(ProjectConfigurationPlatforms) = postSolution
		{C84D1426-0F8B-46BF-BF0E-5BAD28207718}.Debug|Any CPU.ActiveCfg = Debug|Any CPU
		{C84D1426-0F8B-46BF-BF0E-5BAD28207718}.Debug|Any CPU.Build.0 = Debug|Any CPU
		{C84D1426-0F8B-46BF-BF0E-5BAD28207718}.Release|Any CPU.ActiveCfg = Release|Any CPU
		{C84D1426-0F8B-46BF-BF0E-5BAD28207718}.Release|Any CPU.Build.0 = Release|Any CPU
	EndGlobalSection
	GlobalSection(SolutionProperties) = preSolution
		HideSolutionNode = FALSE
	EndGlobalSection
	GlobalSection(ExtensibilityGlobals) = postSolution
		SolutionGuid = {78F3FEF5-6DCF-4ACE-8E78-DFC596FE07CE}
	EndGlobalSection
EndGlobal
