
Microsoft Visual Studio Solution File, Format Version 12.00
# Visual Studio Version 17
VisualStudioVersion = 17.14.36603.0 d17.14
MinimumVisualStudioVersion = 10.0.40219.1
Project("{FAE04EC0-301F-11D3-BF4B-00C04F79EFBC}") = "0457", "0457.csproj", "{47055411-305D-4A21-923A-97891B79A527}"
EndProject
Global
	GlobalSection(SolutionConfigurationPlatforms) = preSolution
		Debug|Any CPU = Debug|Any CPU
		Release|Any CPU = Release|Any CPU
	EndGlobalSection
	GlobalSection(ProjectConfigurationPlatforms) = postSolution
		{47055411-305D-4A21-923A-97891B79A527}.Debug|Any CPU.ActiveCfg = Debug|Any CPU
		{47055411-305D-4A21-923A-97891B79A527}.Debug|Any CPU.Build.0 = Debug|Any CPU
		{47055411-305D-4A21-923A-97891B79A527}.Release|Any CPU.ActiveCfg = Release|Any CPU
		{47055411-305D-4A21-923A-97891B79A527}.Release|Any CPU.Build.0 = Release|Any CPU
	EndGlobalSection
	GlobalSection(SolutionProperties) = preSolution
		HideSolutionNode = FALSE
	EndGlobalSection
	GlobalSection(ExtensibilityGlobals) = postSolution
		SolutionGuid = {18D47046-EB99-4E63-A1CF-6A47D69B2CEE}
	EndGlobalSection
EndGlobal
