
Microsoft Visual Studio Solution File, Format Version 12.00
# Visual Studio Version 17
VisualStudioVersion = 17.14.36717.8 d17.14
MinimumVisualStudioVersion = 10.0.40219.1
Project("{FAE04EC0-301F-11D3-BF4B-00C04F79EFBC}") = "0917", "0917.csproj", "{67BE7B35-7A4D-4123-B14F-D6FAF7A6775B}"
EndProject
Global
	GlobalSection(SolutionConfigurationPlatforms) = preSolution
		Debug|Any CPU = Debug|Any CPU
		Release|Any CPU = Release|Any CPU
	EndGlobalSection
	GlobalSection(ProjectConfigurationPlatforms) = postSolution
		{67BE7B35-7A4D-4123-B14F-D6FAF7A6775B}.Debug|Any CPU.ActiveCfg = Debug|Any CPU
		{67BE7B35-7A4D-4123-B14F-D6FAF7A6775B}.Debug|Any CPU.Build.0 = Debug|Any CPU
		{67BE7B35-7A4D-4123-B14F-D6FAF7A6775B}.Release|Any CPU.ActiveCfg = Release|Any CPU
		{67BE7B35-7A4D-4123-B14F-D6FAF7A6775B}.Release|Any CPU.Build.0 = Release|Any CPU
	EndGlobalSection
	GlobalSection(SolutionProperties) = preSolution
		HideSolutionNode = FALSE
	EndGlobalSection
	GlobalSection(ExtensibilityGlobals) = postSolution
		SolutionGuid = {3F490800-A049-4500-9256-C4BDEE5A50E1}
	EndGlobalSection
EndGlobal
