
Microsoft Visual Studio Solution File, Format Version 12.00
# Visual Studio Version 17
VisualStudioVersion = 17.14.36603.0 d17.14
MinimumVisualStudioVersion = 10.0.40219.1
Project("{FAE04EC0-301F-11D3-BF4B-00C04F79EFBC}") = "0278", "0278.csproj", "{1B05BF96-ADBF-4D61-8792-AA8B8B5E393C}"
EndProject
Global
	GlobalSection(SolutionConfigurationPlatforms) = preSolution
		Debug|Any CPU = Debug|Any CPU
		Release|Any CPU = Release|Any CPU
	EndGlobalSection
	GlobalSection(ProjectConfigurationPlatforms) = postSolution
		{1B05BF96-ADBF-4D61-8792-AA8B8B5E393C}.Debug|Any CPU.ActiveCfg = Debug|Any CPU
		{1B05BF96-ADBF-4D61-8792-AA8B8B5E393C}.Debug|Any CPU.Build.0 = Debug|Any CPU
		{1B05BF96-ADBF-4D61-8792-AA8B8B5E393C}.Release|Any CPU.ActiveCfg = Release|Any CPU
		{1B05BF96-ADBF-4D61-8792-AA8B8B5E393C}.Release|Any CPU.Build.0 = Release|Any CPU
	EndGlobalSection
	GlobalSection(SolutionProperties) = preSolution
		HideSolutionNode = FALSE
	EndGlobalSection
	GlobalSection(ExtensibilityGlobals) = postSolution
		SolutionGuid = {F70F7C0E-5430-4389-9988-7ADE9971A049}
	EndGlobalSection
EndGlobal
