
Microsoft Visual Studio Solution File, Format Version 12.00
# Visual Studio Version 17
VisualStudioVersion = 17.14.36429.23 d17.14
MinimumVisualStudioVersion = 10.0.40219.1
Project("{FAE04EC0-301F-11D3-BF4B-00C04F79EFBC}") = "0105", "0105.csproj", "{20076959-6D9F-4E27-902C-71E3C6556FE8}"
EndProject
Global
	GlobalSection(SolutionConfigurationPlatforms) = preSolution
		Debug|Any CPU = Debug|Any CPU
		Release|Any CPU = Release|Any CPU
	EndGlobalSection
	GlobalSection(ProjectConfigurationPlatforms) = postSolution
		{20076959-6D9F-4E27-902C-71E3C6556FE8}.Debug|Any CPU.ActiveCfg = Debug|Any CPU
		{20076959-6D9F-4E27-902C-71E3C6556FE8}.Debug|Any CPU.Build.0 = Debug|Any CPU
		{20076959-6D9F-4E27-902C-71E3C6556FE8}.Release|Any CPU.ActiveCfg = Release|Any CPU
		{20076959-6D9F-4E27-902C-71E3C6556FE8}.Release|Any CPU.Build.0 = Release|Any CPU
	EndGlobalSection
	GlobalSection(SolutionProperties) = preSolution
		HideSolutionNode = FALSE
	EndGlobalSection
	GlobalSection(ExtensibilityGlobals) = postSolution
		SolutionGuid = {373C79BC-C670-4C91-B15C-323031BC24E3}
	EndGlobalSection
EndGlobal
