
Microsoft Visual Studio Solution File, Format Version 12.00
# Visual Studio Version 17
VisualStudioVersion = 17.14.36717.8 d17.14
MinimumVisualStudioVersion = 10.0.40219.1
Project("{FAE04EC0-301F-11D3-BF4B-00C04F79EFBC}") = "1198", "1198.csproj", "{193D67DE-854B-42ED-94AF-250F2F5AA2CE}"
EndProject
Global
	GlobalSection(SolutionConfigurationPlatforms) = preSolution
		Debug|Any CPU = Debug|Any CPU
		Release|Any CPU = Release|Any CPU
	EndGlobalSection
	GlobalSection(ProjectConfigurationPlatforms) = postSolution
		{193D67DE-854B-42ED-94AF-250F2F5AA2CE}.Debug|Any CPU.ActiveCfg = Debug|Any CPU
		{193D67DE-854B-42ED-94AF-250F2F5AA2CE}.Debug|Any CPU.Build.0 = Debug|Any CPU
		{193D67DE-854B-42ED-94AF-250F2F5AA2CE}.Release|Any CPU.ActiveCfg = Release|Any CPU
		{193D67DE-854B-42ED-94AF-250F2F5AA2CE}.Release|Any CPU.Build.0 = Release|Any CPU
	EndGlobalSection
	GlobalSection(SolutionProperties) = preSolution
		HideSolutionNode = FALSE
	EndGlobalSection
	GlobalSection(ExtensibilityGlobals) = postSolution
		SolutionGuid = {B989FC1A-3669-4346-831A-A216C5CA711D}
	EndGlobalSection
EndGlobal
