
Microsoft Visual Studio Solution File, Format Version 12.00
# Visual Studio Version 17
VisualStudioVersion = 17.14.36603.0 d17.14
MinimumVisualStudioVersion = 10.0.40219.1
Project("{FAE04EC0-301F-11D3-BF4B-00C04F79EFBC}") = "0743", "0743.csproj", "{CC7DD0A7-5140-4065-8ED3-F5E1354BAC4B}"
EndProject
Global
	GlobalSection(SolutionConfigurationPlatforms) = preSolution
		Debug|Any CPU = Debug|Any CPU
		Release|Any CPU = Release|Any CPU
	EndGlobalSection
	GlobalSection(ProjectConfigurationPlatforms) = postSolution
		{CC7DD0A7-5140-4065-8ED3-F5E1354BAC4B}.Debug|Any CPU.ActiveCfg = Debug|Any CPU
		{CC7DD0A7-5140-4065-8ED3-F5E1354BAC4B}.Debug|Any CPU.Build.0 = Debug|Any CPU
		{CC7DD0A7-5140-4065-8ED3-F5E1354BAC4B}.Release|Any CPU.ActiveCfg = Release|Any CPU
		{CC7DD0A7-5140-4065-8ED3-F5E1354BAC4B}.Release|Any CPU.Build.0 = Release|Any CPU
	EndGlobalSection
	GlobalSection(SolutionProperties) = preSolution
		HideSolutionNode = FALSE
	EndGlobalSection
	GlobalSection(ExtensibilityGlobals) = postSolution
		SolutionGuid = {DAF25F2E-C732-4CE9-BF23-1F8C94B33363}
	EndGlobalSection
EndGlobal
