
Microsoft Visual Studio Solution File, Format Version 12.00
# Visual Studio Version 17
VisualStudioVersion = 17.14.36603.0 d17.14
MinimumVisualStudioVersion = 10.0.40219.1
Project("{FAE04EC0-301F-11D3-BF4B-00C04F79EFBC}") = "0584", "0584.csproj", "{EB7691CE-2B64-437C-9BFC-D55BF36D792A}"
EndProject
Global
	GlobalSection(SolutionConfigurationPlatforms) = preSolution
		Debug|Any CPU = Debug|Any CPU
		Release|Any CPU = Release|Any CPU
	EndGlobalSection
	GlobalSection(ProjectConfigurationPlatforms) = postSolution
		{EB7691CE-2B64-437C-9BFC-D55BF36D792A}.Debug|Any CPU.ActiveCfg = Debug|Any CPU
		{EB7691CE-2B64-437C-9BFC-D55BF36D792A}.Debug|Any CPU.Build.0 = Debug|Any CPU
		{EB7691CE-2B64-437C-9BFC-D55BF36D792A}.Release|Any CPU.ActiveCfg = Release|Any CPU
		{EB7691CE-2B64-437C-9BFC-D55BF36D792A}.Release|Any CPU.Build.0 = Release|Any CPU
	EndGlobalSection
	GlobalSection(SolutionProperties) = preSolution
		HideSolutionNode = FALSE
	EndGlobalSection
	GlobalSection(ExtensibilityGlobals) = postSolution
		SolutionGuid = {ED8F8435-F859-4AAD-B73B-D39E9A5723FB}
	EndGlobalSection
EndGlobal
