
Microsoft Visual Studio Solution File, Format Version 12.00
# Visual Studio Version 17
VisualStudioVersion = 17.14.36603.0 d17.14
MinimumVisualStudioVersion = 10.0.40219.1
Project("{FAE04EC0-301F-11D3-BF4B-00C04F79EFBC}") = "0682", "0682.csproj", "{9204C046-846D-4848-9008-8984908061D9}"
EndProject
Global
	GlobalSection(SolutionConfigurationPlatforms) = preSolution
		Debug|Any CPU = Debug|Any CPU
		Release|Any CPU = Release|Any CPU
	EndGlobalSection
	GlobalSection(ProjectConfigurationPlatforms) = postSolution
		{9204C046-846D-4848-9008-8984908061D9}.Debug|Any CPU.ActiveCfg = Debug|Any CPU
		{9204C046-846D-4848-9008-8984908061D9}.Debug|Any CPU.Build.0 = Debug|Any CPU
		{9204C046-846D-4848-9008-8984908061D9}.Release|Any CPU.ActiveCfg = Release|Any CPU
		{9204C046-846D-4848-9008-8984908061D9}.Release|Any CPU.Build.0 = Release|Any CPU
	EndGlobalSection
	GlobalSection(SolutionProperties) = preSolution
		HideSolutionNode = FALSE
	EndGlobalSection
	GlobalSection(ExtensibilityGlobals) = postSolution
		SolutionGuid = {F9355D54-5A56-4D4C-9B45-411C48A1DE4B}
	EndGlobalSection
EndGlobal
