
Microsoft Visual Studio Solution File, Format Version 12.00
# Visual Studio Version 17
VisualStudioVersion = 17.14.36429.23 d17.14
MinimumVisualStudioVersion = 10.0.40219.1
Project("{FAE04EC0-301F-11D3-BF4B-00C04F79EFBC}") = "0053", "0053.csproj", "{5008B673-288A-484F-A2C3-CE776BA55B96}"
EndProject
Global
	GlobalSection(SolutionConfigurationPlatforms) = preSolution
		Debug|Any CPU = Debug|Any CPU
		Release|Any CPU = Release|Any CPU
	EndGlobalSection
	GlobalSection(ProjectConfigurationPlatforms) = postSolution
		{5008B673-288A-484F-A2C3-CE776BA55B96}.Debug|Any CPU.ActiveCfg = Debug|Any CPU
		{5008B673-288A-484F-A2C3-CE776BA55B96}.Debug|Any CPU.Build.0 = Debug|Any CPU
		{5008B673-288A-484F-A2C3-CE776BA55B96}.Release|Any CPU.ActiveCfg = Release|Any CPU
		{5008B673-288A-484F-A2C3-CE776BA55B96}.Release|Any CPU.Build.0 = Release|Any CPU
	EndGlobalSection
	GlobalSection(SolutionProperties) = preSolution
		HideSolutionNode = FALSE
	EndGlobalSection
	GlobalSection(ExtensibilityGlobals) = postSolution
		SolutionGuid = {169D380D-7A66-481A-BB48-0B49DBD5B317}
	EndGlobalSection
EndGlobal
