
Microsoft Visual Studio Solution File, Format Version 12.00
# Visual Studio Version 17
VisualStudioVersion = 17.14.36603.0 d17.14
MinimumVisualStudioVersion = 10.0.40219.1
Project("{FAE04EC0-301F-11D3-BF4B-00C04F79EFBC}") = "0306", "0306.csproj", "{C338E76C-D0A3-4EA6-8477-879F7073AC4E}"
EndProject
Global
	GlobalSection(SolutionConfigurationPlatforms) = preSolution
		Debug|Any CPU = Debug|Any CPU
		Release|Any CPU = Release|Any CPU
	EndGlobalSection
	GlobalSection(ProjectConfigurationPlatforms) = postSolution
		{C338E76C-D0A3-4EA6-8477-879F7073AC4E}.Debug|Any CPU.ActiveCfg = Debug|Any CPU
		{C338E76C-D0A3-4EA6-8477-879F7073AC4E}.Debug|Any CPU.Build.0 = Debug|Any CPU
		{C338E76C-D0A3-4EA6-8477-879F7073AC4E}.Release|Any CPU.ActiveCfg = Release|Any CPU
		{C338E76C-D0A3-4EA6-8477-879F7073AC4E}.Release|Any CPU.Build.0 = Release|Any CPU
	EndGlobalSection
	GlobalSection(SolutionProperties) = preSolution
		HideSolutionNode = FALSE
	EndGlobalSection
	GlobalSection(ExtensibilityGlobals) = postSolution
		SolutionGuid = {250CC92D-40DA-4B5F-855F-24B0E54DB6B6}
	EndGlobalSection
EndGlobal
