
Microsoft Visual Studio Solution File, Format Version 12.00
# Visual Studio Version 17
VisualStudioVersion = 17.14.36717.8 d17.14
MinimumVisualStudioVersion = 10.0.40219.1
Project("{FAE04EC0-301F-11D3-BF4B-00C04F79EFBC}") = "1159", "1159.csproj", "{EF64F123-6CD1-4DDB-965C-6B83F38FE54E}"
EndProject
Global
	GlobalSection(SolutionConfigurationPlatforms) = preSolution
		Debug|Any CPU = Debug|Any CPU
		Release|Any CPU = Release|Any CPU
	EndGlobalSection
	GlobalSection(ProjectConfigurationPlatforms) = postSolution
		{EF64F123-6CD1-4DDB-965C-6B83F38FE54E}.Debug|Any CPU.ActiveCfg = Debug|Any CPU
		{EF64F123-6CD1-4DDB-965C-6B83F38FE54E}.Debug|Any CPU.Build.0 = Debug|Any CPU
		{EF64F123-6CD1-4DDB-965C-6B83F38FE54E}.Release|Any CPU.ActiveCfg = Release|Any CPU
		{EF64F123-6CD1-4DDB-965C-6B83F38FE54E}.Release|Any CPU.Build.0 = Release|Any CPU
	EndGlobalSection
	GlobalSection(SolutionProperties) = preSolution
		HideSolutionNode = FALSE
	EndGlobalSection
	GlobalSection(ExtensibilityGlobals) = postSolution
		SolutionGuid = {BB8B9C46-5C09-4763-9DAD-4BB726BB47ED}
	EndGlobalSection
EndGlobal
