
Microsoft Visual Studio Solution File, Format Version 12.00
# Visual Studio Version 17
VisualStudioVersion = 17.14.36603.0 d17.14
MinimumVisualStudioVersion = 10.0.40219.1
Project("{FAE04EC0-301F-11D3-BF4B-00C04F79EFBC}") = "0790", "0790.csproj", "{DDEF5BF1-614E-470B-93C6-4DB1992BCBB4}"
EndProject
Global
	GlobalSection(SolutionConfigurationPlatforms) = preSolution
		Debug|Any CPU = Debug|Any CPU
		Release|Any CPU = Release|Any CPU
	EndGlobalSection
	GlobalSection(ProjectConfigurationPlatforms) = postSolution
		{DDEF5BF1-614E-470B-93C6-4DB1992BCBB4}.Debug|Any CPU.ActiveCfg = Debug|Any CPU
		{DDEF5BF1-614E-470B-93C6-4DB1992BCBB4}.Debug|Any CPU.Build.0 = Debug|Any CPU
		{DDEF5BF1-614E-470B-93C6-4DB1992BCBB4}.Release|Any CPU.ActiveCfg = Release|Any CPU
		{DDEF5BF1-614E-470B-93C6-4DB1992BCBB4}.Release|Any CPU.Build.0 = Release|Any CPU
	EndGlobalSection
	GlobalSection(SolutionProperties) = preSolution
		HideSolutionNode = FALSE
	EndGlobalSection
	GlobalSection(ExtensibilityGlobals) = postSolution
		SolutionGuid = {CB23714B-6D0F-420E-B36B-924D4DA8E824}
	EndGlobalSection
EndGlobal
