
Microsoft Visual Studio Solution File, Format Version 12.00
# Visual Studio Version 17
VisualStudioVersion = 17.14.36603.0 d17.14
MinimumVisualStudioVersion = 10.0.40219.1
Project("{FAE04EC0-301F-11D3-BF4B-00C04F79EFBC}") = "0287", "0287.csproj", "{A16EDE08-66EF-4365-82DE-93555544C3DD}"
EndProject
Global
	GlobalSection(SolutionConfigurationPlatforms) = preSolution
		Debug|Any CPU = Debug|Any CPU
		Release|Any CPU = Release|Any CPU
	EndGlobalSection
	GlobalSection(ProjectConfigurationPlatforms) = postSolution
		{A16EDE08-66EF-4365-82DE-93555544C3DD}.Debug|Any CPU.ActiveCfg = Debug|Any CPU
		{A16EDE08-66EF-4365-82DE-93555544C3DD}.Debug|Any CPU.Build.0 = Debug|Any CPU
		{A16EDE08-66EF-4365-82DE-93555544C3DD}.Release|Any CPU.ActiveCfg = Release|Any CPU
		{A16EDE08-66EF-4365-82DE-93555544C3DD}.Release|Any CPU.Build.0 = Release|Any CPU
	EndGlobalSection
	GlobalSection(SolutionProperties) = preSolution
		HideSolutionNode = FALSE
	EndGlobalSection
	GlobalSection(ExtensibilityGlobals) = postSolution
		SolutionGuid = {352E5953-B1AD-4C15-AAD0-78E1FC1B136A}
	EndGlobalSection
EndGlobal
