
Microsoft Visual Studio Solution File, Format Version 12.00
# Visual Studio Version 17
VisualStudioVersion = 17.14.36603.0 d17.14
MinimumVisualStudioVersion = 10.0.40219.1
Project("{FAE04EC0-301F-11D3-BF4B-00C04F79EFBC}") = "0263", "0263.csproj", "{429CBF4A-7EA8-4020-B90E-F2E07B23EACC}"
EndProject
Global
	GlobalSection(SolutionConfigurationPlatforms) = preSolution
		Debug|Any CPU = Debug|Any CPU
		Release|Any CPU = Release|Any CPU
	EndGlobalSection
	GlobalSection(ProjectConfigurationPlatforms) = postSolution
		{429CBF4A-7EA8-4020-B90E-F2E07B23EACC}.Debug|Any CPU.ActiveCfg = Debug|Any CPU
		{429CBF4A-7EA8-4020-B90E-F2E07B23EACC}.Debug|Any CPU.Build.0 = Debug|Any CPU
		{429CBF4A-7EA8-4020-B90E-F2E07B23EACC}.Release|Any CPU.ActiveCfg = Release|Any CPU
		{429CBF4A-7EA8-4020-B90E-F2E07B23EACC}.Release|Any CPU.Build.0 = Release|Any CPU
	EndGlobalSection
	GlobalSection(SolutionProperties) = preSolution
		HideSolutionNode = FALSE
	EndGlobalSection
	GlobalSection(ExtensibilityGlobals) = postSolution
		SolutionGuid = {AB1F3452-A4A3-40CE-A9F3-F1FA4A84F58D}
	EndGlobalSection
EndGlobal
