
Microsoft Visual Studio Solution File, Format Version 12.00
# Visual Studio Version 17
VisualStudioVersion = 17.14.36603.0 d17.14
MinimumVisualStudioVersion = 10.0.40219.1
Project("{FAE04EC0-301F-11D3-BF4B-00C04F79EFBC}") = "0742", "0742.csproj", "{DDFB89AC-51DF-428F-A45A-DDBC1B4A37D2}"
EndProject
Global
	GlobalSection(SolutionConfigurationPlatforms) = preSolution
		Debug|Any CPU = Debug|Any CPU
		Release|Any CPU = Release|Any CPU
	EndGlobalSection
	GlobalSection(ProjectConfigurationPlatforms) = postSolution
		{DDFB89AC-51DF-428F-A45A-DDBC1B4A37D2}.Debug|Any CPU.ActiveCfg = Debug|Any CPU
		{DDFB89AC-51DF-428F-A45A-DDBC1B4A37D2}.Debug|Any CPU.Build.0 = Debug|Any CPU
		{DDFB89AC-51DF-428F-A45A-DDBC1B4A37D2}.Release|Any CPU.ActiveCfg = Release|Any CPU
		{DDFB89AC-51DF-428F-A45A-DDBC1B4A37D2}.Release|Any CPU.Build.0 = Release|Any CPU
	EndGlobalSection
	GlobalSection(SolutionProperties) = preSolution
		HideSolutionNode = FALSE
	EndGlobalSection
	GlobalSection(ExtensibilityGlobals) = postSolution
		SolutionGuid = {5D8E5A38-05BD-4947-81C0-CFDB7EAF0EC4}
	EndGlobalSection
EndGlobal
