
Microsoft Visual Studio Solution File, Format Version 12.00
# Visual Studio Version 17
VisualStudioVersion = 17.14.36603.0 d17.14
MinimumVisualStudioVersion = 10.0.40219.1
Project("{FAE04EC0-301F-11D3-BF4B-00C04F79EFBC}") = "0483", "0483.csproj", "{F43AFC93-7F0A-430F-92AF-E7EDF549FDAD}"
EndProject
Global
	GlobalSection(SolutionConfigurationPlatforms) = preSolution
		Debug|Any CPU = Debug|Any CPU
		Release|Any CPU = Release|Any CPU
	EndGlobalSection
	GlobalSection(ProjectConfigurationPlatforms) = postSolution
		{F43AFC93-7F0A-430F-92AF-E7EDF549FDAD}.Debug|Any CPU.ActiveCfg = Debug|Any CPU
		{F43AFC93-7F0A-430F-92AF-E7EDF549FDAD}.Debug|Any CPU.Build.0 = Debug|Any CPU
		{F43AFC93-7F0A-430F-92AF-E7EDF549FDAD}.Release|Any CPU.ActiveCfg = Release|Any CPU
		{F43AFC93-7F0A-430F-92AF-E7EDF549FDAD}.Release|Any CPU.Build.0 = Release|Any CPU
	EndGlobalSection
	GlobalSection(SolutionProperties) = preSolution
		HideSolutionNode = FALSE
	EndGlobalSection
	GlobalSection(ExtensibilityGlobals) = postSolution
		SolutionGuid = {AA142EF0-F628-4E1D-882E-821D15E00A3C}
	EndGlobalSection
EndGlobal
