
Microsoft Visual Studio Solution File, Format Version 12.00
# Visual Studio Version 17
VisualStudioVersion = 17.14.36717.8 d17.14
MinimumVisualStudioVersion = 10.0.40219.1
Project("{FAE04EC0-301F-11D3-BF4B-00C04F79EFBC}") = "1221", "1221.csproj", "{EB1E738B-6300-4528-99D1-2F7F456F472C}"
EndProject
Global
	GlobalSection(SolutionConfigurationPlatforms) = preSolution
		Debug|Any CPU = Debug|Any CPU
		Release|Any CPU = Release|Any CPU
	EndGlobalSection
	GlobalSection(ProjectConfigurationPlatforms) = postSolution
		{EB1E738B-6300-4528-99D1-2F7F456F472C}.Debug|Any CPU.ActiveCfg = Debug|Any CPU
		{EB1E738B-6300-4528-99D1-2F7F456F472C}.Debug|Any CPU.Build.0 = Debug|Any CPU
		{EB1E738B-6300-4528-99D1-2F7F456F472C}.Release|Any CPU.ActiveCfg = Release|Any CPU
		{EB1E738B-6300-4528-99D1-2F7F456F472C}.Release|Any CPU.Build.0 = Release|Any CPU
	EndGlobalSection
	GlobalSection(SolutionProperties) = preSolution
		HideSolutionNode = FALSE
	EndGlobalSection
	GlobalSection(ExtensibilityGlobals) = postSolution
		SolutionGuid = {B4486AA1-D6EA-4BFD-BA8B-6FD1BCC0D63F}
	EndGlobalSection
EndGlobal
