
Microsoft Visual Studio Solution File, Format Version 12.00
# Visual Studio Version 17
VisualStudioVersion = 17.14.36429.23 d17.14
MinimumVisualStudioVersion = 10.0.40219.1
Project("{FAE04EC0-301F-11D3-BF4B-00C04F79EFBC}") = "0006", "0006.csproj", "{4AB38392-C970-44FE-9F00-088F73AFED83}"
EndProject
Global
	GlobalSection(SolutionConfigurationPlatforms) = preSolution
		Debug|Any CPU = Debug|Any CPU
		Release|Any CPU = Release|Any CPU
	EndGlobalSection
	GlobalSection(ProjectConfigurationPlatforms) = postSolution
		{4AB38392-C970-44FE-9F00-088F73AFED83}.Debug|Any CPU.ActiveCfg = Debug|Any CPU
		{4AB38392-C970-44FE-9F00-088F73AFED83}.Debug|Any CPU.Build.0 = Debug|Any CPU
		{4AB38392-C970-44FE-9F00-088F73AFED83}.Release|Any CPU.ActiveCfg = Release|Any CPU
		{4AB38392-C970-44FE-9F00-088F73AFED83}.Release|Any CPU.Build.0 = Release|Any CPU
	EndGlobalSection
	GlobalSection(SolutionProperties) = preSolution
		HideSolutionNode = FALSE
	EndGlobalSection
	GlobalSection(ExtensibilityGlobals) = postSolution
		SolutionGuid = {76F65D96-775A-44AB-A9B5-315AFE8AA3F1}
	EndGlobalSection
EndGlobal
