
Microsoft Visual Studio Solution File, Format Version 12.00
# Visual Studio Version 17
VisualStudioVersion = 17.14.36603.0 d17.14
MinimumVisualStudioVersion = 10.0.40219.1
Project("{FAE04EC0-301F-11D3-BF4B-00C04F79EFBC}") = "0305", "0305.csproj", "{01841442-7565-4734-B4AC-FB9391574418}"
EndProject
Global
	GlobalSection(SolutionConfigurationPlatforms) = preSolution
		Debug|Any CPU = Debug|Any CPU
		Release|Any CPU = Release|Any CPU
	EndGlobalSection
	GlobalSection(ProjectConfigurationPlatforms) = postSolution
		{01841442-7565-4734-B4AC-FB9391574418}.Debug|Any CPU.ActiveCfg = Debug|Any CPU
		{01841442-7565-4734-B4AC-FB9391574418}.Debug|Any CPU.Build.0 = Debug|Any CPU
		{01841442-7565-4734-B4AC-FB9391574418}.Release|Any CPU.ActiveCfg = Release|Any CPU
		{01841442-7565-4734-B4AC-FB9391574418}.Release|Any CPU.Build.0 = Release|Any CPU
	EndGlobalSection
	GlobalSection(SolutionProperties) = preSolution
		HideSolutionNode = FALSE
	EndGlobalSection
	GlobalSection(ExtensibilityGlobals) = postSolution
		SolutionGuid = {944F2FB3-B336-4D5C-9C4A-5967FFAEAAA2}
	EndGlobalSection
EndGlobal
