
Microsoft Visual Studio Solution File, Format Version 12.00
# Visual Studio Version 17
VisualStudioVersion = 17.14.36603.0 d17.14
MinimumVisualStudioVersion = 10.0.40219.1
Project("{FAE04EC0-301F-11D3-BF4B-00C04F79EFBC}") = "0334", "0334.csproj", "{2314239C-BE05-4CFB-AAEC-1A28A896163C}"
EndProject
Global
	GlobalSection(SolutionConfigurationPlatforms) = preSolution
		Debug|Any CPU = Debug|Any CPU
		Release|Any CPU = Release|Any CPU
	EndGlobalSection
	GlobalSection(ProjectConfigurationPlatforms) = postSolution
		{2314239C-BE05-4CFB-AAEC-1A28A896163C}.Debug|Any CPU.ActiveCfg = Debug|Any CPU
		{2314239C-BE05-4CFB-AAEC-1A28A896163C}.Debug|Any CPU.Build.0 = Debug|Any CPU
		{2314239C-BE05-4CFB-AAEC-1A28A896163C}.Release|Any CPU.ActiveCfg = Release|Any CPU
		{2314239C-BE05-4CFB-AAEC-1A28A896163C}.Release|Any CPU.Build.0 = Release|Any CPU
	EndGlobalSection
	GlobalSection(SolutionProperties) = preSolution
		HideSolutionNode = FALSE
	EndGlobalSection
	GlobalSection(ExtensibilityGlobals) = postSolution
		SolutionGuid = {038BA2B7-787E-4D4F-87A6-B30F83F6E215}
	EndGlobalSection
EndGlobal
