
Microsoft Visual Studio Solution File, Format Version 12.00
# Visual Studio Version 17
VisualStudioVersion = 17.14.36717.8 d17.14
MinimumVisualStudioVersion = 10.0.40219.1
Project("{FAE04EC0-301F-11D3-BF4B-00C04F79EFBC}") = "1066", "1066.csproj", "{5C5AA9C0-4BD6-45DB-8CB7-3A606BE7CFC4}"
EndProject
Global
	GlobalSection(SolutionConfigurationPlatforms) = preSolution
		Debug|Any CPU = Debug|Any CPU
		Release|Any CPU = Release|Any CPU
	EndGlobalSection
	GlobalSection(ProjectConfigurationPlatforms) = postSolution
		{5C5AA9C0-4BD6-45DB-8CB7-3A606BE7CFC4}.Debug|Any CPU.ActiveCfg = Debug|Any CPU
		{5C5AA9C0-4BD6-45DB-8CB7-3A606BE7CFC4}.Debug|Any CPU.Build.0 = Debug|Any CPU
		{5C5AA9C0-4BD6-45DB-8CB7-3A606BE7CFC4}.Release|Any CPU.ActiveCfg = Release|Any CPU
		{5C5AA9C0-4BD6-45DB-8CB7-3A606BE7CFC4}.Release|Any CPU.Build.0 = Release|Any CPU
	EndGlobalSection
	GlobalSection(SolutionProperties) = preSolution
		HideSolutionNode = FALSE
	EndGlobalSection
	GlobalSection(ExtensibilityGlobals) = postSolution
		SolutionGuid = {7F5CA2DE-F762-4FD3-A913-B3EAFC14897E}
	EndGlobalSection
EndGlobal
