
Microsoft Visual Studio Solution File, Format Version 12.00
# Visual Studio Version 17
VisualStudioVersion = 17.14.36603.0 d17.14
MinimumVisualStudioVersion = 10.0.40219.1
Project("{FAE04EC0-301F-11D3-BF4B-00C04F79EFBC}") = "0643", "0643.csproj", "{75EE9062-3433-43D8-924B-0EA798368CE9}"
EndProject
Global
	GlobalSection(SolutionConfigurationPlatforms) = preSolution
		Debug|Any CPU = Debug|Any CPU
		Release|Any CPU = Release|Any CPU
	EndGlobalSection
	GlobalSection(ProjectConfigurationPlatforms) = postSolution
		{75EE9062-3433-43D8-924B-0EA798368CE9}.Debug|Any CPU.ActiveCfg = Debug|Any CPU
		{75EE9062-3433-43D8-924B-0EA798368CE9}.Debug|Any CPU.Build.0 = Debug|Any CPU
		{75EE9062-3433-43D8-924B-0EA798368CE9}.Release|Any CPU.ActiveCfg = Release|Any CPU
		{75EE9062-3433-43D8-924B-0EA798368CE9}.Release|Any CPU.Build.0 = Release|Any CPU
	EndGlobalSection
	GlobalSection(SolutionProperties) = preSolution
		HideSolutionNode = FALSE
	EndGlobalSection
	GlobalSection(ExtensibilityGlobals) = postSolution
		SolutionGuid = {A584CB37-E919-4BF6-A207-71D32001E61F}
	EndGlobalSection
EndGlobal
