
Microsoft Visual Studio Solution File, Format Version 12.00
# Visual Studio Version 17
VisualStudioVersion = 17.14.36603.0 d17.14
MinimumVisualStudioVersion = 10.0.40219.1
Project("{FAE04EC0-301F-11D3-BF4B-00C04F79EFBC}") = "0573", "0573.csproj", "{7F5DD95B-0CF1-4F2D-82A1-D1083A9C4B5B}"
EndProject
Global
	GlobalSection(SolutionConfigurationPlatforms) = preSolution
		Debug|Any CPU = Debug|Any CPU
		Release|Any CPU = Release|Any CPU
	EndGlobalSection
	GlobalSection(ProjectConfigurationPlatforms) = postSolution
		{7F5DD95B-0CF1-4F2D-82A1-D1083A9C4B5B}.Debug|Any CPU.ActiveCfg = Debug|Any CPU
		{7F5DD95B-0CF1-4F2D-82A1-D1083A9C4B5B}.Debug|Any CPU.Build.0 = Debug|Any CPU
		{7F5DD95B-0CF1-4F2D-82A1-D1083A9C4B5B}.Release|Any CPU.ActiveCfg = Release|Any CPU
		{7F5DD95B-0CF1-4F2D-82A1-D1083A9C4B5B}.Release|Any CPU.Build.0 = Release|Any CPU
	EndGlobalSection
	GlobalSection(SolutionProperties) = preSolution
		HideSolutionNode = FALSE
	EndGlobalSection
	GlobalSection(ExtensibilityGlobals) = postSolution
		SolutionGuid = {45A3DCCB-1DDA-4D31-9343-5A6AF9F049FC}
	EndGlobalSection
EndGlobal
