
Microsoft Visual Studio Solution File, Format Version 12.00
# Visual Studio Version 17
VisualStudioVersion = 17.14.36603.0 d17.14
MinimumVisualStudioVersion = 10.0.40219.1
Project("{FAE04EC0-301F-11D3-BF4B-00C04F79EFBC}") = "0502", "0502.csproj", "{43F87400-6DEA-4117-87C0-B1B8BB9E38F7}"
EndProject
Global
	GlobalSection(SolutionConfigurationPlatforms) = preSolution
		Debug|Any CPU = Debug|Any CPU
		Release|Any CPU = Release|Any CPU
	EndGlobalSection
	GlobalSection(ProjectConfigurationPlatforms) = postSolution
		{43F87400-6DEA-4117-87C0-B1B8BB9E38F7}.Debug|Any CPU.ActiveCfg = Debug|Any CPU
		{43F87400-6DEA-4117-87C0-B1B8BB9E38F7}.Debug|Any CPU.Build.0 = Debug|Any CPU
		{43F87400-6DEA-4117-87C0-B1B8BB9E38F7}.Release|Any CPU.ActiveCfg = Release|Any CPU
		{43F87400-6DEA-4117-87C0-B1B8BB9E38F7}.Release|Any CPU.Build.0 = Release|Any CPU
	EndGlobalSection
	GlobalSection(SolutionProperties) = preSolution
		HideSolutionNode = FALSE
	EndGlobalSection
	GlobalSection(ExtensibilityGlobals) = postSolution
		SolutionGuid = {D8020181-4B53-428B-962E-870C7EAD7F0F}
	EndGlobalSection
EndGlobal
