
Microsoft Visual Studio Solution File, Format Version 12.00
# Visual Studio Version 17
VisualStudioVersion = 17.14.36603.0 d17.14
MinimumVisualStudioVersion = 10.0.40219.1
Project("{FAE04EC0-301F-11D3-BF4B-00C04F79EFBC}") = "0418", "0418.csproj", "{70F497CD-7CF0-4D69-85A0-F48F536E57F7}"
EndProject
Global
	GlobalSection(SolutionConfigurationPlatforms) = preSolution
		Debug|Any CPU = Debug|Any CPU
		Release|Any CPU = Release|Any CPU
	EndGlobalSection
	GlobalSection(ProjectConfigurationPlatforms) = postSolution
		{70F497CD-7CF0-4D69-85A0-F48F536E57F7}.Debug|Any CPU.ActiveCfg = Debug|Any CPU
		{70F497CD-7CF0-4D69-85A0-F48F536E57F7}.Debug|Any CPU.Build.0 = Debug|Any CPU
		{70F497CD-7CF0-4D69-85A0-F48F536E57F7}.Release|Any CPU.ActiveCfg = Release|Any CPU
		{70F497CD-7CF0-4D69-85A0-F48F536E57F7}.Release|Any CPU.Build.0 = Release|Any CPU
	EndGlobalSection
	GlobalSection(SolutionProperties) = preSolution
		HideSolutionNode = FALSE
	EndGlobalSection
	GlobalSection(ExtensibilityGlobals) = postSolution
		SolutionGuid = {ED45D96D-8CA2-408B-B583-AFF6D562EFCD}
	EndGlobalSection
EndGlobal
