
Microsoft Visual Studio Solution File, Format Version 12.00
# Visual Studio Version 17
VisualStudioVersion = 17.14.36603.0 d17.14
MinimumVisualStudioVersion = 10.0.40219.1
Project("{FAE04EC0-301F-11D3-BF4B-00C04F79EFBC}") = "0247", "0247.csproj", "{4781FCB0-313E-469F-A31D-D0E5C9EF2EA9}"
EndProject
Global
	GlobalSection(SolutionConfigurationPlatforms) = preSolution
		Debug|Any CPU = Debug|Any CPU
		Release|Any CPU = Release|Any CPU
	EndGlobalSection
	GlobalSection(ProjectConfigurationPlatforms) = postSolution
		{4781FCB0-313E-469F-A31D-D0E5C9EF2EA9}.Debug|Any CPU.ActiveCfg = Debug|Any CPU
		{4781FCB0-313E-469F-A31D-D0E5C9EF2EA9}.Debug|Any CPU.Build.0 = Debug|Any CPU
		{4781FCB0-313E-469F-A31D-D0E5C9EF2EA9}.Release|Any CPU.ActiveCfg = Release|Any CPU
		{4781FCB0-313E-469F-A31D-D0E5C9EF2EA9}.Release|Any CPU.Build.0 = Release|Any CPU
	EndGlobalSection
	GlobalSection(SolutionProperties) = preSolution
		HideSolutionNode = FALSE
	EndGlobalSection
	GlobalSection(ExtensibilityGlobals) = postSolution
		SolutionGuid = {3B16B98E-3960-4A0D-9926-4FFBE69CB6DF}
	EndGlobalSection
EndGlobal
