
Microsoft Visual Studio Solution File, Format Version 12.00
# Visual Studio Version 17
VisualStudioVersion = 17.14.36717.8 d17.14
MinimumVisualStudioVersion = 10.0.40219.1
Project("{FAE04EC0-301F-11D3-BF4B-00C04F79EFBC}") = "1167", "1167.csproj", "{3FDB5F16-7EAB-47A0-868D-E1A407E76F95}"
EndProject
Global
	GlobalSection(SolutionConfigurationPlatforms) = preSolution
		Debug|Any CPU = Debug|Any CPU
		Release|Any CPU = Release|Any CPU
	EndGlobalSection
	GlobalSection(ProjectConfigurationPlatforms) = postSolution
		{3FDB5F16-7EAB-47A0-868D-E1A407E76F95}.Debug|Any CPU.ActiveCfg = Debug|Any CPU
		{3FDB5F16-7EAB-47A0-868D-E1A407E76F95}.Debug|Any CPU.Build.0 = Debug|Any CPU
		{3FDB5F16-7EAB-47A0-868D-E1A407E76F95}.Release|Any CPU.ActiveCfg = Release|Any CPU
		{3FDB5F16-7EAB-47A0-868D-E1A407E76F95}.Release|Any CPU.Build.0 = Release|Any CPU
	EndGlobalSection
	GlobalSection(SolutionProperties) = preSolution
		HideSolutionNode = FALSE
	EndGlobalSection
	GlobalSection(ExtensibilityGlobals) = postSolution
		SolutionGuid = {15656486-8BBB-4035-B4CC-052958ED02F8}
	EndGlobalSection
EndGlobal
