
Microsoft Visual Studio Solution File, Format Version 12.00
# Visual Studio Version 17
VisualStudioVersion = 17.14.36429.23 d17.14
MinimumVisualStudioVersion = 10.0.40219.1
Project("{FAE04EC0-301F-11D3-BF4B-00C04F79EFBC}") = "0081", "0081.csproj", "{67990636-7E7E-4B30-B432-DA7C652F6114}"
EndProject
Global
	GlobalSection(SolutionConfigurationPlatforms) = preSolution
		Debug|Any CPU = Debug|Any CPU
		Release|Any CPU = Release|Any CPU
	EndGlobalSection
	GlobalSection(ProjectConfigurationPlatforms) = postSolution
		{67990636-7E7E-4B30-B432-DA7C652F6114}.Debug|Any CPU.ActiveCfg = Debug|Any CPU
		{67990636-7E7E-4B30-B432-DA7C652F6114}.Debug|Any CPU.Build.0 = Debug|Any CPU
		{67990636-7E7E-4B30-B432-DA7C652F6114}.Release|Any CPU.ActiveCfg = Release|Any CPU
		{67990636-7E7E-4B30-B432-DA7C652F6114}.Release|Any CPU.Build.0 = Release|Any CPU
	EndGlobalSection
	GlobalSection(SolutionProperties) = preSolution
		HideSolutionNode = FALSE
	EndGlobalSection
	GlobalSection(ExtensibilityGlobals) = postSolution
		SolutionGuid = {36D313AA-38AC-4C15-93C2-424916BAFF26}
	EndGlobalSection
EndGlobal
