
Microsoft Visual Studio Solution File, Format Version 12.00
# Visual Studio Version 17
VisualStudioVersion = 17.14.36717.8 d17.14
MinimumVisualStudioVersion = 10.0.40219.1
Project("{FAE04EC0-301F-11D3-BF4B-00C04F79EFBC}") = "0812", "0812.csproj", "{0F27C2DB-5ED5-4CCC-84F4-991A75B77AEC}"
EndProject
Global
	GlobalSection(SolutionConfigurationPlatforms) = preSolution
		Debug|Any CPU = Debug|Any CPU
		Release|Any CPU = Release|Any CPU
	EndGlobalSection
	GlobalSection(ProjectConfigurationPlatforms) = postSolution
		{0F27C2DB-5ED5-4CCC-84F4-991A75B77AEC}.Debug|Any CPU.ActiveCfg = Debug|Any CPU
		{0F27C2DB-5ED5-4CCC-84F4-991A75B77AEC}.Debug|Any CPU.Build.0 = Debug|Any CPU
		{0F27C2DB-5ED5-4CCC-84F4-991A75B77AEC}.Release|Any CPU.ActiveCfg = Release|Any CPU
		{0F27C2DB-5ED5-4CCC-84F4-991A75B77AEC}.Release|Any CPU.Build.0 = Release|Any CPU
	EndGlobalSection
	GlobalSection(SolutionProperties) = preSolution
		HideSolutionNode = FALSE
	EndGlobalSection
	GlobalSection(ExtensibilityGlobals) = postSolution
		SolutionGuid = {537BD910-A7D7-4EC5-93EF-A1F8B0AA39F6}
	EndGlobalSection
EndGlobal
