
Microsoft Visual Studio Solution File, Format Version 12.00
# Visual Studio Version 17
VisualStudioVersion = 17.14.36603.0 d17.14
MinimumVisualStudioVersion = 10.0.40219.1
Project("{FAE04EC0-301F-11D3-BF4B-00C04F79EFBC}") = "0347", "0347.csproj", "{6CF80737-17ED-4705-B1C5-2DB7B97DD0B0}"
EndProject
Global
	GlobalSection(SolutionConfigurationPlatforms) = preSolution
		Debug|Any CPU = Debug|Any CPU
		Release|Any CPU = Release|Any CPU
	EndGlobalSection
	GlobalSection(ProjectConfigurationPlatforms) = postSolution
		{6CF80737-17ED-4705-B1C5-2DB7B97DD0B0}.Debug|Any CPU.ActiveCfg = Debug|Any CPU
		{6CF80737-17ED-4705-B1C5-2DB7B97DD0B0}.Debug|Any CPU.Build.0 = Debug|Any CPU
		{6CF80737-17ED-4705-B1C5-2DB7B97DD0B0}.Release|Any CPU.ActiveCfg = Release|Any CPU
		{6CF80737-17ED-4705-B1C5-2DB7B97DD0B0}.Release|Any CPU.Build.0 = Release|Any CPU
	EndGlobalSection
	GlobalSection(SolutionProperties) = preSolution
		HideSolutionNode = FALSE
	EndGlobalSection
	GlobalSection(ExtensibilityGlobals) = postSolution
		SolutionGuid = {7EE84078-06BC-4798-89F0-DD2131CEC047}
	EndGlobalSection
EndGlobal
