
Microsoft Visual Studio Solution File, Format Version 12.00
# Visual Studio Version 17
VisualStudioVersion = 17.14.36603.0 d17.14
MinimumVisualStudioVersion = 10.0.40219.1
Project("{FAE04EC0-301F-11D3-BF4B-00C04F79EFBC}") = "0253", "0253.csproj", "{C6A24746-D601-42B3-94D5-0E1995946482}"
EndProject
Global
	GlobalSection(SolutionConfigurationPlatforms) = preSolution
		Debug|Any CPU = Debug|Any CPU
		Release|Any CPU = Release|Any CPU
	EndGlobalSection
	GlobalSection(ProjectConfigurationPlatforms) = postSolution
		{C6A24746-D601-42B3-94D5-0E1995946482}.Debug|Any CPU.ActiveCfg = Debug|Any CPU
		{C6A24746-D601-42B3-94D5-0E1995946482}.Debug|Any CPU.Build.0 = Debug|Any CPU
		{C6A24746-D601-42B3-94D5-0E1995946482}.Release|Any CPU.ActiveCfg = Release|Any CPU
		{C6A24746-D601-42B3-94D5-0E1995946482}.Release|Any CPU.Build.0 = Release|Any CPU
	EndGlobalSection
	GlobalSection(SolutionProperties) = preSolution
		HideSolutionNode = FALSE
	EndGlobalSection
	GlobalSection(ExtensibilityGlobals) = postSolution
		SolutionGuid = {96CA4A34-5A9A-4EE1-92C2-939123B6BD2B}
	EndGlobalSection
EndGlobal
