
Microsoft Visual Studio Solution File, Format Version 12.00
# Visual Studio Version 17
VisualStudioVersion = 17.14.36429.23 d17.14
MinimumVisualStudioVersion = 10.0.40219.1
Project("{FAE04EC0-301F-11D3-BF4B-00C04F79EFBC}") = "0072", "0072.csproj", "{F128CA47-B492-4A35-A13C-F6C9187B26D4}"
EndProject
Global
	GlobalSection(SolutionConfigurationPlatforms) = preSolution
		Debug|Any CPU = Debug|Any CPU
		Release|Any CPU = Release|Any CPU
	EndGlobalSection
	GlobalSection(ProjectConfigurationPlatforms) = postSolution
		{F128CA47-B492-4A35-A13C-F6C9187B26D4}.Debug|Any CPU.ActiveCfg = Debug|Any CPU
		{F128CA47-B492-4A35-A13C-F6C9187B26D4}.Debug|Any CPU.Build.0 = Debug|Any CPU
		{F128CA47-B492-4A35-A13C-F6C9187B26D4}.Release|Any CPU.ActiveCfg = Release|Any CPU
		{F128CA47-B492-4A35-A13C-F6C9187B26D4}.Release|Any CPU.Build.0 = Release|Any CPU
	EndGlobalSection
	GlobalSection(SolutionProperties) = preSolution
		HideSolutionNode = FALSE
	EndGlobalSection
	GlobalSection(ExtensibilityGlobals) = postSolution
		SolutionGuid = {5850B739-4FE4-4FD2-969D-02B0FD21162F}
	EndGlobalSection
EndGlobal
