
Microsoft Visual Studio Solution File, Format Version 12.00
# Visual Studio Version 17
VisualStudioVersion = 17.14.36717.8 d17.14
MinimumVisualStudioVersion = 10.0.40219.1
Project("{FAE04EC0-301F-11D3-BF4B-00C04F79EFBC}") = "1251", "1251.csproj", "{50C496BB-828A-4D70-898F-B582C3B0201C}"
EndProject
Global
	GlobalSection(SolutionConfigurationPlatforms) = preSolution
		Debug|Any CPU = Debug|Any CPU
		Release|Any CPU = Release|Any CPU
	EndGlobalSection
	GlobalSection(ProjectConfigurationPlatforms) = postSolution
		{50C496BB-828A-4D70-898F-B582C3B0201C}.Debug|Any CPU.ActiveCfg = Debug|Any CPU
		{50C496BB-828A-4D70-898F-B582C3B0201C}.Debug|Any CPU.Build.0 = Debug|Any CPU
		{50C496BB-828A-4D70-898F-B582C3B0201C}.Release|Any CPU.ActiveCfg = Release|Any CPU
		{50C496BB-828A-4D70-898F-B582C3B0201C}.Release|Any CPU.Build.0 = Release|Any CPU
	EndGlobalSection
	GlobalSection(SolutionProperties) = preSolution
		HideSolutionNode = FALSE
	EndGlobalSection
	GlobalSection(ExtensibilityGlobals) = postSolution
		SolutionGuid = {4E2E0A2F-C37F-4CF5-A311-77543934BB12}
	EndGlobalSection
EndGlobal
