
Microsoft Visual Studio Solution File, Format Version 12.00
# Visual Studio Version 17
VisualStudioVersion = 17.14.36603.0 d17.14
MinimumVisualStudioVersion = 10.0.40219.1
Project("{FAE04EC0-301F-11D3-BF4B-00C04F79EFBC}") = "0454", "0454.csproj", "{645EB0AB-51D6-437E-B793-62853DF43894}"
EndProject
Global
	GlobalSection(SolutionConfigurationPlatforms) = preSolution
		Debug|Any CPU = Debug|Any CPU
		Release|Any CPU = Release|Any CPU
	EndGlobalSection
	GlobalSection(ProjectConfigurationPlatforms) = postSolution
		{645EB0AB-51D6-437E-B793-62853DF43894}.Debug|Any CPU.ActiveCfg = Debug|Any CPU
		{645EB0AB-51D6-437E-B793-62853DF43894}.Debug|Any CPU.Build.0 = Debug|Any CPU
		{645EB0AB-51D6-437E-B793-62853DF43894}.Release|Any CPU.ActiveCfg = Release|Any CPU
		{645EB0AB-51D6-437E-B793-62853DF43894}.Release|Any CPU.Build.0 = Release|Any CPU
	EndGlobalSection
	GlobalSection(SolutionProperties) = preSolution
		HideSolutionNode = FALSE
	EndGlobalSection
	GlobalSection(ExtensibilityGlobals) = postSolution
		SolutionGuid = {829ECD3B-470E-4DC9-B6BB-408A3872C934}
	EndGlobalSection
EndGlobal
