
Microsoft Visual Studio Solution File, Format Version 12.00
# Visual Studio Version 17
VisualStudioVersion = 17.14.36603.0 d17.14
MinimumVisualStudioVersion = 10.0.40219.1
Project("{FAE04EC0-301F-11D3-BF4B-00C04F79EFBC}") = "0756", "0756.csproj", "{7AF515BC-D03F-45E9-84CA-C2943505BFA7}"
EndProject
Global
	GlobalSection(SolutionConfigurationPlatforms) = preSolution
		Debug|Any CPU = Debug|Any CPU
		Release|Any CPU = Release|Any CPU
	EndGlobalSection
	GlobalSection(ProjectConfigurationPlatforms) = postSolution
		{7AF515BC-D03F-45E9-84CA-C2943505BFA7}.Debug|Any CPU.ActiveCfg = Debug|Any CPU
		{7AF515BC-D03F-45E9-84CA-C2943505BFA7}.Debug|Any CPU.Build.0 = Debug|Any CPU
		{7AF515BC-D03F-45E9-84CA-C2943505BFA7}.Release|Any CPU.ActiveCfg = Release|Any CPU
		{7AF515BC-D03F-45E9-84CA-C2943505BFA7}.Release|Any CPU.Build.0 = Release|Any CPU
	EndGlobalSection
	GlobalSection(SolutionProperties) = preSolution
		HideSolutionNode = FALSE
	EndGlobalSection
	GlobalSection(ExtensibilityGlobals) = postSolution
		SolutionGuid = {0D6FAA6B-BFD0-4BDD-BD17-BC7FC7DE41EF}
	EndGlobalSection
EndGlobal
