
Microsoft Visual Studio Solution File, Format Version 12.00
# Visual Studio Version 17
VisualStudioVersion = 17.14.36717.8 d17.14
MinimumVisualStudioVersion = 10.0.40219.1
Project("{FAE04EC0-301F-11D3-BF4B-00C04F79EFBC}") = "0823", "0823.csproj", "{4594EBEA-E10C-4AC5-82DD-47DCCE51E958}"
EndProject
Global
	GlobalSection(SolutionConfigurationPlatforms) = preSolution
		Debug|Any CPU = Debug|Any CPU
		Release|Any CPU = Release|Any CPU
	EndGlobalSection
	GlobalSection(ProjectConfigurationPlatforms) = postSolution
		{4594EBEA-E10C-4AC5-82DD-47DCCE51E958}.Debug|Any CPU.ActiveCfg = Debug|Any CPU
		{4594EBEA-E10C-4AC5-82DD-47DCCE51E958}.Debug|Any CPU.Build.0 = Debug|Any CPU
		{4594EBEA-E10C-4AC5-82DD-47DCCE51E958}.Release|Any CPU.ActiveCfg = Release|Any CPU
		{4594EBEA-E10C-4AC5-82DD-47DCCE51E958}.Release|Any CPU.Build.0 = Release|Any CPU
	EndGlobalSection
	GlobalSection(SolutionProperties) = preSolution
		HideSolutionNode = FALSE
	EndGlobalSection
	GlobalSection(ExtensibilityGlobals) = postSolution
		SolutionGuid = {B64E9D5C-FB55-49C6-A40F-591D91738870}
	EndGlobalSection
EndGlobal
