
Microsoft Visual Studio Solution File, Format Version 12.00
# Visual Studio Version 17
VisualStudioVersion = 17.14.36717.8 d17.14
MinimumVisualStudioVersion = 10.0.40219.1
Project("{FAE04EC0-301F-11D3-BF4B-00C04F79EFBC}") = "1056", "1056.csproj", "{C7D80150-E206-47EE-96A5-96E99195DC48}"
EndProject
Global
	GlobalSection(SolutionConfigurationPlatforms) = preSolution
		Debug|Any CPU = Debug|Any CPU
		Release|Any CPU = Release|Any CPU
	EndGlobalSection
	GlobalSection(ProjectConfigurationPlatforms) = postSolution
		{C7D80150-E206-47EE-96A5-96E99195DC48}.Debug|Any CPU.ActiveCfg = Debug|Any CPU
		{C7D80150-E206-47EE-96A5-96E99195DC48}.Debug|Any CPU.Build.0 = Debug|Any CPU
		{C7D80150-E206-47EE-96A5-96E99195DC48}.Release|Any CPU.ActiveCfg = Release|Any CPU
		{C7D80150-E206-47EE-96A5-96E99195DC48}.Release|Any CPU.Build.0 = Release|Any CPU
	EndGlobalSection
	GlobalSection(SolutionProperties) = preSolution
		HideSolutionNode = FALSE
	EndGlobalSection
	GlobalSection(ExtensibilityGlobals) = postSolution
		SolutionGuid = {56FBE23F-25DD-476F-B1BC-EC1733430668}
	EndGlobalSection
EndGlobal
