
Microsoft Visual Studio Solution File, Format Version 12.00
# Visual Studio Version 17
VisualStudioVersion = 17.14.36717.8 d17.14
MinimumVisualStudioVersion = 10.0.40219.1
Project("{FAE04EC0-301F-11D3-BF4B-00C04F79EFBC}") = "0850", "0850.csproj", "{27158B6F-F8E9-4939-B75C-8DACEC38F2BD}"
EndProject
Global
	GlobalSection(SolutionConfigurationPlatforms) = preSolution
		Debug|Any CPU = Debug|Any CPU
		Release|Any CPU = Release|Any CPU
	EndGlobalSection
	GlobalSection(ProjectConfigurationPlatforms) = postSolution
		{27158B6F-F8E9-4939-B75C-8DACEC38F2BD}.Debug|Any CPU.ActiveCfg = Debug|Any CPU
		{27158B6F-F8E9-4939-B75C-8DACEC38F2BD}.Debug|Any CPU.Build.0 = Debug|Any CPU
		{27158B6F-F8E9-4939-B75C-8DACEC38F2BD}.Release|Any CPU.ActiveCfg = Release|Any CPU
		{27158B6F-F8E9-4939-B75C-8DACEC38F2BD}.Release|Any CPU.Build.0 = Release|Any CPU
	EndGlobalSection
	GlobalSection(SolutionProperties) = preSolution
		HideSolutionNode = FALSE
	EndGlobalSection
	GlobalSection(ExtensibilityGlobals) = postSolution
		SolutionGuid = {A44DA339-B005-4C40-8082-F5008DF14537}
	EndGlobalSection
EndGlobal
