
Microsoft Visual Studio Solution File, Format Version 12.00
# Visual Studio Version 17
VisualStudioVersion = 17.14.36603.0 d17.14
MinimumVisualStudioVersion = 10.0.40219.1
Project("{FAE04EC0-301F-11D3-BF4B-00C04F79EFBC}") = "0611", "0611.csproj", "{2C10371E-E7AF-450C-9244-138583057169}"
EndProject
Global
	GlobalSection(SolutionConfigurationPlatforms) = preSolution
		Debug|Any CPU = Debug|Any CPU
		Release|Any CPU = Release|Any CPU
	EndGlobalSection
	GlobalSection(ProjectConfigurationPlatforms) = postSolution
		{2C10371E-E7AF-450C-9244-138583057169}.Debug|Any CPU.ActiveCfg = Debug|Any CPU
		{2C10371E-E7AF-450C-9244-138583057169}.Debug|Any CPU.Build.0 = Debug|Any CPU
		{2C10371E-E7AF-450C-9244-138583057169}.Release|Any CPU.ActiveCfg = Release|Any CPU
		{2C10371E-E7AF-450C-9244-138583057169}.Release|Any CPU.Build.0 = Release|Any CPU
	EndGlobalSection
	GlobalSection(SolutionProperties) = preSolution
		HideSolutionNode = FALSE
	EndGlobalSection
	GlobalSection(ExtensibilityGlobals) = postSolution
		SolutionGuid = {7E5D3715-894E-48E4-9A07-6BEF88331D0E}
	EndGlobalSection
EndGlobal
