
Microsoft Visual Studio Solution File, Format Version 12.00
# Visual Studio Version 17
VisualStudioVersion = 17.14.36429.23 d17.14
MinimumVisualStudioVersion = 10.0.40219.1
Project("{FAE04EC0-301F-11D3-BF4B-00C04F79EFBC}") = "0114", "0114.csproj", "{EE2FF0E1-ECE4-49DC-B31D-1E0C5325BC1F}"
EndProject
Global
	GlobalSection(SolutionConfigurationPlatforms) = preSolution
		Debug|Any CPU = Debug|Any CPU
		Release|Any CPU = Release|Any CPU
	EndGlobalSection
	GlobalSection(ProjectConfigurationPlatforms) = postSolution
		{EE2FF0E1-ECE4-49DC-B31D-1E0C5325BC1F}.Debug|Any CPU.ActiveCfg = Debug|Any CPU
		{EE2FF0E1-ECE4-49DC-B31D-1E0C5325BC1F}.Debug|Any CPU.Build.0 = Debug|Any CPU
		{EE2FF0E1-ECE4-49DC-B31D-1E0C5325BC1F}.Release|Any CPU.ActiveCfg = Release|Any CPU
		{EE2FF0E1-ECE4-49DC-B31D-1E0C5325BC1F}.Release|Any CPU.Build.0 = Release|Any CPU
	EndGlobalSection
	GlobalSection(SolutionProperties) = preSolution
		HideSolutionNode = FALSE
	EndGlobalSection
	GlobalSection(ExtensibilityGlobals) = postSolution
		SolutionGuid = {08E810DB-BC32-4C78-8B5A-1179BD0D6935}
	EndGlobalSection
EndGlobal
