
Microsoft Visual Studio Solution File, Format Version 12.00
# Visual Studio Version 17
VisualStudioVersion = 17.14.36717.8 d17.14
MinimumVisualStudioVersion = 10.0.40219.1
Project("{FAE04EC0-301F-11D3-BF4B-00C04F79EFBC}") = "1055", "1055.csproj", "{D71C455E-4FA2-4AF1-9BCE-7AB45860FDDA}"
EndProject
Global
	GlobalSection(SolutionConfigurationPlatforms) = preSolution
		Debug|Any CPU = Debug|Any CPU
		Release|Any CPU = Release|Any CPU
	EndGlobalSection
	GlobalSection(ProjectConfigurationPlatforms) = postSolution
		{D71C455E-4FA2-4AF1-9BCE-7AB45860FDDA}.Debug|Any CPU.ActiveCfg = Debug|Any CPU
		{D71C455E-4FA2-4AF1-9BCE-7AB45860FDDA}.Debug|Any CPU.Build.0 = Debug|Any CPU
		{D71C455E-4FA2-4AF1-9BCE-7AB45860FDDA}.Release|Any CPU.ActiveCfg = Release|Any CPU
		{D71C455E-4FA2-4AF1-9BCE-7AB45860FDDA}.Release|Any CPU.Build.0 = Release|Any CPU
	EndGlobalSection
	GlobalSection(SolutionProperties) = preSolution
		HideSolutionNode = FALSE
	EndGlobalSection
	GlobalSection(ExtensibilityGlobals) = postSolution
		SolutionGuid = {2AA0A8DB-33C2-4FB6-A392-1FB099ACDD36}
	EndGlobalSection
EndGlobal
