
Microsoft Visual Studio Solution File, Format Version 12.00
# Visual Studio Version 17
VisualStudioVersion = 17.14.36603.0 d17.14
MinimumVisualStudioVersion = 10.0.40219.1
Project("{FAE04EC0-301F-11D3-BF4B-00C04F79EFBC}") = "0636", "0636.csproj", "{FA923221-81B5-440C-89FB-1C0755FF5447}"
EndProject
Global
	GlobalSection(SolutionConfigurationPlatforms) = preSolution
		Debug|Any CPU = Debug|Any CPU
		Release|Any CPU = Release|Any CPU
	EndGlobalSection
	GlobalSection(ProjectConfigurationPlatforms) = postSolution
		{FA923221-81B5-440C-89FB-1C0755FF5447}.Debug|Any CPU.ActiveCfg = Debug|Any CPU
		{FA923221-81B5-440C-89FB-1C0755FF5447}.Debug|Any CPU.Build.0 = Debug|Any CPU
		{FA923221-81B5-440C-89FB-1C0755FF5447}.Release|Any CPU.ActiveCfg = Release|Any CPU
		{FA923221-81B5-440C-89FB-1C0755FF5447}.Release|Any CPU.Build.0 = Release|Any CPU
	EndGlobalSection
	GlobalSection(SolutionProperties) = preSolution
		HideSolutionNode = FALSE
	EndGlobalSection
	GlobalSection(ExtensibilityGlobals) = postSolution
		SolutionGuid = {7867DC87-9F87-40EF-8BF5-67FBEA31B7FB}
	EndGlobalSection
EndGlobal
