
Microsoft Visual Studio Solution File, Format Version 12.00
# Visual Studio Version 17
VisualStudioVersion = 17.14.36717.8 d17.14
MinimumVisualStudioVersion = 10.0.40219.1
Project("{FAE04EC0-301F-11D3-BF4B-00C04F79EFBC}") = "1278", "1278.csproj", "{9F8F25E8-FF92-424F-93FE-D74A4EC21248}"
EndProject
Global
	GlobalSection(SolutionConfigurationPlatforms) = preSolution
		Debug|Any CPU = Debug|Any CPU
		Release|Any CPU = Release|Any CPU
	EndGlobalSection
	GlobalSection(ProjectConfigurationPlatforms) = postSolution
		{9F8F25E8-FF92-424F-93FE-D74A4EC21248}.Debug|Any CPU.ActiveCfg = Debug|Any CPU
		{9F8F25E8-FF92-424F-93FE-D74A4EC21248}.Debug|Any CPU.Build.0 = Debug|Any CPU
		{9F8F25E8-FF92-424F-93FE-D74A4EC21248}.Release|Any CPU.ActiveCfg = Release|Any CPU
		{9F8F25E8-FF92-424F-93FE-D74A4EC21248}.Release|Any CPU.Build.0 = Release|Any CPU
	EndGlobalSection
	GlobalSection(SolutionProperties) = preSolution
		HideSolutionNode = FALSE
	EndGlobalSection
	GlobalSection(ExtensibilityGlobals) = postSolution
		SolutionGuid = {8F095CA5-0C0A-4033-941C-EA208797226E}
	EndGlobalSection
EndGlobal
