
Microsoft Visual Studio Solution File, Format Version 12.00
# Visual Studio Version 17
VisualStudioVersion = 17.14.36717.8 d17.14
MinimumVisualStudioVersion = 10.0.40219.1
Project("{FAE04EC0-301F-11D3-BF4B-00C04F79EFBC}") = "1002", "1002.csproj", "{BFB3FC8D-6C8C-439B-AADA-0394BF02B7D9}"
EndProject
Global
	GlobalSection(SolutionConfigurationPlatforms) = preSolution
		Debug|Any CPU = Debug|Any CPU
		Release|Any CPU = Release|Any CPU
	EndGlobalSection
	GlobalSection(ProjectConfigurationPlatforms) = postSolution
		{BFB3FC8D-6C8C-439B-AADA-0394BF02B7D9}.Debug|Any CPU.ActiveCfg = Debug|Any CPU
		{BFB3FC8D-6C8C-439B-AADA-0394BF02B7D9}.Debug|Any CPU.Build.0 = Debug|Any CPU
		{BFB3FC8D-6C8C-439B-AADA-0394BF02B7D9}.Release|Any CPU.ActiveCfg = Release|Any CPU
		{BFB3FC8D-6C8C-439B-AADA-0394BF02B7D9}.Release|Any CPU.Build.0 = Release|Any CPU
	EndGlobalSection
	GlobalSection(SolutionProperties) = preSolution
		HideSolutionNode = FALSE
	EndGlobalSection
	GlobalSection(ExtensibilityGlobals) = postSolution
		SolutionGuid = {FBDBF4DD-093E-46D2-9A5F-E1776DFA627D}
	EndGlobalSection
EndGlobal
