
Microsoft Visual Studio Solution File, Format Version 12.00
# Visual Studio Version 17
VisualStudioVersion = 17.14.36717.8 d17.14
MinimumVisualStudioVersion = 10.0.40219.1
Project("{FAE04EC0-301F-11D3-BF4B-00C04F79EFBC}") = "1267", "1267.csproj", "{0CB3902B-8CAC-4FDC-A66B-ADC937CADEF5}"
EndProject
Global
	GlobalSection(SolutionConfigurationPlatforms) = preSolution
		Debug|Any CPU = Debug|Any CPU
		Release|Any CPU = Release|Any CPU
	EndGlobalSection
	GlobalSection(ProjectConfigurationPlatforms) = postSolution
		{0CB3902B-8CAC-4FDC-A66B-ADC937CADEF5}.Debug|Any CPU.ActiveCfg = Debug|Any CPU
		{0CB3902B-8CAC-4FDC-A66B-ADC937CADEF5}.Debug|Any CPU.Build.0 = Debug|Any CPU
		{0CB3902B-8CAC-4FDC-A66B-ADC937CADEF5}.Release|Any CPU.ActiveCfg = Release|Any CPU
		{0CB3902B-8CAC-4FDC-A66B-ADC937CADEF5}.Release|Any CPU.Build.0 = Release|Any CPU
	EndGlobalSection
	GlobalSection(SolutionProperties) = preSolution
		HideSolutionNode = FALSE
	EndGlobalSection
	GlobalSection(ExtensibilityGlobals) = postSolution
		SolutionGuid = {865AD152-FF7E-4353-9BE9-1DE3B5BF0785}
	EndGlobalSection
EndGlobal
