
Microsoft Visual Studio Solution File, Format Version 12.00
# Visual Studio Version 17
VisualStudioVersion = 17.14.36603.0 d17.14
MinimumVisualStudioVersion = 10.0.40219.1
Project("{FAE04EC0-301F-11D3-BF4B-00C04F79EFBC}") = "0705", "0705.csproj", "{AB55DE57-A164-421E-AE49-AC50AF1DA540}"
EndProject
Global
	GlobalSection(SolutionConfigurationPlatforms) = preSolution
		Debug|Any CPU = Debug|Any CPU
		Release|Any CPU = Release|Any CPU
	EndGlobalSection
	GlobalSection(ProjectConfigurationPlatforms) = postSolution
		{AB55DE57-A164-421E-AE49-AC50AF1DA540}.Debug|Any CPU.ActiveCfg = Debug|Any CPU
		{AB55DE57-A164-421E-AE49-AC50AF1DA540}.Debug|Any CPU.Build.0 = Debug|Any CPU
		{AB55DE57-A164-421E-AE49-AC50AF1DA540}.Release|Any CPU.ActiveCfg = Release|Any CPU
		{AB55DE57-A164-421E-AE49-AC50AF1DA540}.Release|Any CPU.Build.0 = Release|Any CPU
	EndGlobalSection
	GlobalSection(SolutionProperties) = preSolution
		HideSolutionNode = FALSE
	EndGlobalSection
	GlobalSection(ExtensibilityGlobals) = postSolution
		SolutionGuid = {97BB966C-EA80-4461-ACC6-1EBC9B19F0A0}
	EndGlobalSection
EndGlobal
