
Microsoft Visual Studio Solution File, Format Version 12.00
# Visual Studio Version 17
VisualStudioVersion = 17.14.36603.0 d17.14
MinimumVisualStudioVersion = 10.0.40219.1
Project("{FAE04EC0-301F-11D3-BF4B-00C04F79EFBC}") = "0279", "0279.csproj", "{BD023CF1-65B1-4771-9136-29ABD1383EFA}"
EndProject
Global
	GlobalSection(SolutionConfigurationPlatforms) = preSolution
		Debug|Any CPU = Debug|Any CPU
		Release|Any CPU = Release|Any CPU
	EndGlobalSection
	GlobalSection(ProjectConfigurationPlatforms) = postSolution
		{BD023CF1-65B1-4771-9136-29ABD1383EFA}.Debug|Any CPU.ActiveCfg = Debug|Any CPU
		{BD023CF1-65B1-4771-9136-29ABD1383EFA}.Debug|Any CPU.Build.0 = Debug|Any CPU
		{BD023CF1-65B1-4771-9136-29ABD1383EFA}.Release|Any CPU.ActiveCfg = Release|Any CPU
		{BD023CF1-65B1-4771-9136-29ABD1383EFA}.Release|Any CPU.Build.0 = Release|Any CPU
	EndGlobalSection
	GlobalSection(SolutionProperties) = preSolution
		HideSolutionNode = FALSE
	EndGlobalSection
	GlobalSection(ExtensibilityGlobals) = postSolution
		SolutionGuid = {DD627C6E-3AF3-4ACD-8862-8094E3482FCD}
	EndGlobalSection
EndGlobal
