
Microsoft Visual Studio Solution File, Format Version 12.00
# Visual Studio Version 17
VisualStudioVersion = 17.14.36429.23 d17.14
MinimumVisualStudioVersion = 10.0.40219.1
Project("{FAE04EC0-301F-11D3-BF4B-00C04F79EFBC}") = "0050", "0050.csproj", "{446A45D0-EAFF-4BB9-999E-762CD0CA74DF}"
EndProject
Global
	GlobalSection(SolutionConfigurationPlatforms) = preSolution
		Debug|Any CPU = Debug|Any CPU
		Release|Any CPU = Release|Any CPU
	EndGlobalSection
	GlobalSection(ProjectConfigurationPlatforms) = postSolution
		{446A45D0-EAFF-4BB9-999E-762CD0CA74DF}.Debug|Any CPU.ActiveCfg = Debug|Any CPU
		{446A45D0-EAFF-4BB9-999E-762CD0CA74DF}.Debug|Any CPU.Build.0 = Debug|Any CPU
		{446A45D0-EAFF-4BB9-999E-762CD0CA74DF}.Release|Any CPU.ActiveCfg = Release|Any CPU
		{446A45D0-EAFF-4BB9-999E-762CD0CA74DF}.Release|Any CPU.Build.0 = Release|Any CPU
	EndGlobalSection
	GlobalSection(SolutionProperties) = preSolution
		HideSolutionNode = FALSE
	EndGlobalSection
	GlobalSection(ExtensibilityGlobals) = postSolution
		SolutionGuid = {C58B5DC2-C19D-49A1-B94F-DDCE18A1DF67}
	EndGlobalSection
EndGlobal
