
Microsoft Visual Studio Solution File, Format Version 12.00
# Visual Studio Version 17
VisualStudioVersion = 17.14.36603.0 d17.14
MinimumVisualStudioVersion = 10.0.40219.1
Project("{FAE04EC0-301F-11D3-BF4B-00C04F79EFBC}") = "0134", "0134.csproj", "{FC7B9DEC-9142-4D60-A09C-7A6E3CDAF45D}"
EndProject
Global
	GlobalSection(SolutionConfigurationPlatforms) = preSolution
		Debug|Any CPU = Debug|Any CPU
		Release|Any CPU = Release|Any CPU
	EndGlobalSection
	GlobalSection(ProjectConfigurationPlatforms) = postSolution
		{FC7B9DEC-9142-4D60-A09C-7A6E3CDAF45D}.Debug|Any CPU.ActiveCfg = Debug|Any CPU
		{FC7B9DEC-9142-4D60-A09C-7A6E3CDAF45D}.Debug|Any CPU.Build.0 = Debug|Any CPU
		{FC7B9DEC-9142-4D60-A09C-7A6E3CDAF45D}.Release|Any CPU.ActiveCfg = Release|Any CPU
		{FC7B9DEC-9142-4D60-A09C-7A6E3CDAF45D}.Release|Any CPU.Build.0 = Release|Any CPU
	EndGlobalSection
	GlobalSection(SolutionProperties) = preSolution
		HideSolutionNode = FALSE
	EndGlobalSection
	GlobalSection(ExtensibilityGlobals) = postSolution
		SolutionGuid = {CD243E98-32CC-44CF-A6E4-379643BC1DEB}
	EndGlobalSection
EndGlobal
