
Microsoft Visual Studio Solution File, Format Version 12.00
# Visual Studio Version 17
VisualStudioVersion = 17.14.36603.0 d17.14
MinimumVisualStudioVersion = 10.0.40219.1
Project("{FAE04EC0-301F-11D3-BF4B-00C04F79EFBC}") = "0692", "0692.csproj", "{7F5DBD33-0593-4F2C-A8CA-FA016E174EC4}"
EndProject
Global
	GlobalSection(SolutionConfigurationPlatforms) = preSolution
		Debug|Any CPU = Debug|Any CPU
		Release|Any CPU = Release|Any CPU
	EndGlobalSection
	GlobalSection(ProjectConfigurationPlatforms) = postSolution
		{7F5DBD33-0593-4F2C-A8CA-FA016E174EC4}.Debug|Any CPU.ActiveCfg = Debug|Any CPU
		{7F5DBD33-0593-4F2C-A8CA-FA016E174EC4}.Debug|Any CPU.Build.0 = Debug|Any CPU
		{7F5DBD33-0593-4F2C-A8CA-FA016E174EC4}.Release|Any CPU.ActiveCfg = Release|Any CPU
		{7F5DBD33-0593-4F2C-A8CA-FA016E174EC4}.Release|Any CPU.Build.0 = Release|Any CPU
	EndGlobalSection
	GlobalSection(SolutionProperties) = preSolution
		HideSolutionNode = FALSE
	EndGlobalSection
	GlobalSection(ExtensibilityGlobals) = postSolution
		SolutionGuid = {80D9A2D9-36AA-401F-B578-BD318B583EF2}
	EndGlobalSection
EndGlobal
