
Microsoft Visual Studio Solution File, Format Version 12.00
# Visual Studio Version 17
VisualStudioVersion = 17.14.36603.0 d17.14
MinimumVisualStudioVersion = 10.0.40219.1
Project("{FAE04EC0-301F-11D3-BF4B-00C04F79EFBC}") = "0761", "0761.csproj", "{A3AE3648-2F12-424E-81CD-F73E022BB555}"
EndProject
Global
	GlobalSection(SolutionConfigurationPlatforms) = preSolution
		Debug|Any CPU = Debug|Any CPU
		Release|Any CPU = Release|Any CPU
	EndGlobalSection
	GlobalSection(ProjectConfigurationPlatforms) = postSolution
		{A3AE3648-2F12-424E-81CD-F73E022BB555}.Debug|Any CPU.ActiveCfg = Debug|Any CPU
		{A3AE3648-2F12-424E-81CD-F73E022BB555}.Debug|Any CPU.Build.0 = Debug|Any CPU
		{A3AE3648-2F12-424E-81CD-F73E022BB555}.Release|Any CPU.ActiveCfg = Release|Any CPU
		{A3AE3648-2F12-424E-81CD-F73E022BB555}.Release|Any CPU.Build.0 = Release|Any CPU
	EndGlobalSection
	GlobalSection(SolutionProperties) = preSolution
		HideSolutionNode = FALSE
	EndGlobalSection
	GlobalSection(ExtensibilityGlobals) = postSolution
		SolutionGuid = {8926683F-366A-4154-8ED8-B4C9D7E4AD3F}
	EndGlobalSection
EndGlobal
