
Microsoft Visual Studio Solution File, Format Version 12.00
# Visual Studio Version 17
VisualStudioVersion = 17.14.36717.8 d17.14
MinimumVisualStudioVersion = 10.0.40219.1
Project("{FAE04EC0-301F-11D3-BF4B-00C04F79EFBC}") = "0862", "0862.csproj", "{8FF4F1EB-42BB-4A5A-935B-1CC760E1C320}"
EndProject
Global
	GlobalSection(SolutionConfigurationPlatforms) = preSolution
		Debug|Any CPU = Debug|Any CPU
		Release|Any CPU = Release|Any CPU
	EndGlobalSection
	GlobalSection(ProjectConfigurationPlatforms) = postSolution
		{8FF4F1EB-42BB-4A5A-935B-1CC760E1C320}.Debug|Any CPU.ActiveCfg = Debug|Any CPU
		{8FF4F1EB-42BB-4A5A-935B-1CC760E1C320}.Debug|Any CPU.Build.0 = Debug|Any CPU
		{8FF4F1EB-42BB-4A5A-935B-1CC760E1C320}.Release|Any CPU.ActiveCfg = Release|Any CPU
		{8FF4F1EB-42BB-4A5A-935B-1CC760E1C320}.Release|Any CPU.Build.0 = Release|Any CPU
	EndGlobalSection
	GlobalSection(SolutionProperties) = preSolution
		HideSolutionNode = FALSE
	EndGlobalSection
	GlobalSection(ExtensibilityGlobals) = postSolution
		SolutionGuid = {67FA28A0-5307-4EC3-A68A-1A2CAF6A8FB8}
	EndGlobalSection
EndGlobal
