
Microsoft Visual Studio Solution File, Format Version 12.00
# Visual Studio Version 17
VisualStudioVersion = 17.14.36717.8 d17.14
MinimumVisualStudioVersion = 10.0.40219.1
Project("{FAE04EC0-301F-11D3-BF4B-00C04F79EFBC}") = "1240", "1240.csproj", "{C0F6D4F3-7ADB-447C-B629-1DDC90C8B263}"
EndProject
Global
	GlobalSection(SolutionConfigurationPlatforms) = preSolution
		Debug|Any CPU = Debug|Any CPU
		Release|Any CPU = Release|Any CPU
	EndGlobalSection
	GlobalSection(ProjectConfigurationPlatforms) = postSolution
		{C0F6D4F3-7ADB-447C-B629-1DDC90C8B263}.Debug|Any CPU.ActiveCfg = Debug|Any CPU
		{C0F6D4F3-7ADB-447C-B629-1DDC90C8B263}.Debug|Any CPU.Build.0 = Debug|Any CPU
		{C0F6D4F3-7ADB-447C-B629-1DDC90C8B263}.Release|Any CPU.ActiveCfg = Release|Any CPU
		{C0F6D4F3-7ADB-447C-B629-1DDC90C8B263}.Release|Any CPU.Build.0 = Release|Any CPU
	EndGlobalSection
	GlobalSection(SolutionProperties) = preSolution
		HideSolutionNode = FALSE
	EndGlobalSection
	GlobalSection(ExtensibilityGlobals) = postSolution
		SolutionGuid = {23D42A40-F8C4-4006-A8E9-390E6C002AB9}
	EndGlobalSection
EndGlobal
