
Microsoft Visual Studio Solution File, Format Version 12.00
# Visual Studio Version 17
VisualStudioVersion = 17.14.36429.23 d17.14
MinimumVisualStudioVersion = 10.0.40219.1
Project("{FAE04EC0-301F-11D3-BF4B-00C04F79EFBC}") = "0027", "0027.csproj", "{745F93F9-6E4F-4977-BB87-CA9BDDC38F7F}"
EndProject
Global
	GlobalSection(SolutionConfigurationPlatforms) = preSolution
		Debug|Any CPU = Debug|Any CPU
		Release|Any CPU = Release|Any CPU
	EndGlobalSection
	GlobalSection(ProjectConfigurationPlatforms) = postSolution
		{745F93F9-6E4F-4977-BB87-CA9BDDC38F7F}.Debug|Any CPU.ActiveCfg = Debug|Any CPU
		{745F93F9-6E4F-4977-BB87-CA9BDDC38F7F}.Debug|Any CPU.Build.0 = Debug|Any CPU
		{745F93F9-6E4F-4977-BB87-CA9BDDC38F7F}.Release|Any CPU.ActiveCfg = Release|Any CPU
		{745F93F9-6E4F-4977-BB87-CA9BDDC38F7F}.Release|Any CPU.Build.0 = Release|Any CPU
	EndGlobalSection
	GlobalSection(SolutionProperties) = preSolution
		HideSolutionNode = FALSE
	EndGlobalSection
	GlobalSection(ExtensibilityGlobals) = postSolution
		SolutionGuid = {FC629BBA-FD25-4DFA-B52D-2F73906AD7CA}
	EndGlobalSection
EndGlobal
