
Microsoft Visual Studio Solution File, Format Version 12.00
# Visual Studio Version 17
VisualStudioVersion = 17.14.36603.0 d17.14
MinimumVisualStudioVersion = 10.0.40219.1
Project("{FAE04EC0-301F-11D3-BF4B-00C04F79EFBC}") = "0581", "0581.csproj", "{0AB31065-1DE7-44A2-A8C6-721E6B4DD13C}"
EndProject
Global
	GlobalSection(SolutionConfigurationPlatforms) = preSolution
		Debug|Any CPU = Debug|Any CPU
		Release|Any CPU = Release|Any CPU
	EndGlobalSection
	GlobalSection(ProjectConfigurationPlatforms) = postSolution
		{0AB31065-1DE7-44A2-A8C6-721E6B4DD13C}.Debug|Any CPU.ActiveCfg = Debug|Any CPU
		{0AB31065-1DE7-44A2-A8C6-721E6B4DD13C}.Debug|Any CPU.Build.0 = Debug|Any CPU
		{0AB31065-1DE7-44A2-A8C6-721E6B4DD13C}.Release|Any CPU.ActiveCfg = Release|Any CPU
		{0AB31065-1DE7-44A2-A8C6-721E6B4DD13C}.Release|Any CPU.Build.0 = Release|Any CPU
	EndGlobalSection
	GlobalSection(SolutionProperties) = preSolution
		HideSolutionNode = FALSE
	EndGlobalSection
	GlobalSection(ExtensibilityGlobals) = postSolution
		SolutionGuid = {9DA6814E-DE0C-4B6C-98EE-25104DECBA93}
	EndGlobalSection
EndGlobal
