
Microsoft Visual Studio Solution File, Format Version 12.00
# Visual Studio Version 17
VisualStudioVersion = 17.14.36603.0 d17.14
MinimumVisualStudioVersion = 10.0.40219.1
Project("{FAE04EC0-301F-11D3-BF4B-00C04F79EFBC}") = "0589", "0589.csproj", "{29D3B575-13C0-473D-A0E1-ED259EA99879}"
EndProject
Global
	GlobalSection(SolutionConfigurationPlatforms) = preSolution
		Debug|Any CPU = Debug|Any CPU
		Release|Any CPU = Release|Any CPU
	EndGlobalSection
	GlobalSection(ProjectConfigurationPlatforms) = postSolution
		{29D3B575-13C0-473D-A0E1-ED259EA99879}.Debug|Any CPU.ActiveCfg = Debug|Any CPU
		{29D3B575-13C0-473D-A0E1-ED259EA99879}.Debug|Any CPU.Build.0 = Debug|Any CPU
		{29D3B575-13C0-473D-A0E1-ED259EA99879}.Release|Any CPU.ActiveCfg = Release|Any CPU
		{29D3B575-13C0-473D-A0E1-ED259EA99879}.Release|Any CPU.Build.0 = Release|Any CPU
	EndGlobalSection
	GlobalSection(SolutionProperties) = preSolution
		HideSolutionNode = FALSE
	EndGlobalSection
	GlobalSection(ExtensibilityGlobals) = postSolution
		SolutionGuid = {B1146B90-75DB-4506-BBEC-BEEE3532D3EC}
	EndGlobalSection
EndGlobal
