
Microsoft Visual Studio Solution File, Format Version 12.00
# Visual Studio Version 17
VisualStudioVersion = 17.14.36603.0 d17.14
MinimumVisualStudioVersion = 10.0.40219.1
Project("{FAE04EC0-301F-11D3-BF4B-00C04F79EFBC}") = "0382", "0382.csproj", "{D95FF5CF-1375-446F-9AE6-018CE15F4649}"
EndProject
Global
	GlobalSection(SolutionConfigurationPlatforms) = preSolution
		Debug|Any CPU = Debug|Any CPU
		Release|Any CPU = Release|Any CPU
	EndGlobalSection
	GlobalSection(ProjectConfigurationPlatforms) = postSolution
		{D95FF5CF-1375-446F-9AE6-018CE15F4649}.Debug|Any CPU.ActiveCfg = Debug|Any CPU
		{D95FF5CF-1375-446F-9AE6-018CE15F4649}.Debug|Any CPU.Build.0 = Debug|Any CPU
		{D95FF5CF-1375-446F-9AE6-018CE15F4649}.Release|Any CPU.ActiveCfg = Release|Any CPU
		{D95FF5CF-1375-446F-9AE6-018CE15F4649}.Release|Any CPU.Build.0 = Release|Any CPU
	EndGlobalSection
	GlobalSection(SolutionProperties) = preSolution
		HideSolutionNode = FALSE
	EndGlobalSection
	GlobalSection(ExtensibilityGlobals) = postSolution
		SolutionGuid = {05A4C5B8-F542-4946-A7DE-D9963C56BAEF}
	EndGlobalSection
EndGlobal
