
Microsoft Visual Studio Solution File, Format Version 12.00
# Visual Studio Version 17
VisualStudioVersion = 17.14.36603.0 d17.14
MinimumVisualStudioVersion = 10.0.40219.1
Project("{FAE04EC0-301F-11D3-BF4B-00C04F79EFBC}") = "0179", "0179.csproj", "{DE92CE37-4F99-41FB-8CD8-0D3E60E24809}"
EndProject
Global
	GlobalSection(SolutionConfigurationPlatforms) = preSolution
		Debug|Any CPU = Debug|Any CPU
		Release|Any CPU = Release|Any CPU
	EndGlobalSection
	GlobalSection(ProjectConfigurationPlatforms) = postSolution
		{DE92CE37-4F99-41FB-8CD8-0D3E60E24809}.Debug|Any CPU.ActiveCfg = Debug|Any CPU
		{DE92CE37-4F99-41FB-8CD8-0D3E60E24809}.Debug|Any CPU.Build.0 = Debug|Any CPU
		{DE92CE37-4F99-41FB-8CD8-0D3E60E24809}.Release|Any CPU.ActiveCfg = Release|Any CPU
		{DE92CE37-4F99-41FB-8CD8-0D3E60E24809}.Release|Any CPU.Build.0 = Release|Any CPU
	EndGlobalSection
	GlobalSection(SolutionProperties) = preSolution
		HideSolutionNode = FALSE
	EndGlobalSection
	GlobalSection(ExtensibilityGlobals) = postSolution
		SolutionGuid = {8F672CFA-E692-41C8-936B-D22A83BC4FC4}
	EndGlobalSection
EndGlobal
