
Microsoft Visual Studio Solution File, Format Version 12.00
# Visual Studio Version 17
VisualStudioVersion = 17.14.36717.8 d17.14
MinimumVisualStudioVersion = 10.0.40219.1
Project("{FAE04EC0-301F-11D3-BF4B-00C04F79EFBC}") = "1098", "1098.csproj", "{C435E848-A930-4B6B-8D06-6F22558CF9D2}"
EndProject
Global
	GlobalSection(SolutionConfigurationPlatforms) = preSolution
		Debug|Any CPU = Debug|Any CPU
		Release|Any CPU = Release|Any CPU
	EndGlobalSection
	GlobalSection(ProjectConfigurationPlatforms) = postSolution
		{C435E848-A930-4B6B-8D06-6F22558CF9D2}.Debug|Any CPU.ActiveCfg = Debug|Any CPU
		{C435E848-A930-4B6B-8D06-6F22558CF9D2}.Debug|Any CPU.Build.0 = Debug|Any CPU
		{C435E848-A930-4B6B-8D06-6F22558CF9D2}.Release|Any CPU.ActiveCfg = Release|Any CPU
		{C435E848-A930-4B6B-8D06-6F22558CF9D2}.Release|Any CPU.Build.0 = Release|Any CPU
	EndGlobalSection
	GlobalSection(SolutionProperties) = preSolution
		HideSolutionNode = FALSE
	EndGlobalSection
	GlobalSection(ExtensibilityGlobals) = postSolution
		SolutionGuid = {3AA1575B-1F6B-4C13-ACFD-E45F0FFE721D}
	EndGlobalSection
EndGlobal
