
Microsoft Visual Studio Solution File, Format Version 12.00
# Visual Studio Version 17
VisualStudioVersion = 17.14.36603.0 d17.14
MinimumVisualStudioVersion = 10.0.40219.1
Project("{FAE04EC0-301F-11D3-BF4B-00C04F79EFBC}") = "0299", "0299.csproj", "{5DF38333-3E3E-4C12-BC45-4032CC2F62B6}"
EndProject
Global
	GlobalSection(SolutionConfigurationPlatforms) = preSolution
		Debug|Any CPU = Debug|Any CPU
		Release|Any CPU = Release|Any CPU
	EndGlobalSection
	GlobalSection(ProjectConfigurationPlatforms) = postSolution
		{5DF38333-3E3E-4C12-BC45-4032CC2F62B6}.Debug|Any CPU.ActiveCfg = Debug|Any CPU
		{5DF38333-3E3E-4C12-BC45-4032CC2F62B6}.Debug|Any CPU.Build.0 = Debug|Any CPU
		{5DF38333-3E3E-4C12-BC45-4032CC2F62B6}.Release|Any CPU.ActiveCfg = Release|Any CPU
		{5DF38333-3E3E-4C12-BC45-4032CC2F62B6}.Release|Any CPU.Build.0 = Release|Any CPU
	EndGlobalSection
	GlobalSection(SolutionProperties) = preSolution
		HideSolutionNode = FALSE
	EndGlobalSection
	GlobalSection(ExtensibilityGlobals) = postSolution
		SolutionGuid = {C6038F79-E265-4C2A-8FDA-02BE9B73B281}
	EndGlobalSection
EndGlobal
