
Microsoft Visual Studio Solution File, Format Version 12.00
# Visual Studio Version 17
VisualStudioVersion = 17.14.36603.0 d17.14
MinimumVisualStudioVersion = 10.0.40219.1
Project("{FAE04EC0-301F-11D3-BF4B-00C04F79EFBC}") = "0713", "0713.csproj", "{74435A3D-333B-4C28-B966-7CC30268F3DE}"
EndProject
Global
	GlobalSection(SolutionConfigurationPlatforms) = preSolution
		Debug|Any CPU = Debug|Any CPU
		Release|Any CPU = Release|Any CPU
	EndGlobalSection
	GlobalSection(ProjectConfigurationPlatforms) = postSolution
		{74435A3D-333B-4C28-B966-7CC30268F3DE}.Debug|Any CPU.ActiveCfg = Debug|Any CPU
		{74435A3D-333B-4C28-B966-7CC30268F3DE}.Debug|Any CPU.Build.0 = Debug|Any CPU
		{74435A3D-333B-4C28-B966-7CC30268F3DE}.Release|Any CPU.ActiveCfg = Release|Any CPU
		{74435A3D-333B-4C28-B966-7CC30268F3DE}.Release|Any CPU.Build.0 = Release|Any CPU
	EndGlobalSection
	GlobalSection(SolutionProperties) = preSolution
		HideSolutionNode = FALSE
	EndGlobalSection
	GlobalSection(ExtensibilityGlobals) = postSolution
		SolutionGuid = {EA36AA11-5A81-4E5D-88E2-613D9EE8D840}
	EndGlobalSection
EndGlobal
