
Microsoft Visual Studio Solution File, Format Version 12.00
# Visual Studio Version 17
VisualStudioVersion = 17.14.36603.0 d17.14
MinimumVisualStudioVersion = 10.0.40219.1
Project("{FAE04EC0-301F-11D3-BF4B-00C04F79EFBC}") = "0673", "0673.csproj", "{12E96885-E116-4B17-9699-8C56D0FABB52}"
EndProject
Global
	GlobalSection(SolutionConfigurationPlatforms) = preSolution
		Debug|Any CPU = Debug|Any CPU
		Release|Any CPU = Release|Any CPU
	EndGlobalSection
	GlobalSection(ProjectConfigurationPlatforms) = postSolution
		{12E96885-E116-4B17-9699-8C56D0FABB52}.Debug|Any CPU.ActiveCfg = Debug|Any CPU
		{12E96885-E116-4B17-9699-8C56D0FABB52}.Debug|Any CPU.Build.0 = Debug|Any CPU
		{12E96885-E116-4B17-9699-8C56D0FABB52}.Release|Any CPU.ActiveCfg = Release|Any CPU
		{12E96885-E116-4B17-9699-8C56D0FABB52}.Release|Any CPU.Build.0 = Release|Any CPU
	EndGlobalSection
	GlobalSection(SolutionProperties) = preSolution
		HideSolutionNode = FALSE
	EndGlobalSection
	GlobalSection(ExtensibilityGlobals) = postSolution
		SolutionGuid = {2BAFC8D9-F556-47DD-B8BD-525E1EB3C351}
	EndGlobalSection
EndGlobal
