
Microsoft Visual Studio Solution File, Format Version 12.00
# Visual Studio Version 17
VisualStudioVersion = 17.14.36603.0 d17.14
MinimumVisualStudioVersion = 10.0.40219.1
Project("{FAE04EC0-301F-11D3-BF4B-00C04F79EFBC}") = "0202", "0202.csproj", "{DFA1416B-C55F-4418-A520-0AD588FF1CFB}"
EndProject
Global
	GlobalSection(SolutionConfigurationPlatforms) = preSolution
		Debug|Any CPU = Debug|Any CPU
		Release|Any CPU = Release|Any CPU
	EndGlobalSection
	GlobalSection(ProjectConfigurationPlatforms) = postSolution
		{DFA1416B-C55F-4418-A520-0AD588FF1CFB}.Debug|Any CPU.ActiveCfg = Debug|Any CPU
		{DFA1416B-C55F-4418-A520-0AD588FF1CFB}.Debug|Any CPU.Build.0 = Debug|Any CPU
		{DFA1416B-C55F-4418-A520-0AD588FF1CFB}.Release|Any CPU.ActiveCfg = Release|Any CPU
		{DFA1416B-C55F-4418-A520-0AD588FF1CFB}.Release|Any CPU.Build.0 = Release|Any CPU
	EndGlobalSection
	GlobalSection(SolutionProperties) = preSolution
		HideSolutionNode = FALSE
	EndGlobalSection
	GlobalSection(ExtensibilityGlobals) = postSolution
		SolutionGuid = {7BAFEA72-82D5-441F-96AB-A5171CDFAC88}
	EndGlobalSection
EndGlobal
