
Microsoft Visual Studio Solution File, Format Version 12.00
# Visual Studio Version 17
VisualStudioVersion = 17.14.36717.8 d17.14
MinimumVisualStudioVersion = 10.0.40219.1
Project("{FAE04EC0-301F-11D3-BF4B-00C04F79EFBC}") = "1037", "1037.csproj", "{FC7311BB-C7B5-4FBB-A4C2-888BFC8D0F50}"
EndProject
Global
	GlobalSection(SolutionConfigurationPlatforms) = preSolution
		Debug|Any CPU = Debug|Any CPU
		Release|Any CPU = Release|Any CPU
	EndGlobalSection
	GlobalSection(ProjectConfigurationPlatforms) = postSolution
		{FC7311BB-C7B5-4FBB-A4C2-888BFC8D0F50}.Debug|Any CPU.ActiveCfg = Debug|Any CPU
		{FC7311BB-C7B5-4FBB-A4C2-888BFC8D0F50}.Debug|Any CPU.Build.0 = Debug|Any CPU
		{FC7311BB-C7B5-4FBB-A4C2-888BFC8D0F50}.Release|Any CPU.ActiveCfg = Release|Any CPU
		{FC7311BB-C7B5-4FBB-A4C2-888BFC8D0F50}.Release|Any CPU.Build.0 = Release|Any CPU
	EndGlobalSection
	GlobalSection(SolutionProperties) = preSolution
		HideSolutionNode = FALSE
	EndGlobalSection
	GlobalSection(ExtensibilityGlobals) = postSolution
		SolutionGuid = {47A73487-5BAF-427C-A5B6-7E179E9DFB12}
	EndGlobalSection
EndGlobal
