
Microsoft Visual Studio Solution File, Format Version 12.00
# Visual Studio Version 17
VisualStudioVersion = 17.14.36717.8 d17.14
MinimumVisualStudioVersion = 10.0.40219.1
Project("{FAE04EC0-301F-11D3-BF4B-00C04F79EFBC}") = "1059", "1059.csproj", "{760457D4-10D8-4D2D-98F8-9462720D1D86}"
EndProject
Global
	GlobalSection(SolutionConfigurationPlatforms) = preSolution
		Debug|Any CPU = Debug|Any CPU
		Release|Any CPU = Release|Any CPU
	EndGlobalSection
	GlobalSection(ProjectConfigurationPlatforms) = postSolution
		{760457D4-10D8-4D2D-98F8-9462720D1D86}.Debug|Any CPU.ActiveCfg = Debug|Any CPU
		{760457D4-10D8-4D2D-98F8-9462720D1D86}.Debug|Any CPU.Build.0 = Debug|Any CPU
		{760457D4-10D8-4D2D-98F8-9462720D1D86}.Release|Any CPU.ActiveCfg = Release|Any CPU
		{760457D4-10D8-4D2D-98F8-9462720D1D86}.Release|Any CPU.Build.0 = Release|Any CPU
	EndGlobalSection
	GlobalSection(SolutionProperties) = preSolution
		HideSolutionNode = FALSE
	EndGlobalSection
	GlobalSection(ExtensibilityGlobals) = postSolution
		SolutionGuid = {1AB18474-8E20-47CD-8CAC-28294439EA95}
	EndGlobalSection
EndGlobal
