
Microsoft Visual Studio Solution File, Format Version 12.00
# Visual Studio Version 17
VisualStudioVersion = 17.14.36603.0 d17.14
MinimumVisualStudioVersion = 10.0.40219.1
Project("{FAE04EC0-301F-11D3-BF4B-00C04F79EFBC}") = "0293", "0293.csproj", "{6E173E95-E2B1-48FF-B13A-8C254DFD0B69}"
EndProject
Global
	GlobalSection(SolutionConfigurationPlatforms) = preSolution
		Debug|Any CPU = Debug|Any CPU
		Release|Any CPU = Release|Any CPU
	EndGlobalSection
	GlobalSection(ProjectConfigurationPlatforms) = postSolution
		{6E173E95-E2B1-48FF-B13A-8C254DFD0B69}.Debug|Any CPU.ActiveCfg = Debug|Any CPU
		{6E173E95-E2B1-48FF-B13A-8C254DFD0B69}.Debug|Any CPU.Build.0 = Debug|Any CPU
		{6E173E95-E2B1-48FF-B13A-8C254DFD0B69}.Release|Any CPU.ActiveCfg = Release|Any CPU
		{6E173E95-E2B1-48FF-B13A-8C254DFD0B69}.Release|Any CPU.Build.0 = Release|Any CPU
	EndGlobalSection
	GlobalSection(SolutionProperties) = preSolution
		HideSolutionNode = FALSE
	EndGlobalSection
	GlobalSection(ExtensibilityGlobals) = postSolution
		SolutionGuid = {1CBEF8DD-DEAB-4868-A303-0287D1ED3E64}
	EndGlobalSection
EndGlobal
