
Microsoft Visual Studio Solution File, Format Version 12.00
# Visual Studio Version 17
VisualStudioVersion = 17.14.36429.23 d17.14
MinimumVisualStudioVersion = 10.0.40219.1
Project("{FAE04EC0-301F-11D3-BF4B-00C04F79EFBC}") = "0039", "0039.csproj", "{6F8E9906-4E6E-47DC-B290-1020B6FB5311}"
EndProject
Global
	GlobalSection(SolutionConfigurationPlatforms) = preSolution
		Debug|Any CPU = Debug|Any CPU
		Release|Any CPU = Release|Any CPU
	EndGlobalSection
	GlobalSection(ProjectConfigurationPlatforms) = postSolution
		{6F8E9906-4E6E-47DC-B290-1020B6FB5311}.Debug|Any CPU.ActiveCfg = Debug|Any CPU
		{6F8E9906-4E6E-47DC-B290-1020B6FB5311}.Debug|Any CPU.Build.0 = Debug|Any CPU
		{6F8E9906-4E6E-47DC-B290-1020B6FB5311}.Release|Any CPU.ActiveCfg = Release|Any CPU
		{6F8E9906-4E6E-47DC-B290-1020B6FB5311}.Release|Any CPU.Build.0 = Release|Any CPU
	EndGlobalSection
	GlobalSection(SolutionProperties) = preSolution
		HideSolutionNode = FALSE
	EndGlobalSection
	GlobalSection(ExtensibilityGlobals) = postSolution
		SolutionGuid = {F153FEB4-8133-4D79-8B3E-9F801B59DAA4}
	EndGlobalSection
EndGlobal
