
Microsoft Visual Studio Solution File, Format Version 12.00
# Visual Studio Version 17
VisualStudioVersion = 17.14.36603.0 d17.14
MinimumVisualStudioVersion = 10.0.40219.1
Project("{FAE04EC0-301F-11D3-BF4B-00C04F79EFBC}") = "0376", "0376.csproj", "{2F7E8683-0DAD-448B-B986-1BD2A5B8FB4D}"
EndProject
Global
	GlobalSection(SolutionConfigurationPlatforms) = preSolution
		Debug|Any CPU = Debug|Any CPU
		Release|Any CPU = Release|Any CPU
	EndGlobalSection
	GlobalSection(ProjectConfigurationPlatforms) = postSolution
		{2F7E8683-0DAD-448B-B986-1BD2A5B8FB4D}.Debug|Any CPU.ActiveCfg = Debug|Any CPU
		{2F7E8683-0DAD-448B-B986-1BD2A5B8FB4D}.Debug|Any CPU.Build.0 = Debug|Any CPU
		{2F7E8683-0DAD-448B-B986-1BD2A5B8FB4D}.Release|Any CPU.ActiveCfg = Release|Any CPU
		{2F7E8683-0DAD-448B-B986-1BD2A5B8FB4D}.Release|Any CPU.Build.0 = Release|Any CPU
	EndGlobalSection
	GlobalSection(SolutionProperties) = preSolution
		HideSolutionNode = FALSE
	EndGlobalSection
	GlobalSection(ExtensibilityGlobals) = postSolution
		SolutionGuid = {23356DF5-CB02-43EF-886B-C62D6D112209}
	EndGlobalSection
EndGlobal
