
Microsoft Visual Studio Solution File, Format Version 12.00
# Visual Studio Version 17
VisualStudioVersion = 17.14.36603.0 d17.14
MinimumVisualStudioVersion = 10.0.40219.1
Project("{FAE04EC0-301F-11D3-BF4B-00C04F79EFBC}") = "0472", "0472.csproj", "{56BD568F-D19D-472E-886D-B21B908F43A7}"
EndProject
Global
	GlobalSection(SolutionConfigurationPlatforms) = preSolution
		Debug|Any CPU = Debug|Any CPU
		Release|Any CPU = Release|Any CPU
	EndGlobalSection
	GlobalSection(ProjectConfigurationPlatforms) = postSolution
		{56BD568F-D19D-472E-886D-B21B908F43A7}.Debug|Any CPU.ActiveCfg = Debug|Any CPU
		{56BD568F-D19D-472E-886D-B21B908F43A7}.Debug|Any CPU.Build.0 = Debug|Any CPU
		{56BD568F-D19D-472E-886D-B21B908F43A7}.Release|Any CPU.ActiveCfg = Release|Any CPU
		{56BD568F-D19D-472E-886D-B21B908F43A7}.Release|Any CPU.Build.0 = Release|Any CPU
	EndGlobalSection
	GlobalSection(SolutionProperties) = preSolution
		HideSolutionNode = FALSE
	EndGlobalSection
	GlobalSection(ExtensibilityGlobals) = postSolution
		SolutionGuid = {0D751232-5B41-4883-ADB8-5F95765D87BD}
	EndGlobalSection
EndGlobal
