
Microsoft Visual Studio Solution File, Format Version 12.00
# Visual Studio Version 17
VisualStudioVersion = 17.14.36429.23 d17.14
MinimumVisualStudioVersion = 10.0.40219.1
Project("{FAE04EC0-301F-11D3-BF4B-00C04F79EFBC}") = "0120", "0120.csproj", "{91471C00-80F2-44EE-AC1F-4D28DA66C456}"
EndProject
Global
	GlobalSection(SolutionConfigurationPlatforms) = preSolution
		Debug|Any CPU = Debug|Any CPU
		Release|Any CPU = Release|Any CPU
	EndGlobalSection
	GlobalSection(ProjectConfigurationPlatforms) = postSolution
		{91471C00-80F2-44EE-AC1F-4D28DA66C456}.Debug|Any CPU.ActiveCfg = Debug|Any CPU
		{91471C00-80F2-44EE-AC1F-4D28DA66C456}.Debug|Any CPU.Build.0 = Debug|Any CPU
		{91471C00-80F2-44EE-AC1F-4D28DA66C456}.Release|Any CPU.ActiveCfg = Release|Any CPU
		{91471C00-80F2-44EE-AC1F-4D28DA66C456}.Release|Any CPU.Build.0 = Release|Any CPU
	EndGlobalSection
	GlobalSection(SolutionProperties) = preSolution
		HideSolutionNode = FALSE
	EndGlobalSection
	GlobalSection(ExtensibilityGlobals) = postSolution
		SolutionGuid = {D8B92CF4-A247-4FBB-88EE-B30197E53414}
	EndGlobalSection
EndGlobal
