
Microsoft Visual Studio Solution File, Format Version 12.00
# Visual Studio Version 17
VisualStudioVersion = 17.14.36603.0 d17.14
MinimumVisualStudioVersion = 10.0.40219.1
Project("{FAE04EC0-301F-11D3-BF4B-00C04F79EFBC}") = "0175", "0175.csproj", "{98F44818-BD06-4C0E-834B-5E63288ECC99}"
EndProject
Global
	GlobalSection(SolutionConfigurationPlatforms) = preSolution
		Debug|Any CPU = Debug|Any CPU
		Release|Any CPU = Release|Any CPU
	EndGlobalSection
	GlobalSection(ProjectConfigurationPlatforms) = postSolution
		{98F44818-BD06-4C0E-834B-5E63288ECC99}.Debug|Any CPU.ActiveCfg = Debug|Any CPU
		{98F44818-BD06-4C0E-834B-5E63288ECC99}.Debug|Any CPU.Build.0 = Debug|Any CPU
		{98F44818-BD06-4C0E-834B-5E63288ECC99}.Release|Any CPU.ActiveCfg = Release|Any CPU
		{98F44818-BD06-4C0E-834B-5E63288ECC99}.Release|Any CPU.Build.0 = Release|Any CPU
	EndGlobalSection
	GlobalSection(SolutionProperties) = preSolution
		HideSolutionNode = FALSE
	EndGlobalSection
	GlobalSection(ExtensibilityGlobals) = postSolution
		SolutionGuid = {22F36469-779D-4AEC-8D48-3BC0165A5EE7}
	EndGlobalSection
EndGlobal
