
Microsoft Visual Studio Solution File, Format Version 12.00
# Visual Studio Version 17
VisualStudioVersion = 17.14.36603.0 d17.14
MinimumVisualStudioVersion = 10.0.40219.1
Project("{FAE04EC0-301F-11D3-BF4B-00C04F79EFBC}") = "0698", "0698.csproj", "{467003F5-BF81-441F-BEA4-3F12E4CBFE8F}"
EndProject
Global
	GlobalSection(SolutionConfigurationPlatforms) = preSolution
		Debug|Any CPU = Debug|Any CPU
		Release|Any CPU = Release|Any CPU
	EndGlobalSection
	GlobalSection(ProjectConfigurationPlatforms) = postSolution
		{467003F5-BF81-441F-BEA4-3F12E4CBFE8F}.Debug|Any CPU.ActiveCfg = Debug|Any CPU
		{467003F5-BF81-441F-BEA4-3F12E4CBFE8F}.Debug|Any CPU.Build.0 = Debug|Any CPU
		{467003F5-BF81-441F-BEA4-3F12E4CBFE8F}.Release|Any CPU.ActiveCfg = Release|Any CPU
		{467003F5-BF81-441F-BEA4-3F12E4CBFE8F}.Release|Any CPU.Build.0 = Release|Any CPU
	EndGlobalSection
	GlobalSection(SolutionProperties) = preSolution
		HideSolutionNode = FALSE
	EndGlobalSection
	GlobalSection(ExtensibilityGlobals) = postSolution
		SolutionGuid = {5A35E2BF-8C77-4362-8232-1BADDAD9335F}
	EndGlobalSection
EndGlobal
