
Microsoft Visual Studio Solution File, Format Version 12.00
# Visual Studio Version 17
VisualStudioVersion = 17.14.36603.0 d17.14
MinimumVisualStudioVersion = 10.0.40219.1
Project("{FAE04EC0-301F-11D3-BF4B-00C04F79EFBC}") = "0764", "0764.csproj", "{04622388-E848-4F09-81A0-40619C210B9F}"
EndProject
Global
	GlobalSection(SolutionConfigurationPlatforms) = preSolution
		Debug|Any CPU = Debug|Any CPU
		Release|Any CPU = Release|Any CPU
	EndGlobalSection
	GlobalSection(ProjectConfigurationPlatforms) = postSolution
		{04622388-E848-4F09-81A0-40619C210B9F}.Debug|Any CPU.ActiveCfg = Debug|Any CPU
		{04622388-E848-4F09-81A0-40619C210B9F}.Debug|Any CPU.Build.0 = Debug|Any CPU
		{04622388-E848-4F09-81A0-40619C210B9F}.Release|Any CPU.ActiveCfg = Release|Any CPU
		{04622388-E848-4F09-81A0-40619C210B9F}.Release|Any CPU.Build.0 = Release|Any CPU
	EndGlobalSection
	GlobalSection(SolutionProperties) = preSolution
		HideSolutionNode = FALSE
	EndGlobalSection
	GlobalSection(ExtensibilityGlobals) = postSolution
		SolutionGuid = {02BD48DA-4228-4934-9E19-9C5B5402A687}
	EndGlobalSection
EndGlobal
