
Microsoft Visual Studio Solution File, Format Version 12.00
# Visual Studio Version 17
VisualStudioVersion = 17.14.36603.0 d17.14
MinimumVisualStudioVersion = 10.0.40219.1
Project("{FAE04EC0-301F-11D3-BF4B-00C04F79EFBC}") = "0365", "0365.csproj", "{19C96B90-43AF-4123-9569-BE7533C4B960}"
EndProject
Global
	GlobalSection(SolutionConfigurationPlatforms) = preSolution
		Debug|Any CPU = Debug|Any CPU
		Release|Any CPU = Release|Any CPU
	EndGlobalSection
	GlobalSection(ProjectConfigurationPlatforms) = postSolution
		{19C96B90-43AF-4123-9569-BE7533C4B960}.Debug|Any CPU.ActiveCfg = Debug|Any CPU
		{19C96B90-43AF-4123-9569-BE7533C4B960}.Debug|Any CPU.Build.0 = Debug|Any CPU
		{19C96B90-43AF-4123-9569-BE7533C4B960}.Release|Any CPU.ActiveCfg = Release|Any CPU
		{19C96B90-43AF-4123-9569-BE7533C4B960}.Release|Any CPU.Build.0 = Release|Any CPU
	EndGlobalSection
	GlobalSection(SolutionProperties) = preSolution
		HideSolutionNode = FALSE
	EndGlobalSection
	GlobalSection(ExtensibilityGlobals) = postSolution
		SolutionGuid = {92425175-6DC5-49AC-92E9-EFBB7E957103}
	EndGlobalSection
EndGlobal
