
Microsoft Visual Studio Solution File, Format Version 12.00
# Visual Studio Version 17
VisualStudioVersion = 17.14.36603.0 d17.14
MinimumVisualStudioVersion = 10.0.40219.1
Project("{FAE04EC0-301F-11D3-BF4B-00C04F79EFBC}") = "0787", "0787.csproj", "{1C74EE22-DA77-43CE-84BA-A93484B2A4F4}"
EndProject
Global
	GlobalSection(SolutionConfigurationPlatforms) = preSolution
		Debug|Any CPU = Debug|Any CPU
		Release|Any CPU = Release|Any CPU
	EndGlobalSection
	GlobalSection(ProjectConfigurationPlatforms) = postSolution
		{1C74EE22-DA77-43CE-84BA-A93484B2A4F4}.Debug|Any CPU.ActiveCfg = Debug|Any CPU
		{1C74EE22-DA77-43CE-84BA-A93484B2A4F4}.Debug|Any CPU.Build.0 = Debug|Any CPU
		{1C74EE22-DA77-43CE-84BA-A93484B2A4F4}.Release|Any CPU.ActiveCfg = Release|Any CPU
		{1C74EE22-DA77-43CE-84BA-A93484B2A4F4}.Release|Any CPU.Build.0 = Release|Any CPU
	EndGlobalSection
	GlobalSection(SolutionProperties) = preSolution
		HideSolutionNode = FALSE
	EndGlobalSection
	GlobalSection(ExtensibilityGlobals) = postSolution
		SolutionGuid = {55FAC78D-44BB-4C6F-8C6E-C5F4A56C7233}
	EndGlobalSection
EndGlobal
