
Microsoft Visual Studio Solution File, Format Version 12.00
# Visual Studio Version 17
VisualStudioVersion = 17.14.36717.8 d17.14
MinimumVisualStudioVersion = 10.0.40219.1
Project("{FAE04EC0-301F-11D3-BF4B-00C04F79EFBC}") = "0977", "0977.csproj", "{7B43BF35-F2BB-44A9-93C3-AE11637FE5FD}"
EndProject
Global
	GlobalSection(SolutionConfigurationPlatforms) = preSolution
		Debug|Any CPU = Debug|Any CPU
		Release|Any CPU = Release|Any CPU
	EndGlobalSection
	GlobalSection(ProjectConfigurationPlatforms) = postSolution
		{7B43BF35-F2BB-44A9-93C3-AE11637FE5FD}.Debug|Any CPU.ActiveCfg = Debug|Any CPU
		{7B43BF35-F2BB-44A9-93C3-AE11637FE5FD}.Debug|Any CPU.Build.0 = Debug|Any CPU
		{7B43BF35-F2BB-44A9-93C3-AE11637FE5FD}.Release|Any CPU.ActiveCfg = Release|Any CPU
		{7B43BF35-F2BB-44A9-93C3-AE11637FE5FD}.Release|Any CPU.Build.0 = Release|Any CPU
	EndGlobalSection
	GlobalSection(SolutionProperties) = preSolution
		HideSolutionNode = FALSE
	EndGlobalSection
	GlobalSection(ExtensibilityGlobals) = postSolution
		SolutionGuid = {5F2BC6AB-4F9C-491C-8475-6A6D990376C6}
	EndGlobalSection
EndGlobal
