
Microsoft Visual Studio Solution File, Format Version 12.00
# Visual Studio Version 17
VisualStudioVersion = 17.14.36429.23 d17.14
MinimumVisualStudioVersion = 10.0.40219.1
Project("{FAE04EC0-301F-11D3-BF4B-00C04F79EFBC}") = "0032", "0032.csproj", "{B5A5C01C-E02A-4504-8061-5BDE1F3F3F8A}"
EndProject
Global
	GlobalSection(SolutionConfigurationPlatforms) = preSolution
		Debug|Any CPU = Debug|Any CPU
		Release|Any CPU = Release|Any CPU
	EndGlobalSection
	GlobalSection(ProjectConfigurationPlatforms) = postSolution
		{B5A5C01C-E02A-4504-8061-5BDE1F3F3F8A}.Debug|Any CPU.ActiveCfg = Debug|Any CPU
		{B5A5C01C-E02A-4504-8061-5BDE1F3F3F8A}.Debug|Any CPU.Build.0 = Debug|Any CPU
		{B5A5C01C-E02A-4504-8061-5BDE1F3F3F8A}.Release|Any CPU.ActiveCfg = Release|Any CPU
		{B5A5C01C-E02A-4504-8061-5BDE1F3F3F8A}.Release|Any CPU.Build.0 = Release|Any CPU
	EndGlobalSection
	GlobalSection(SolutionProperties) = preSolution
		HideSolutionNode = FALSE
	EndGlobalSection
	GlobalSection(ExtensibilityGlobals) = postSolution
		SolutionGuid = {9E330400-53F1-4B54-8221-DE4F9AE55907}
	EndGlobalSection
EndGlobal
