
Microsoft Visual Studio Solution File, Format Version 12.00
# Visual Studio Version 17
VisualStudioVersion = 17.14.36717.8 d17.14
MinimumVisualStudioVersion = 10.0.40219.1
Project("{FAE04EC0-301F-11D3-BF4B-00C04F79EFBC}") = "1298", "1298.csproj", "{44BDD070-5AF2-40DE-80A2-FED05388B7BD}"
EndProject
Global
	GlobalSection(SolutionConfigurationPlatforms) = preSolution
		Debug|Any CPU = Debug|Any CPU
		Release|Any CPU = Release|Any CPU
	EndGlobalSection
	GlobalSection(ProjectConfigurationPlatforms) = postSolution
		{44BDD070-5AF2-40DE-80A2-FED05388B7BD}.Debug|Any CPU.ActiveCfg = Debug|Any CPU
		{44BDD070-5AF2-40DE-80A2-FED05388B7BD}.Debug|Any CPU.Build.0 = Debug|Any CPU
		{44BDD070-5AF2-40DE-80A2-FED05388B7BD}.Release|Any CPU.ActiveCfg = Release|Any CPU
		{44BDD070-5AF2-40DE-80A2-FED05388B7BD}.Release|Any CPU.Build.0 = Release|Any CPU
	EndGlobalSection
	GlobalSection(SolutionProperties) = preSolution
		HideSolutionNode = FALSE
	EndGlobalSection
	GlobalSection(ExtensibilityGlobals) = postSolution
		SolutionGuid = {ADE4AF2A-9D7D-42BE-A132-629C58BE308E}
	EndGlobalSection
EndGlobal
