
Microsoft Visual Studio Solution File, Format Version 12.00
# Visual Studio Version 17
VisualStudioVersion = 17.14.36603.0 d17.14
MinimumVisualStudioVersion = 10.0.40219.1
Project("{FAE04EC0-301F-11D3-BF4B-00C04F79EFBC}") = "0517", "0517.csproj", "{C765F88E-E9D6-401A-9279-6F68BDF4BA96}"
EndProject
Global
	GlobalSection(SolutionConfigurationPlatforms) = preSolution
		Debug|Any CPU = Debug|Any CPU
		Release|Any CPU = Release|Any CPU
	EndGlobalSection
	GlobalSection(ProjectConfigurationPlatforms) = postSolution
		{C765F88E-E9D6-401A-9279-6F68BDF4BA96}.Debug|Any CPU.ActiveCfg = Debug|Any CPU
		{C765F88E-E9D6-401A-9279-6F68BDF4BA96}.Debug|Any CPU.Build.0 = Debug|Any CPU
		{C765F88E-E9D6-401A-9279-6F68BDF4BA96}.Release|Any CPU.ActiveCfg = Release|Any CPU
		{C765F88E-E9D6-401A-9279-6F68BDF4BA96}.Release|Any CPU.Build.0 = Release|Any CPU
	EndGlobalSection
	GlobalSection(SolutionProperties) = preSolution
		HideSolutionNode = FALSE
	EndGlobalSection
	GlobalSection(ExtensibilityGlobals) = postSolution
		SolutionGuid = {F78740F5-B02A-4FF4-95C3-7439D0FFF852}
	EndGlobalSection
EndGlobal
