
Microsoft Visual Studio Solution File, Format Version 12.00
# Visual Studio Version 17
VisualStudioVersion = 17.14.36717.8 d17.14
MinimumVisualStudioVersion = 10.0.40219.1
Project("{FAE04EC0-301F-11D3-BF4B-00C04F79EFBC}") = "1129", "1129.csproj", "{B800DF11-90E1-436E-89A5-5E2A7D2F7AB4}"
EndProject
Global
	GlobalSection(SolutionConfigurationPlatforms) = preSolution
		Debug|Any CPU = Debug|Any CPU
		Release|Any CPU = Release|Any CPU
	EndGlobalSection
	GlobalSection(ProjectConfigurationPlatforms) = postSolution
		{B800DF11-90E1-436E-89A5-5E2A7D2F7AB4}.Debug|Any CPU.ActiveCfg = Debug|Any CPU
		{B800DF11-90E1-436E-89A5-5E2A7D2F7AB4}.Debug|Any CPU.Build.0 = Debug|Any CPU
		{B800DF11-90E1-436E-89A5-5E2A7D2F7AB4}.Release|Any CPU.ActiveCfg = Release|Any CPU
		{B800DF11-90E1-436E-89A5-5E2A7D2F7AB4}.Release|Any CPU.Build.0 = Release|Any CPU
	EndGlobalSection
	GlobalSection(SolutionProperties) = preSolution
		HideSolutionNode = FALSE
	EndGlobalSection
	GlobalSection(ExtensibilityGlobals) = postSolution
		SolutionGuid = {A6D6B625-06D0-45D8-B6C8-6C9D46E1A00C}
	EndGlobalSection
EndGlobal
