
Microsoft Visual Studio Solution File, Format Version 12.00
# Visual Studio Version 17
VisualStudioVersion = 17.14.36603.0 d17.14
MinimumVisualStudioVersion = 10.0.40219.1
Project("{FAE04EC0-301F-11D3-BF4B-00C04F79EFBC}") = "0173", "0173.csproj", "{B2544114-52A5-4213-80F1-373AC9B97900}"
EndProject
Global
	GlobalSection(SolutionConfigurationPlatforms) = preSolution
		Debug|Any CPU = Debug|Any CPU
		Release|Any CPU = Release|Any CPU
	EndGlobalSection
	GlobalSection(ProjectConfigurationPlatforms) = postSolution
		{B2544114-52A5-4213-80F1-373AC9B97900}.Debug|Any CPU.ActiveCfg = Debug|Any CPU
		{B2544114-52A5-4213-80F1-373AC9B97900}.Debug|Any CPU.Build.0 = Debug|Any CPU
		{B2544114-52A5-4213-80F1-373AC9B97900}.Release|Any CPU.ActiveCfg = Release|Any CPU
		{B2544114-52A5-4213-80F1-373AC9B97900}.Release|Any CPU.Build.0 = Release|Any CPU
	EndGlobalSection
	GlobalSection(SolutionProperties) = preSolution
		HideSolutionNode = FALSE
	EndGlobalSection
	GlobalSection(ExtensibilityGlobals) = postSolution
		SolutionGuid = {5647F0D4-A263-406D-AFB5-58C24B080D6E}
	EndGlobalSection
EndGlobal
