
Microsoft Visual Studio Solution File, Format Version 12.00
# Visual Studio Version 17
VisualStudioVersion = 17.14.36603.0 d17.14
MinimumVisualStudioVersion = 10.0.40219.1
Project("{FAE04EC0-301F-11D3-BF4B-00C04F79EFBC}") = "0497", "0497.csproj", "{739EC16B-8DC4-4993-8061-AF9174C214C2}"
EndProject
Global
	GlobalSection(SolutionConfigurationPlatforms) = preSolution
		Debug|Any CPU = Debug|Any CPU
		Release|Any CPU = Release|Any CPU
	EndGlobalSection
	GlobalSection(ProjectConfigurationPlatforms) = postSolution
		{739EC16B-8DC4-4993-8061-AF9174C214C2}.Debug|Any CPU.ActiveCfg = Debug|Any CPU
		{739EC16B-8DC4-4993-8061-AF9174C214C2}.Debug|Any CPU.Build.0 = Debug|Any CPU
		{739EC16B-8DC4-4993-8061-AF9174C214C2}.Release|Any CPU.ActiveCfg = Release|Any CPU
		{739EC16B-8DC4-4993-8061-AF9174C214C2}.Release|Any CPU.Build.0 = Release|Any CPU
	EndGlobalSection
	GlobalSection(SolutionProperties) = preSolution
		HideSolutionNode = FALSE
	EndGlobalSection
	GlobalSection(ExtensibilityGlobals) = postSolution
		SolutionGuid = {F8406EBB-0330-45C3-A5E7-6710A70981EC}
	EndGlobalSection
EndGlobal
