
Microsoft Visual Studio Solution File, Format Version 12.00
# Visual Studio Version 17
VisualStudioVersion = 17.14.36717.8 d17.14
MinimumVisualStudioVersion = 10.0.40219.1
Project("{FAE04EC0-301F-11D3-BF4B-00C04F79EFBC}") = "1316", "1316.csproj", "{21513BDA-E7AE-4B93-BC57-498C44D777DF}"
EndProject
Global
	GlobalSection(SolutionConfigurationPlatforms) = preSolution
		Debug|Any CPU = Debug|Any CPU
		Release|Any CPU = Release|Any CPU
	EndGlobalSection
	GlobalSection(ProjectConfigurationPlatforms) = postSolution
		{21513BDA-E7AE-4B93-BC57-498C44D777DF}.Debug|Any CPU.ActiveCfg = Debug|Any CPU
		{21513BDA-E7AE-4B93-BC57-498C44D777DF}.Debug|Any CPU.Build.0 = Debug|Any CPU
		{21513BDA-E7AE-4B93-BC57-498C44D777DF}.Release|Any CPU.ActiveCfg = Release|Any CPU
		{21513BDA-E7AE-4B93-BC57-498C44D777DF}.Release|Any CPU.Build.0 = Release|Any CPU
	EndGlobalSection
	GlobalSection(SolutionProperties) = preSolution
		HideSolutionNode = FALSE
	EndGlobalSection
	GlobalSection(ExtensibilityGlobals) = postSolution
		SolutionGuid = {F40B02E6-DCD7-46B4-A96C-276075504BC8}
	EndGlobalSection
EndGlobal
