
Microsoft Visual Studio Solution File, Format Version 12.00
# Visual Studio Version 17
VisualStudioVersion = 17.14.36603.0 d17.14
MinimumVisualStudioVersion = 10.0.40219.1
Project("{FAE04EC0-301F-11D3-BF4B-00C04F79EFBC}") = "0276", "0276.csproj", "{55CC0092-B04F-4844-9DC5-32E72FF4347D}"
EndProject
Global
	GlobalSection(SolutionConfigurationPlatforms) = preSolution
		Debug|Any CPU = Debug|Any CPU
		Release|Any CPU = Release|Any CPU
	EndGlobalSection
	GlobalSection(ProjectConfigurationPlatforms) = postSolution
		{55CC0092-B04F-4844-9DC5-32E72FF4347D}.Debug|Any CPU.ActiveCfg = Debug|Any CPU
		{55CC0092-B04F-4844-9DC5-32E72FF4347D}.Debug|Any CPU.Build.0 = Debug|Any CPU
		{55CC0092-B04F-4844-9DC5-32E72FF4347D}.Release|Any CPU.ActiveCfg = Release|Any CPU
		{55CC0092-B04F-4844-9DC5-32E72FF4347D}.Release|Any CPU.Build.0 = Release|Any CPU
	EndGlobalSection
	GlobalSection(SolutionProperties) = preSolution
		HideSolutionNode = FALSE
	EndGlobalSection
	GlobalSection(ExtensibilityGlobals) = postSolution
		SolutionGuid = {286279E8-28D7-42F4-9370-579E480FEF9A}
	EndGlobalSection
EndGlobal
