
Microsoft Visual Studio Solution File, Format Version 12.00
# Visual Studio Version 17
VisualStudioVersion = 17.14.36603.0 d17.14
MinimumVisualStudioVersion = 10.0.40219.1
Project("{FAE04EC0-301F-11D3-BF4B-00C04F79EFBC}") = "0389", "0389.csproj", "{B9811DB6-02EF-4192-BFC2-CC7296E97858}"
EndProject
Global
	GlobalSection(SolutionConfigurationPlatforms) = preSolution
		Debug|Any CPU = Debug|Any CPU
		Release|Any CPU = Release|Any CPU
	EndGlobalSection
	GlobalSection(ProjectConfigurationPlatforms) = postSolution
		{B9811DB6-02EF-4192-BFC2-CC7296E97858}.Debug|Any CPU.ActiveCfg = Debug|Any CPU
		{B9811DB6-02EF-4192-BFC2-CC7296E97858}.Debug|Any CPU.Build.0 = Debug|Any CPU
		{B9811DB6-02EF-4192-BFC2-CC7296E97858}.Release|Any CPU.ActiveCfg = Release|Any CPU
		{B9811DB6-02EF-4192-BFC2-CC7296E97858}.Release|Any CPU.Build.0 = Release|Any CPU
	EndGlobalSection
	GlobalSection(SolutionProperties) = preSolution
		HideSolutionNode = FALSE
	EndGlobalSection
	GlobalSection(ExtensibilityGlobals) = postSolution
		SolutionGuid = {BC13A712-DB5A-4D66-85A7-844269EAA261}
	EndGlobalSection
EndGlobal
