
Microsoft Visual Studio Solution File, Format Version 12.00
# Visual Studio Version 17
VisualStudioVersion = 17.14.36603.0 d17.14
MinimumVisualStudioVersion = 10.0.40219.1
Project("{FAE04EC0-301F-11D3-BF4B-00C04F79EFBC}") = "0774", "0774.csproj", "{58807DDB-BE11-4E5F-B900-D2F494467116}"
EndProject
Global
	GlobalSection(SolutionConfigurationPlatforms) = preSolution
		Debug|Any CPU = Debug|Any CPU
		Release|Any CPU = Release|Any CPU
	EndGlobalSection
	GlobalSection(ProjectConfigurationPlatforms) = postSolution
		{58807DDB-BE11-4E5F-B900-D2F494467116}.Debug|Any CPU.ActiveCfg = Debug|Any CPU
		{58807DDB-BE11-4E5F-B900-D2F494467116}.Debug|Any CPU.Build.0 = Debug|Any CPU
		{58807DDB-BE11-4E5F-B900-D2F494467116}.Release|Any CPU.ActiveCfg = Release|Any CPU
		{58807DDB-BE11-4E5F-B900-D2F494467116}.Release|Any CPU.Build.0 = Release|Any CPU
	EndGlobalSection
	GlobalSection(SolutionProperties) = preSolution
		HideSolutionNode = FALSE
	EndGlobalSection
	GlobalSection(ExtensibilityGlobals) = postSolution
		SolutionGuid = {015271DD-BCCC-47FF-BD0B-5DB76006F4F6}
	EndGlobalSection
EndGlobal
