
Microsoft Visual Studio Solution File, Format Version 12.00
# Visual Studio Version 17
VisualStudioVersion = 17.14.36603.0 d17.14
MinimumVisualStudioVersion = 10.0.40219.1
Project("{FAE04EC0-301F-11D3-BF4B-00C04F79EFBC}") = "0655", "0655.csproj", "{3F9EA366-9159-47E8-A0D6-D81C6B57FAB4}"
EndProject
Global
	GlobalSection(SolutionConfigurationPlatforms) = preSolution
		Debug|Any CPU = Debug|Any CPU
		Release|Any CPU = Release|Any CPU
	EndGlobalSection
	GlobalSection(ProjectConfigurationPlatforms) = postSolution
		{3F9EA366-9159-47E8-A0D6-D81C6B57FAB4}.Debug|Any CPU.ActiveCfg = Debug|Any CPU
		{3F9EA366-9159-47E8-A0D6-D81C6B57FAB4}.Debug|Any CPU.Build.0 = Debug|Any CPU
		{3F9EA366-9159-47E8-A0D6-D81C6B57FAB4}.Release|Any CPU.ActiveCfg = Release|Any CPU
		{3F9EA366-9159-47E8-A0D6-D81C6B57FAB4}.Release|Any CPU.Build.0 = Release|Any CPU
	EndGlobalSection
	GlobalSection(SolutionProperties) = preSolution
		HideSolutionNode = FALSE
	EndGlobalSection
	GlobalSection(ExtensibilityGlobals) = postSolution
		SolutionGuid = {0D2D8774-1D58-4522-9D79-F9514CC563EF}
	EndGlobalSection
EndGlobal
