
Microsoft Visual Studio Solution File, Format Version 12.00
# Visual Studio Version 17
VisualStudioVersion = 17.14.36603.0 d17.14
MinimumVisualStudioVersion = 10.0.40219.1
Project("{FAE04EC0-301F-11D3-BF4B-00C04F79EFBC}") = "0440", "0440.csproj", "{C096A6DC-D69B-4E98-AE42-9B680527C3EA}"
EndProject
Global
	GlobalSection(SolutionConfigurationPlatforms) = preSolution
		Debug|Any CPU = Debug|Any CPU
		Release|Any CPU = Release|Any CPU
	EndGlobalSection
	GlobalSection(ProjectConfigurationPlatforms) = postSolution
		{C096A6DC-D69B-4E98-AE42-9B680527C3EA}.Debug|Any CPU.ActiveCfg = Debug|Any CPU
		{C096A6DC-D69B-4E98-AE42-9B680527C3EA}.Debug|Any CPU.Build.0 = Debug|Any CPU
		{C096A6DC-D69B-4E98-AE42-9B680527C3EA}.Release|Any CPU.ActiveCfg = Release|Any CPU
		{C096A6DC-D69B-4E98-AE42-9B680527C3EA}.Release|Any CPU.Build.0 = Release|Any CPU
	EndGlobalSection
	GlobalSection(SolutionProperties) = preSolution
		HideSolutionNode = FALSE
	EndGlobalSection
	GlobalSection(ExtensibilityGlobals) = postSolution
		SolutionGuid = {CE2FBB00-C892-4F19-9F37-0D7E8974AD6C}
	EndGlobalSection
EndGlobal
