
Microsoft Visual Studio Solution File, Format Version 12.00
# Visual Studio Version 17
VisualStudioVersion = 17.14.36603.0 d17.14
MinimumVisualStudioVersion = 10.0.40219.1
Project("{FAE04EC0-301F-11D3-BF4B-00C04F79EFBC}") = "0691", "0691.csproj", "{42FACC37-C042-43ED-93FA-46959BF7CAD1}"
EndProject
Global
	GlobalSection(SolutionConfigurationPlatforms) = preSolution
		Debug|Any CPU = Debug|Any CPU
		Release|Any CPU = Release|Any CPU
	EndGlobalSection
	GlobalSection(ProjectConfigurationPlatforms) = postSolution
		{42FACC37-C042-43ED-93FA-46959BF7CAD1}.Debug|Any CPU.ActiveCfg = Debug|Any CPU
		{42FACC37-C042-43ED-93FA-46959BF7CAD1}.Debug|Any CPU.Build.0 = Debug|Any CPU
		{42FACC37-C042-43ED-93FA-46959BF7CAD1}.Release|Any CPU.ActiveCfg = Release|Any CPU
		{42FACC37-C042-43ED-93FA-46959BF7CAD1}.Release|Any CPU.Build.0 = Release|Any CPU
	EndGlobalSection
	GlobalSection(SolutionProperties) = preSolution
		HideSolutionNode = FALSE
	EndGlobalSection
	GlobalSection(ExtensibilityGlobals) = postSolution
		SolutionGuid = {7D65300C-BB4B-4B0E-A2F7-954DE32BFA33}
	EndGlobalSection
EndGlobal
