
Microsoft Visual Studio Solution File, Format Version 12.00
# Visual Studio Version 17
VisualStudioVersion = 17.14.36717.8 d17.14
MinimumVisualStudioVersion = 10.0.40219.1
Project("{FAE04EC0-301F-11D3-BF4B-00C04F79EFBC}") = "0935", "0935.csproj", "{F7F97420-1B63-4071-8C89-A2D746B31C45}"
EndProject
Global
	GlobalSection(SolutionConfigurationPlatforms) = preSolution
		Debug|Any CPU = Debug|Any CPU
		Release|Any CPU = Release|Any CPU
	EndGlobalSection
	GlobalSection(ProjectConfigurationPlatforms) = postSolution
		{F7F97420-1B63-4071-8C89-A2D746B31C45}.Debug|Any CPU.ActiveCfg = Debug|Any CPU
		{F7F97420-1B63-4071-8C89-A2D746B31C45}.Debug|Any CPU.Build.0 = Debug|Any CPU
		{F7F97420-1B63-4071-8C89-A2D746B31C45}.Release|Any CPU.ActiveCfg = Release|Any CPU
		{F7F97420-1B63-4071-8C89-A2D746B31C45}.Release|Any CPU.Build.0 = Release|Any CPU
	EndGlobalSection
	GlobalSection(SolutionProperties) = preSolution
		HideSolutionNode = FALSE
	EndGlobalSection
	GlobalSection(ExtensibilityGlobals) = postSolution
		SolutionGuid = {88A779F8-2D9C-4F5B-9F53-2C96BB6CA907}
	EndGlobalSection
EndGlobal
