
Microsoft Visual Studio Solution File, Format Version 12.00
# Visual Studio Version 17
VisualStudioVersion = 17.14.36603.0 d17.14
MinimumVisualStudioVersion = 10.0.40219.1
Project("{FAE04EC0-301F-11D3-BF4B-00C04F79EFBC}") = "0597", "0597.csproj", "{7CBEAE6D-A51F-40A6-8277-1C3801A3DACE}"
EndProject
Global
	GlobalSection(SolutionConfigurationPlatforms) = preSolution
		Debug|Any CPU = Debug|Any CPU
		Release|Any CPU = Release|Any CPU
	EndGlobalSection
	GlobalSection(ProjectConfigurationPlatforms) = postSolution
		{7CBEAE6D-A51F-40A6-8277-1C3801A3DACE}.Debug|Any CPU.ActiveCfg = Debug|Any CPU
		{7CBEAE6D-A51F-40A6-8277-1C3801A3DACE}.Debug|Any CPU.Build.0 = Debug|Any CPU
		{7CBEAE6D-A51F-40A6-8277-1C3801A3DACE}.Release|Any CPU.ActiveCfg = Release|Any CPU
		{7CBEAE6D-A51F-40A6-8277-1C3801A3DACE}.Release|Any CPU.Build.0 = Release|Any CPU
	EndGlobalSection
	GlobalSection(SolutionProperties) = preSolution
		HideSolutionNode = FALSE
	EndGlobalSection
	GlobalSection(ExtensibilityGlobals) = postSolution
		SolutionGuid = {515CD487-349C-417A-A895-4AC9C0E69D4A}
	EndGlobalSection
EndGlobal
