
Microsoft Visual Studio Solution File, Format Version 12.00
# Visual Studio Version 17
VisualStudioVersion = 17.14.36717.8 d17.14
MinimumVisualStudioVersion = 10.0.40219.1
Project("{FAE04EC0-301F-11D3-BF4B-00C04F79EFBC}") = "0961", "0961.csproj", "{19BB18D1-D57D-466F-8EFA-41B16427FC42}"
EndProject
Global
	GlobalSection(SolutionConfigurationPlatforms) = preSolution
		Debug|Any CPU = Debug|Any CPU
		Release|Any CPU = Release|Any CPU
	EndGlobalSection
	GlobalSection(ProjectConfigurationPlatforms) = postSolution
		{19BB18D1-D57D-466F-8EFA-41B16427FC42}.Debug|Any CPU.ActiveCfg = Debug|Any CPU
		{19BB18D1-D57D-466F-8EFA-41B16427FC42}.Debug|Any CPU.Build.0 = Debug|Any CPU
		{19BB18D1-D57D-466F-8EFA-41B16427FC42}.Release|Any CPU.ActiveCfg = Release|Any CPU
		{19BB18D1-D57D-466F-8EFA-41B16427FC42}.Release|Any CPU.Build.0 = Release|Any CPU
	EndGlobalSection
	GlobalSection(SolutionProperties) = preSolution
		HideSolutionNode = FALSE
	EndGlobalSection
	GlobalSection(ExtensibilityGlobals) = postSolution
		SolutionGuid = {2720E448-9D17-42D8-8A6E-EF1DF846D1C8}
	EndGlobalSection
EndGlobal
