
Microsoft Visual Studio Solution File, Format Version 12.00
# Visual Studio Version 17
VisualStudioVersion = 17.14.36603.0 d17.14
MinimumVisualStudioVersion = 10.0.40219.1
Project("{FAE04EC0-301F-11D3-BF4B-00C04F79EFBC}") = "0711", "0711.csproj", "{FBCDED8D-B2E8-430D-860E-6D857FA88259}"
EndProject
Global
	GlobalSection(SolutionConfigurationPlatforms) = preSolution
		Debug|Any CPU = Debug|Any CPU
		Release|Any CPU = Release|Any CPU
	EndGlobalSection
	GlobalSection(ProjectConfigurationPlatforms) = postSolution
		{FBCDED8D-B2E8-430D-860E-6D857FA88259}.Debug|Any CPU.ActiveCfg = Debug|Any CPU
		{FBCDED8D-B2E8-430D-860E-6D857FA88259}.Debug|Any CPU.Build.0 = Debug|Any CPU
		{FBCDED8D-B2E8-430D-860E-6D857FA88259}.Release|Any CPU.ActiveCfg = Release|Any CPU
		{FBCDED8D-B2E8-430D-860E-6D857FA88259}.Release|Any CPU.Build.0 = Release|Any CPU
	EndGlobalSection
	GlobalSection(SolutionProperties) = preSolution
		HideSolutionNode = FALSE
	EndGlobalSection
	GlobalSection(ExtensibilityGlobals) = postSolution
		SolutionGuid = {91AF65C6-FB3F-4ABE-A07D-2061EE843BF5}
	EndGlobalSection
EndGlobal
