
Microsoft Visual Studio Solution File, Format Version 12.00
# Visual Studio Version 17
VisualStudioVersion = 17.14.36603.0 d17.14
MinimumVisualStudioVersion = 10.0.40219.1
Project("{FAE04EC0-301F-11D3-BF4B-00C04F79EFBC}") = "0727", "0727.csproj", "{43B651A8-077D-44B5-95E8-FCF55FFBB17E}"
EndProject
Global
	GlobalSection(SolutionConfigurationPlatforms) = preSolution
		Debug|Any CPU = Debug|Any CPU
		Release|Any CPU = Release|Any CPU
	EndGlobalSection
	GlobalSection(ProjectConfigurationPlatforms) = postSolution
		{43B651A8-077D-44B5-95E8-FCF55FFBB17E}.Debug|Any CPU.ActiveCfg = Debug|Any CPU
		{43B651A8-077D-44B5-95E8-FCF55FFBB17E}.Debug|Any CPU.Build.0 = Debug|Any CPU
		{43B651A8-077D-44B5-95E8-FCF55FFBB17E}.Release|Any CPU.ActiveCfg = Release|Any CPU
		{43B651A8-077D-44B5-95E8-FCF55FFBB17E}.Release|Any CPU.Build.0 = Release|Any CPU
	EndGlobalSection
	GlobalSection(SolutionProperties) = preSolution
		HideSolutionNode = FALSE
	EndGlobalSection
	GlobalSection(ExtensibilityGlobals) = postSolution
		SolutionGuid = {C25D3AC5-1164-40D6-B4F5-4ACD9FDA39C4}
	EndGlobalSection
EndGlobal
