
Microsoft Visual Studio Solution File, Format Version 12.00
# Visual Studio Version 17
VisualStudioVersion = 17.14.36603.0 d17.14
MinimumVisualStudioVersion = 10.0.40219.1
Project("{FAE04EC0-301F-11D3-BF4B-00C04F79EFBC}") = "0344", "0344.csproj", "{15436C68-CC3C-4559-9E89-78F427413358}"
EndProject
Global
	GlobalSection(SolutionConfigurationPlatforms) = preSolution
		Debug|Any CPU = Debug|Any CPU
		Release|Any CPU = Release|Any CPU
	EndGlobalSection
	GlobalSection(ProjectConfigurationPlatforms) = postSolution
		{15436C68-CC3C-4559-9E89-78F427413358}.Debug|Any CPU.ActiveCfg = Debug|Any CPU
		{15436C68-CC3C-4559-9E89-78F427413358}.Debug|Any CPU.Build.0 = Debug|Any CPU
		{15436C68-CC3C-4559-9E89-78F427413358}.Release|Any CPU.ActiveCfg = Release|Any CPU
		{15436C68-CC3C-4559-9E89-78F427413358}.Release|Any CPU.Build.0 = Release|Any CPU
	EndGlobalSection
	GlobalSection(SolutionProperties) = preSolution
		HideSolutionNode = FALSE
	EndGlobalSection
	GlobalSection(ExtensibilityGlobals) = postSolution
		SolutionGuid = {5621A8F1-7B89-4195-9085-9632949E5B2B}
	EndGlobalSection
EndGlobal
