
Microsoft Visual Studio Solution File, Format Version 12.00
# Visual Studio Version 17
VisualStudioVersion = 17.14.36603.0 d17.14
MinimumVisualStudioVersion = 10.0.40219.1
Project("{FAE04EC0-301F-11D3-BF4B-00C04F79EFBC}") = "0605", "0605.csproj", "{5AB0C67C-2436-4FDC-964F-FCB5C4DA7523}"
EndProject
Global
	GlobalSection(SolutionConfigurationPlatforms) = preSolution
		Debug|Any CPU = Debug|Any CPU
		Release|Any CPU = Release|Any CPU
	EndGlobalSection
	GlobalSection(ProjectConfigurationPlatforms) = postSolution
		{5AB0C67C-2436-4FDC-964F-FCB5C4DA7523}.Debug|Any CPU.ActiveCfg = Debug|Any CPU
		{5AB0C67C-2436-4FDC-964F-FCB5C4DA7523}.Debug|Any CPU.Build.0 = Debug|Any CPU
		{5AB0C67C-2436-4FDC-964F-FCB5C4DA7523}.Release|Any CPU.ActiveCfg = Release|Any CPU
		{5AB0C67C-2436-4FDC-964F-FCB5C4DA7523}.Release|Any CPU.Build.0 = Release|Any CPU
	EndGlobalSection
	GlobalSection(SolutionProperties) = preSolution
		HideSolutionNode = FALSE
	EndGlobalSection
	GlobalSection(ExtensibilityGlobals) = postSolution
		SolutionGuid = {4D67FEE9-C8AC-4B1D-ACFA-75B4DA6D559E}
	EndGlobalSection
EndGlobal
