
Microsoft Visual Studio Solution File, Format Version 12.00
# Visual Studio Version 17
VisualStudioVersion = 17.14.36717.8 d17.14
MinimumVisualStudioVersion = 10.0.40219.1
Project("{FAE04EC0-301F-11D3-BF4B-00C04F79EFBC}") = "1009", "1009.csproj", "{415B9CF7-679E-49D3-9E85-52A177B0EFC7}"
EndProject
Global
	GlobalSection(SolutionConfigurationPlatforms) = preSolution
		Debug|Any CPU = Debug|Any CPU
		Release|Any CPU = Release|Any CPU
	EndGlobalSection
	GlobalSection(ProjectConfigurationPlatforms) = postSolution
		{415B9CF7-679E-49D3-9E85-52A177B0EFC7}.Debug|Any CPU.ActiveCfg = Debug|Any CPU
		{415B9CF7-679E-49D3-9E85-52A177B0EFC7}.Debug|Any CPU.Build.0 = Debug|Any CPU
		{415B9CF7-679E-49D3-9E85-52A177B0EFC7}.Release|Any CPU.ActiveCfg = Release|Any CPU
		{415B9CF7-679E-49D3-9E85-52A177B0EFC7}.Release|Any CPU.Build.0 = Release|Any CPU
	EndGlobalSection
	GlobalSection(SolutionProperties) = preSolution
		HideSolutionNode = FALSE
	EndGlobalSection
	GlobalSection(ExtensibilityGlobals) = postSolution
		SolutionGuid = {8E257D36-047F-432E-A194-044BD64440EA}
	EndGlobalSection
EndGlobal
