
Microsoft Visual Studio Solution File, Format Version 12.00
# Visual Studio Version 17
VisualStudioVersion = 17.14.36603.0 d17.14
MinimumVisualStudioVersion = 10.0.40219.1
Project("{FAE04EC0-301F-11D3-BF4B-00C04F79EFBC}") = "0669", "0669.csproj", "{D6E18FC3-F54A-49D5-9C85-00715B07D249}"
EndProject
Global
	GlobalSection(SolutionConfigurationPlatforms) = preSolution
		Debug|Any CPU = Debug|Any CPU
		Release|Any CPU = Release|Any CPU
	EndGlobalSection
	GlobalSection(ProjectConfigurationPlatforms) = postSolution
		{D6E18FC3-F54A-49D5-9C85-00715B07D249}.Debug|Any CPU.ActiveCfg = Debug|Any CPU
		{D6E18FC3-F54A-49D5-9C85-00715B07D249}.Debug|Any CPU.Build.0 = Debug|Any CPU
		{D6E18FC3-F54A-49D5-9C85-00715B07D249}.Release|Any CPU.ActiveCfg = Release|Any CPU
		{D6E18FC3-F54A-49D5-9C85-00715B07D249}.Release|Any CPU.Build.0 = Release|Any CPU
	EndGlobalSection
	GlobalSection(SolutionProperties) = preSolution
		HideSolutionNode = FALSE
	EndGlobalSection
	GlobalSection(ExtensibilityGlobals) = postSolution
		SolutionGuid = {3F742A24-45D9-4707-BDCE-9454B788E6B8}
	EndGlobalSection
EndGlobal
