
Microsoft Visual Studio Solution File, Format Version 12.00
# Visual Studio Version 17
VisualStudioVersion = 17.14.36603.0 d17.14
MinimumVisualStudioVersion = 10.0.40219.1
Project("{FAE04EC0-301F-11D3-BF4B-00C04F79EFBC}") = "0622", "0622.csproj", "{AF7C9080-6AA4-4693-8B28-44FCDB67C6F4}"
EndProject
Global
	GlobalSection(SolutionConfigurationPlatforms) = preSolution
		Debug|Any CPU = Debug|Any CPU
		Release|Any CPU = Release|Any CPU
	EndGlobalSection
	GlobalSection(ProjectConfigurationPlatforms) = postSolution
		{AF7C9080-6AA4-4693-8B28-44FCDB67C6F4}.Debug|Any CPU.ActiveCfg = Debug|Any CPU
		{AF7C9080-6AA4-4693-8B28-44FCDB67C6F4}.Debug|Any CPU.Build.0 = Debug|Any CPU
		{AF7C9080-6AA4-4693-8B28-44FCDB67C6F4}.Release|Any CPU.ActiveCfg = Release|Any CPU
		{AF7C9080-6AA4-4693-8B28-44FCDB67C6F4}.Release|Any CPU.Build.0 = Release|Any CPU
	EndGlobalSection
	GlobalSection(SolutionProperties) = preSolution
		HideSolutionNode = FALSE
	EndGlobalSection
	GlobalSection(ExtensibilityGlobals) = postSolution
		SolutionGuid = {1624DB73-44CD-4B95-A9F9-02A64998F41F}
	EndGlobalSection
EndGlobal
