
Microsoft Visual Studio Solution File, Format Version 12.00
# Visual Studio Version 17
VisualStudioVersion = 17.14.36603.0 d17.14
MinimumVisualStudioVersion = 10.0.40219.1
Project("{FAE04EC0-301F-11D3-BF4B-00C04F79EFBC}") = "0724", "0724.csproj", "{8783603B-08BC-4D85-8E3B-69AB51EF1609}"
EndProject
Global
	GlobalSection(SolutionConfigurationPlatforms) = preSolution
		Debug|Any CPU = Debug|Any CPU
		Release|Any CPU = Release|Any CPU
	EndGlobalSection
	GlobalSection(ProjectConfigurationPlatforms) = postSolution
		{8783603B-08BC-4D85-8E3B-69AB51EF1609}.Debug|Any CPU.ActiveCfg = Debug|Any CPU
		{8783603B-08BC-4D85-8E3B-69AB51EF1609}.Debug|Any CPU.Build.0 = Debug|Any CPU
		{8783603B-08BC-4D85-8E3B-69AB51EF1609}.Release|Any CPU.ActiveCfg = Release|Any CPU
		{8783603B-08BC-4D85-8E3B-69AB51EF1609}.Release|Any CPU.Build.0 = Release|Any CPU
	EndGlobalSection
	GlobalSection(SolutionProperties) = preSolution
		HideSolutionNode = FALSE
	EndGlobalSection
	GlobalSection(ExtensibilityGlobals) = postSolution
		SolutionGuid = {D93A97B7-10DE-4123-BFD0-5372E1F018B0}
	EndGlobalSection
EndGlobal
