
Microsoft Visual Studio Solution File, Format Version 12.00
# Visual Studio Version 17
VisualStudioVersion = 17.14.36603.0 d17.14
MinimumVisualStudioVersion = 10.0.40219.1
Project("{FAE04EC0-301F-11D3-BF4B-00C04F79EFBC}") = "0677", "0677.csproj", "{3B126764-3223-44AC-9A37-308C43CCC788}"
EndProject
Global
	GlobalSection(SolutionConfigurationPlatforms) = preSolution
		Debug|Any CPU = Debug|Any CPU
		Release|Any CPU = Release|Any CPU
	EndGlobalSection
	GlobalSection(ProjectConfigurationPlatforms) = postSolution
		{3B126764-3223-44AC-9A37-308C43CCC788}.Debug|Any CPU.ActiveCfg = Debug|Any CPU
		{3B126764-3223-44AC-9A37-308C43CCC788}.Debug|Any CPU.Build.0 = Debug|Any CPU
		{3B126764-3223-44AC-9A37-308C43CCC788}.Release|Any CPU.ActiveCfg = Release|Any CPU
		{3B126764-3223-44AC-9A37-308C43CCC788}.Release|Any CPU.Build.0 = Release|Any CPU
	EndGlobalSection
	GlobalSection(SolutionProperties) = preSolution
		HideSolutionNode = FALSE
	EndGlobalSection
	GlobalSection(ExtensibilityGlobals) = postSolution
		SolutionGuid = {33ED76E5-B9F6-4FB9-95B9-C63519C008F2}
	EndGlobalSection
EndGlobal
