
Microsoft Visual Studio Solution File, Format Version 12.00
# Visual Studio Version 17
VisualStudioVersion = 17.14.36603.0 d17.14
MinimumVisualStudioVersion = 10.0.40219.1
Project("{FAE04EC0-301F-11D3-BF4B-00C04F79EFBC}") = "0754", "0754.csproj", "{202135ED-734B-4271-9708-5E921543608D}"
EndProject
Global
	GlobalSection(SolutionConfigurationPlatforms) = preSolution
		Debug|Any CPU = Debug|Any CPU
		Release|Any CPU = Release|Any CPU
	EndGlobalSection
	GlobalSection(ProjectConfigurationPlatforms) = postSolution
		{202135ED-734B-4271-9708-5E921543608D}.Debug|Any CPU.ActiveCfg = Debug|Any CPU
		{202135ED-734B-4271-9708-5E921543608D}.Debug|Any CPU.Build.0 = Debug|Any CPU
		{202135ED-734B-4271-9708-5E921543608D}.Release|Any CPU.ActiveCfg = Release|Any CPU
		{202135ED-734B-4271-9708-5E921543608D}.Release|Any CPU.Build.0 = Release|Any CPU
	EndGlobalSection
	GlobalSection(SolutionProperties) = preSolution
		HideSolutionNode = FALSE
	EndGlobalSection
	GlobalSection(ExtensibilityGlobals) = postSolution
		SolutionGuid = {22616E02-9B07-41EC-891E-C2E35A35DEA9}
	EndGlobalSection
EndGlobal
