
Microsoft Visual Studio Solution File, Format Version 12.00
# Visual Studio Version 17
VisualStudioVersion = 17.14.36603.0 d17.14
MinimumVisualStudioVersion = 10.0.40219.1
Project("{FAE04EC0-301F-11D3-BF4B-00C04F79EFBC}") = "0154", "0154.csproj", "{27570E21-8033-4AD3-999D-BB63E8053780}"
EndProject
Global
	GlobalSection(SolutionConfigurationPlatforms) = preSolution
		Debug|Any CPU = Debug|Any CPU
		Release|Any CPU = Release|Any CPU
	EndGlobalSection
	GlobalSection(ProjectConfigurationPlatforms) = postSolution
		{27570E21-8033-4AD3-999D-BB63E8053780}.Debug|Any CPU.ActiveCfg = Debug|Any CPU
		{27570E21-8033-4AD3-999D-BB63E8053780}.Debug|Any CPU.Build.0 = Debug|Any CPU
		{27570E21-8033-4AD3-999D-BB63E8053780}.Release|Any CPU.ActiveCfg = Release|Any CPU
		{27570E21-8033-4AD3-999D-BB63E8053780}.Release|Any CPU.Build.0 = Release|Any CPU
	EndGlobalSection
	GlobalSection(SolutionProperties) = preSolution
		HideSolutionNode = FALSE
	EndGlobalSection
	GlobalSection(ExtensibilityGlobals) = postSolution
		SolutionGuid = {63E93029-333C-4F33-829F-CB6044353C43}
	EndGlobalSection
EndGlobal
