
Microsoft Visual Studio Solution File, Format Version 12.00
# Visual Studio Version 17
VisualStudioVersion = 17.14.36603.0 d17.14
MinimumVisualStudioVersion = 10.0.40219.1
Project("{FAE04EC0-301F-11D3-BF4B-00C04F79EFBC}") = "0737", "0737.csproj", "{207BD35A-0171-4DC4-A648-278A53E59917}"
EndProject
Global
	GlobalSection(SolutionConfigurationPlatforms) = preSolution
		Debug|Any CPU = Debug|Any CPU
		Release|Any CPU = Release|Any CPU
	EndGlobalSection
	GlobalSection(ProjectConfigurationPlatforms) = postSolution
		{207BD35A-0171-4DC4-A648-278A53E59917}.Debug|Any CPU.ActiveCfg = Debug|Any CPU
		{207BD35A-0171-4DC4-A648-278A53E59917}.Debug|Any CPU.Build.0 = Debug|Any CPU
		{207BD35A-0171-4DC4-A648-278A53E59917}.Release|Any CPU.ActiveCfg = Release|Any CPU
		{207BD35A-0171-4DC4-A648-278A53E59917}.Release|Any CPU.Build.0 = Release|Any CPU
	EndGlobalSection
	GlobalSection(SolutionProperties) = preSolution
		HideSolutionNode = FALSE
	EndGlobalSection
	GlobalSection(ExtensibilityGlobals) = postSolution
		SolutionGuid = {816B6519-1AD8-4CE9-80C7-448CADB576DF}
	EndGlobalSection
EndGlobal
