
Microsoft Visual Studio Solution File, Format Version 12.00
# Visual Studio Version 17
VisualStudioVersion = 17.14.36717.8 d17.14
MinimumVisualStudioVersion = 10.0.40219.1
Project("{FAE04EC0-301F-11D3-BF4B-00C04F79EFBC}") = "1312", "1312.csproj", "{A79C10A6-0262-4916-B520-E1EA415C2F50}"
EndProject
Global
	GlobalSection(SolutionConfigurationPlatforms) = preSolution
		Debug|Any CPU = Debug|Any CPU
		Release|Any CPU = Release|Any CPU
	EndGlobalSection
	GlobalSection(ProjectConfigurationPlatforms) = postSolution
		{A79C10A6-0262-4916-B520-E1EA415C2F50}.Debug|Any CPU.ActiveCfg = Debug|Any CPU
		{A79C10A6-0262-4916-B520-E1EA415C2F50}.Debug|Any CPU.Build.0 = Debug|Any CPU
		{A79C10A6-0262-4916-B520-E1EA415C2F50}.Release|Any CPU.ActiveCfg = Release|Any CPU
		{A79C10A6-0262-4916-B520-E1EA415C2F50}.Release|Any CPU.Build.0 = Release|Any CPU
	EndGlobalSection
	GlobalSection(SolutionProperties) = preSolution
		HideSolutionNode = FALSE
	EndGlobalSection
	GlobalSection(ExtensibilityGlobals) = postSolution
		SolutionGuid = {5737F48E-6B0D-472A-AB4A-428DED89EDB8}
	EndGlobalSection
EndGlobal
