
Microsoft Visual Studio Solution File, Format Version 12.00
# Visual Studio Version 17
VisualStudioVersion = 17.14.36603.0 d17.14
MinimumVisualStudioVersion = 10.0.40219.1
Project("{FAE04EC0-301F-11D3-BF4B-00C04F79EFBC}") = "0602", "0602.csproj", "{EC1F14C2-56BA-453F-92F1-D0A99606169F}"
EndProject
Global
	GlobalSection(SolutionConfigurationPlatforms) = preSolution
		Debug|Any CPU = Debug|Any CPU
		Release|Any CPU = Release|Any CPU
	EndGlobalSection
	GlobalSection(ProjectConfigurationPlatforms) = postSolution
		{EC1F14C2-56BA-453F-92F1-D0A99606169F}.Debug|Any CPU.ActiveCfg = Debug|Any CPU
		{EC1F14C2-56BA-453F-92F1-D0A99606169F}.Debug|Any CPU.Build.0 = Debug|Any CPU
		{EC1F14C2-56BA-453F-92F1-D0A99606169F}.Release|Any CPU.ActiveCfg = Release|Any CPU
		{EC1F14C2-56BA-453F-92F1-D0A99606169F}.Release|Any CPU.Build.0 = Release|Any CPU
	EndGlobalSection
	GlobalSection(SolutionProperties) = preSolution
		HideSolutionNode = FALSE
	EndGlobalSection
	GlobalSection(ExtensibilityGlobals) = postSolution
		SolutionGuid = {F18F5B5D-6BAB-4B5F-A42C-40F08C1675AD}
	EndGlobalSection
EndGlobal
