
Microsoft Visual Studio Solution File, Format Version 12.00
# Visual Studio Version 17
VisualStudioVersion = 17.14.36603.0 d17.14
MinimumVisualStudioVersion = 10.0.40219.1
Project("{FAE04EC0-301F-11D3-BF4B-00C04F79EFBC}") = "0551", "0551.csproj", "{52BBB95C-733D-4D44-A144-9C91907C9EB8}"
EndProject
Global
	GlobalSection(SolutionConfigurationPlatforms) = preSolution
		Debug|Any CPU = Debug|Any CPU
		Release|Any CPU = Release|Any CPU
	EndGlobalSection
	GlobalSection(ProjectConfigurationPlatforms) = postSolution
		{52BBB95C-733D-4D44-A144-9C91907C9EB8}.Debug|Any CPU.ActiveCfg = Debug|Any CPU
		{52BBB95C-733D-4D44-A144-9C91907C9EB8}.Debug|Any CPU.Build.0 = Debug|Any CPU
		{52BBB95C-733D-4D44-A144-9C91907C9EB8}.Release|Any CPU.ActiveCfg = Release|Any CPU
		{52BBB95C-733D-4D44-A144-9C91907C9EB8}.Release|Any CPU.Build.0 = Release|Any CPU
	EndGlobalSection
	GlobalSection(SolutionProperties) = preSolution
		HideSolutionNode = FALSE
	EndGlobalSection
	GlobalSection(ExtensibilityGlobals) = postSolution
		SolutionGuid = {12D7A26B-8F8C-41E6-A1E1-91F14634DEB8}
	EndGlobalSection
EndGlobal
