
Microsoft Visual Studio Solution File, Format Version 12.00
# Visual Studio Version 17
VisualStudioVersion = 17.14.36603.0 d17.14
MinimumVisualStudioVersion = 10.0.40219.1
Project("{FAE04EC0-301F-11D3-BF4B-00C04F79EFBC}") = "0217", "0217.csproj", "{CAC19A15-E34E-4EF4-87BF-EF126171634C}"
EndProject
Global
	GlobalSection(SolutionConfigurationPlatforms) = preSolution
		Debug|Any CPU = Debug|Any CPU
		Release|Any CPU = Release|Any CPU
	EndGlobalSection
	GlobalSection(ProjectConfigurationPlatforms) = postSolution
		{CAC19A15-E34E-4EF4-87BF-EF126171634C}.Debug|Any CPU.ActiveCfg = Debug|Any CPU
		{CAC19A15-E34E-4EF4-87BF-EF126171634C}.Debug|Any CPU.Build.0 = Debug|Any CPU
		{CAC19A15-E34E-4EF4-87BF-EF126171634C}.Release|Any CPU.ActiveCfg = Release|Any CPU
		{CAC19A15-E34E-4EF4-87BF-EF126171634C}.Release|Any CPU.Build.0 = Release|Any CPU
	EndGlobalSection
	GlobalSection(SolutionProperties) = preSolution
		HideSolutionNode = FALSE
	EndGlobalSection
	GlobalSection(ExtensibilityGlobals) = postSolution
		SolutionGuid = {0E4945AD-2EA4-4CD9-B14C-4AF43965D1A1}
	EndGlobalSection
EndGlobal
