
Microsoft Visual Studio Solution File, Format Version 12.00
# Visual Studio Version 17
VisualStudioVersion = 17.14.36603.0 d17.14
MinimumVisualStudioVersion = 10.0.40219.1
Project("{FAE04EC0-301F-11D3-BF4B-00C04F79EFBC}") = "0196", "0196.csproj", "{81F9BE71-0768-41E0-AB48-F6B223828548}"
EndProject
Global
	GlobalSection(SolutionConfigurationPlatforms) = preSolution
		Debug|Any CPU = Debug|Any CPU
		Release|Any CPU = Release|Any CPU
	EndGlobalSection
	GlobalSection(ProjectConfigurationPlatforms) = postSolution
		{81F9BE71-0768-41E0-AB48-F6B223828548}.Debug|Any CPU.ActiveCfg = Debug|Any CPU
		{81F9BE71-0768-41E0-AB48-F6B223828548}.Debug|Any CPU.Build.0 = Debug|Any CPU
		{81F9BE71-0768-41E0-AB48-F6B223828548}.Release|Any CPU.ActiveCfg = Release|Any CPU
		{81F9BE71-0768-41E0-AB48-F6B223828548}.Release|Any CPU.Build.0 = Release|Any CPU
	EndGlobalSection
	GlobalSection(SolutionProperties) = preSolution
		HideSolutionNode = FALSE
	EndGlobalSection
	GlobalSection(ExtensibilityGlobals) = postSolution
		SolutionGuid = {59E6CB0B-AE2B-4476-9B31-122F51C37141}
	EndGlobalSection
EndGlobal
