
Microsoft Visual Studio Solution File, Format Version 12.00
# Visual Studio Version 17
VisualStudioVersion = 17.14.36717.8 d17.14
MinimumVisualStudioVersion = 10.0.40219.1
Project("{FAE04EC0-301F-11D3-BF4B-00C04F79EFBC}") = "1110", "1110.csproj", "{B2369676-B50A-46D4-A246-E34B26EFE69B}"
EndProject
Global
	GlobalSection(SolutionConfigurationPlatforms) = preSolution
		Debug|Any CPU = Debug|Any CPU
		Release|Any CPU = Release|Any CPU
	EndGlobalSection
	GlobalSection(ProjectConfigurationPlatforms) = postSolution
		{B2369676-B50A-46D4-A246-E34B26EFE69B}.Debug|Any CPU.ActiveCfg = Debug|Any CPU
		{B2369676-B50A-46D4-A246-E34B26EFE69B}.Debug|Any CPU.Build.0 = Debug|Any CPU
		{B2369676-B50A-46D4-A246-E34B26EFE69B}.Release|Any CPU.ActiveCfg = Release|Any CPU
		{B2369676-B50A-46D4-A246-E34B26EFE69B}.Release|Any CPU.Build.0 = Release|Any CPU
	EndGlobalSection
	GlobalSection(SolutionProperties) = preSolution
		HideSolutionNode = FALSE
	EndGlobalSection
	GlobalSection(ExtensibilityGlobals) = postSolution
		SolutionGuid = {C22ECB3B-516A-4036-AE55-27DFA2D7A46F}
	EndGlobalSection
EndGlobal
