
Microsoft Visual Studio Solution File, Format Version 12.00
# Visual Studio Version 17
VisualStudioVersion = 17.14.36717.8 d17.14
MinimumVisualStudioVersion = 10.0.40219.1
Project("{FAE04EC0-301F-11D3-BF4B-00C04F79EFBC}") = "0898", "0898.csproj", "{59A619D2-EFE6-4491-8B91-EB81E4E7A463}"
EndProject
Global
	GlobalSection(SolutionConfigurationPlatforms) = preSolution
		Debug|Any CPU = Debug|Any CPU
		Release|Any CPU = Release|Any CPU
	EndGlobalSection
	GlobalSection(ProjectConfigurationPlatforms) = postSolution
		{59A619D2-EFE6-4491-8B91-EB81E4E7A463}.Debug|Any CPU.ActiveCfg = Debug|Any CPU
		{59A619D2-EFE6-4491-8B91-EB81E4E7A463}.Debug|Any CPU.Build.0 = Debug|Any CPU
		{59A619D2-EFE6-4491-8B91-EB81E4E7A463}.Release|Any CPU.ActiveCfg = Release|Any CPU
		{59A619D2-EFE6-4491-8B91-EB81E4E7A463}.Release|Any CPU.Build.0 = Release|Any CPU
	EndGlobalSection
	GlobalSection(SolutionProperties) = preSolution
		HideSolutionNode = FALSE
	EndGlobalSection
	GlobalSection(ExtensibilityGlobals) = postSolution
		SolutionGuid = {A61666AB-64C7-4B3B-92C8-FE09D59784D3}
	EndGlobalSection
EndGlobal
