
Microsoft Visual Studio Solution File, Format Version 12.00
# Visual Studio Version 17
VisualStudioVersion = 17.14.36717.8 d17.14
MinimumVisualStudioVersion = 10.0.40219.1
Project("{FAE04EC0-301F-11D3-BF4B-00C04F79EFBC}") = "0803", "0803.csproj", "{AB3EEA60-6715-4857-AFE6-AB879F4A6D1E}"
EndProject
Global
	GlobalSection(SolutionConfigurationPlatforms) = preSolution
		Debug|Any CPU = Debug|Any CPU
		Release|Any CPU = Release|Any CPU
	EndGlobalSection
	GlobalSection(ProjectConfigurationPlatforms) = postSolution
		{AB3EEA60-6715-4857-AFE6-AB879F4A6D1E}.Debug|Any CPU.ActiveCfg = Debug|Any CPU
		{AB3EEA60-6715-4857-AFE6-AB879F4A6D1E}.Debug|Any CPU.Build.0 = Debug|Any CPU
		{AB3EEA60-6715-4857-AFE6-AB879F4A6D1E}.Release|Any CPU.ActiveCfg = Release|Any CPU
		{AB3EEA60-6715-4857-AFE6-AB879F4A6D1E}.Release|Any CPU.Build.0 = Release|Any CPU
	EndGlobalSection
	GlobalSection(SolutionProperties) = preSolution
		HideSolutionNode = FALSE
	EndGlobalSection
	GlobalSection(ExtensibilityGlobals) = postSolution
		SolutionGuid = {E043AA61-87A3-44E5-AC0D-E3116F551EF7}
	EndGlobalSection
EndGlobal
