
Microsoft Visual Studio Solution File, Format Version 12.00
# Visual Studio Version 17
VisualStudioVersion = 17.14.36717.8 d17.14
MinimumVisualStudioVersion = 10.0.40219.1
Project("{FAE04EC0-301F-11D3-BF4B-00C04F79EFBC}") = "1025", "1025.csproj", "{74D26366-273C-4C36-97EF-FCBE81DA2EEB}"
EndProject
Global
	GlobalSection(SolutionConfigurationPlatforms) = preSolution
		Debug|Any CPU = Debug|Any CPU
		Release|Any CPU = Release|Any CPU
	EndGlobalSection
	GlobalSection(ProjectConfigurationPlatforms) = postSolution
		{74D26366-273C-4C36-97EF-FCBE81DA2EEB}.Debug|Any CPU.ActiveCfg = Debug|Any CPU
		{74D26366-273C-4C36-97EF-FCBE81DA2EEB}.Debug|Any CPU.Build.0 = Debug|Any CPU
		{74D26366-273C-4C36-97EF-FCBE81DA2EEB}.Release|Any CPU.ActiveCfg = Release|Any CPU
		{74D26366-273C-4C36-97EF-FCBE81DA2EEB}.Release|Any CPU.Build.0 = Release|Any CPU
	EndGlobalSection
	GlobalSection(SolutionProperties) = preSolution
		HideSolutionNode = FALSE
	EndGlobalSection
	GlobalSection(ExtensibilityGlobals) = postSolution
		SolutionGuid = {24459C91-4B06-464B-B231-3B53595EEDD0}
	EndGlobalSection
EndGlobal
