
Microsoft Visual Studio Solution File, Format Version 12.00
# Visual Studio Version 17
VisualStudioVersion = 17.14.36603.0 d17.14
MinimumVisualStudioVersion = 10.0.40219.1
Project("{FAE04EC0-301F-11D3-BF4B-00C04F79EFBC}") = "0360", "0360.csproj", "{5C276939-DDA1-4A28-8FA9-504BC69A09FD}"
EndProject
Global
	GlobalSection(SolutionConfigurationPlatforms) = preSolution
		Debug|Any CPU = Debug|Any CPU
		Release|Any CPU = Release|Any CPU
	EndGlobalSection
	GlobalSection(ProjectConfigurationPlatforms) = postSolution
		{5C276939-DDA1-4A28-8FA9-504BC69A09FD}.Debug|Any CPU.ActiveCfg = Debug|Any CPU
		{5C276939-DDA1-4A28-8FA9-504BC69A09FD}.Debug|Any CPU.Build.0 = Debug|Any CPU
		{5C276939-DDA1-4A28-8FA9-504BC69A09FD}.Release|Any CPU.ActiveCfg = Release|Any CPU
		{5C276939-DDA1-4A28-8FA9-504BC69A09FD}.Release|Any CPU.Build.0 = Release|Any CPU
	EndGlobalSection
	GlobalSection(SolutionProperties) = preSolution
		HideSolutionNode = FALSE
	EndGlobalSection
	GlobalSection(ExtensibilityGlobals) = postSolution
		SolutionGuid = {026633E5-30FD-49D1-985E-81D7F19A5A59}
	EndGlobalSection
EndGlobal
