
Microsoft Visual Studio Solution File, Format Version 12.00
# Visual Studio Version 17
VisualStudioVersion = 17.14.36717.8 d17.14
MinimumVisualStudioVersion = 10.0.40219.1
Project("{FAE04EC0-301F-11D3-BF4B-00C04F79EFBC}") = "0943", "0943.csproj", "{60556A17-5BD7-4C9E-86AC-4D7F36BC9039}"
EndProject
Global
	GlobalSection(SolutionConfigurationPlatforms) = preSolution
		Debug|Any CPU = Debug|Any CPU
		Release|Any CPU = Release|Any CPU
	EndGlobalSection
	GlobalSection(ProjectConfigurationPlatforms) = postSolution
		{60556A17-5BD7-4C9E-86AC-4D7F36BC9039}.Debug|Any CPU.ActiveCfg = Debug|Any CPU
		{60556A17-5BD7-4C9E-86AC-4D7F36BC9039}.Debug|Any CPU.Build.0 = Debug|Any CPU
		{60556A17-5BD7-4C9E-86AC-4D7F36BC9039}.Release|Any CPU.ActiveCfg = Release|Any CPU
		{60556A17-5BD7-4C9E-86AC-4D7F36BC9039}.Release|Any CPU.Build.0 = Release|Any CPU
	EndGlobalSection
	GlobalSection(SolutionProperties) = preSolution
		HideSolutionNode = FALSE
	EndGlobalSection
	GlobalSection(ExtensibilityGlobals) = postSolution
		SolutionGuid = {5A5C4EC2-133F-4FE3-BFF0-B00155A041D2}
	EndGlobalSection
EndGlobal
