
Microsoft Visual Studio Solution File, Format Version 12.00
# Visual Studio Version 17
VisualStudioVersion = 17.14.36717.8 d17.14
MinimumVisualStudioVersion = 10.0.40219.1
Project("{FAE04EC0-301F-11D3-BF4B-00C04F79EFBC}") = "1075", "1075.csproj", "{90401238-65A3-4E52-8B82-B3D56D94740F}"
EndProject
Global
	GlobalSection(SolutionConfigurationPlatforms) = preSolution
		Debug|Any CPU = Debug|Any CPU
		Release|Any CPU = Release|Any CPU
	EndGlobalSection
	GlobalSection(ProjectConfigurationPlatforms) = postSolution
		{90401238-65A3-4E52-8B82-B3D56D94740F}.Debug|Any CPU.ActiveCfg = Debug|Any CPU
		{90401238-65A3-4E52-8B82-B3D56D94740F}.Debug|Any CPU.Build.0 = Debug|Any CPU
		{90401238-65A3-4E52-8B82-B3D56D94740F}.Release|Any CPU.ActiveCfg = Release|Any CPU
		{90401238-65A3-4E52-8B82-B3D56D94740F}.Release|Any CPU.Build.0 = Release|Any CPU
	EndGlobalSection
	GlobalSection(SolutionProperties) = preSolution
		HideSolutionNode = FALSE
	EndGlobalSection
	GlobalSection(ExtensibilityGlobals) = postSolution
		SolutionGuid = {183E4A04-8916-4E6C-8FD7-3BB992E298D3}
	EndGlobalSection
EndGlobal
