
Microsoft Visual Studio Solution File, Format Version 12.00
# Visual Studio Version 17
VisualStudioVersion = 17.14.36603.0 d17.14
MinimumVisualStudioVersion = 10.0.40219.1
Project("{FAE04EC0-301F-11D3-BF4B-00C04F79EFBC}") = "0297", "0297.csproj", "{5B3DEE73-B27A-4050-B73D-FA0E72D48457}"
EndProject
Global
	GlobalSection(SolutionConfigurationPlatforms) = preSolution
		Debug|Any CPU = Debug|Any CPU
		Release|Any CPU = Release|Any CPU
	EndGlobalSection
	GlobalSection(ProjectConfigurationPlatforms) = postSolution
		{5B3DEE73-B27A-4050-B73D-FA0E72D48457}.Debug|Any CPU.ActiveCfg = Debug|Any CPU
		{5B3DEE73-B27A-4050-B73D-FA0E72D48457}.Debug|Any CPU.Build.0 = Debug|Any CPU
		{5B3DEE73-B27A-4050-B73D-FA0E72D48457}.Release|Any CPU.ActiveCfg = Release|Any CPU
		{5B3DEE73-B27A-4050-B73D-FA0E72D48457}.Release|Any CPU.Build.0 = Release|Any CPU
	EndGlobalSection
	GlobalSection(SolutionProperties) = preSolution
		HideSolutionNode = FALSE
	EndGlobalSection
	GlobalSection(ExtensibilityGlobals) = postSolution
		SolutionGuid = {95665655-326C-43A9-8250-F9D69E0E02D9}
	EndGlobalSection
EndGlobal
