
Microsoft Visual Studio Solution File, Format Version 12.00
# Visual Studio Version 17
VisualStudioVersion = 17.14.36603.0 d17.14
MinimumVisualStudioVersion = 10.0.40219.1
Project("{FAE04EC0-301F-11D3-BF4B-00C04F79EFBC}") = "0478", "0478.csproj", "{014827A4-EDC0-4AE7-A1C9-2E71E00C9AFC}"
EndProject
Global
	GlobalSection(SolutionConfigurationPlatforms) = preSolution
		Debug|Any CPU = Debug|Any CPU
		Release|Any CPU = Release|Any CPU
	EndGlobalSection
	GlobalSection(ProjectConfigurationPlatforms) = postSolution
		{014827A4-EDC0-4AE7-A1C9-2E71E00C9AFC}.Debug|Any CPU.ActiveCfg = Debug|Any CPU
		{014827A4-EDC0-4AE7-A1C9-2E71E00C9AFC}.Debug|Any CPU.Build.0 = Debug|Any CPU
		{014827A4-EDC0-4AE7-A1C9-2E71E00C9AFC}.Release|Any CPU.ActiveCfg = Release|Any CPU
		{014827A4-EDC0-4AE7-A1C9-2E71E00C9AFC}.Release|Any CPU.Build.0 = Release|Any CPU
	EndGlobalSection
	GlobalSection(SolutionProperties) = preSolution
		HideSolutionNode = FALSE
	EndGlobalSection
	GlobalSection(ExtensibilityGlobals) = postSolution
		SolutionGuid = {F8A9BAC5-77B0-4082-8C64-EE3927E1B578}
	EndGlobalSection
EndGlobal
