
Microsoft Visual Studio Solution File, Format Version 12.00
# Visual Studio Version 17
VisualStudioVersion = 17.14.36717.8 d17.14
MinimumVisualStudioVersion = 10.0.40219.1
Project("{FAE04EC0-301F-11D3-BF4B-00C04F79EFBC}") = "0934", "0934.csproj", "{F10D7E7A-CFC0-424C-A345-DEB1C044DB1A}"
EndProject
Global
	GlobalSection(SolutionConfigurationPlatforms) = preSolution
		Debug|Any CPU = Debug|Any CPU
		Release|Any CPU = Release|Any CPU
	EndGlobalSection
	GlobalSection(ProjectConfigurationPlatforms) = postSolution
		{F10D7E7A-CFC0-424C-A345-DEB1C044DB1A}.Debug|Any CPU.ActiveCfg = Debug|Any CPU
		{F10D7E7A-CFC0-424C-A345-DEB1C044DB1A}.Debug|Any CPU.Build.0 = Debug|Any CPU
		{F10D7E7A-CFC0-424C-A345-DEB1C044DB1A}.Release|Any CPU.ActiveCfg = Release|Any CPU
		{F10D7E7A-CFC0-424C-A345-DEB1C044DB1A}.Release|Any CPU.Build.0 = Release|Any CPU
	EndGlobalSection
	GlobalSection(SolutionProperties) = preSolution
		HideSolutionNode = FALSE
	EndGlobalSection
	GlobalSection(ExtensibilityGlobals) = postSolution
		SolutionGuid = {E267C0E7-4440-45AD-B5E1-91A4DE865628}
	EndGlobalSection
EndGlobal
