
Microsoft Visual Studio Solution File, Format Version 12.00
# Visual Studio Version 17
VisualStudioVersion = 17.14.36603.0 d17.14
MinimumVisualStudioVersion = 10.0.40219.1
Project("{FAE04EC0-301F-11D3-BF4B-00C04F79EFBC}") = "0532", "0532.csproj", "{1C31B93C-F748-4EC3-8D13-B29E9E257980}"
EndProject
Global
	GlobalSection(SolutionConfigurationPlatforms) = preSolution
		Debug|Any CPU = Debug|Any CPU
		Release|Any CPU = Release|Any CPU
	EndGlobalSection
	GlobalSection(ProjectConfigurationPlatforms) = postSolution
		{1C31B93C-F748-4EC3-8D13-B29E9E257980}.Debug|Any CPU.ActiveCfg = Debug|Any CPU
		{1C31B93C-F748-4EC3-8D13-B29E9E257980}.Debug|Any CPU.Build.0 = Debug|Any CPU
		{1C31B93C-F748-4EC3-8D13-B29E9E257980}.Release|Any CPU.ActiveCfg = Release|Any CPU
		{1C31B93C-F748-4EC3-8D13-B29E9E257980}.Release|Any CPU.Build.0 = Release|Any CPU
	EndGlobalSection
	GlobalSection(SolutionProperties) = preSolution
		HideSolutionNode = FALSE
	EndGlobalSection
	GlobalSection(ExtensibilityGlobals) = postSolution
		SolutionGuid = {54DE3E57-F0BD-4920-BAD5-A5FAE4CD6E58}
	EndGlobalSection
EndGlobal
