
Microsoft Visual Studio Solution File, Format Version 12.00
# Visual Studio Version 17
VisualStudioVersion = 17.14.36603.0 d17.14
MinimumVisualStudioVersion = 10.0.40219.1
Project("{FAE04EC0-301F-11D3-BF4B-00C04F79EFBC}") = "0558", "0558.csproj", "{45D6E357-AF51-40CB-B89B-D6A1BEF20822}"
EndProject
Global
	GlobalSection(SolutionConfigurationPlatforms) = preSolution
		Debug|Any CPU = Debug|Any CPU
		Release|Any CPU = Release|Any CPU
	EndGlobalSection
	GlobalSection(ProjectConfigurationPlatforms) = postSolution
		{45D6E357-AF51-40CB-B89B-D6A1BEF20822}.Debug|Any CPU.ActiveCfg = Debug|Any CPU
		{45D6E357-AF51-40CB-B89B-D6A1BEF20822}.Debug|Any CPU.Build.0 = Debug|Any CPU
		{45D6E357-AF51-40CB-B89B-D6A1BEF20822}.Release|Any CPU.ActiveCfg = Release|Any CPU
		{45D6E357-AF51-40CB-B89B-D6A1BEF20822}.Release|Any CPU.Build.0 = Release|Any CPU
	EndGlobalSection
	GlobalSection(SolutionProperties) = preSolution
		HideSolutionNode = FALSE
	EndGlobalSection
	GlobalSection(ExtensibilityGlobals) = postSolution
		SolutionGuid = {0CDE786D-B1C7-4CD6-9AD3-66BD027DE6BC}
	EndGlobalSection
EndGlobal
