
Microsoft Visual Studio Solution File, Format Version 12.00
# Visual Studio Version 17
VisualStudioVersion = 17.14.36603.0 d17.14
MinimumVisualStudioVersion = 10.0.40219.1
Project("{FAE04EC0-301F-11D3-BF4B-00C04F79EFBC}") = "0707", "0707.csproj", "{D2A53B56-D0AD-42CE-A736-80E4C29F58BB}"
EndProject
Global
	GlobalSection(SolutionConfigurationPlatforms) = preSolution
		Debug|Any CPU = Debug|Any CPU
		Release|Any CPU = Release|Any CPU
	EndGlobalSection
	GlobalSection(ProjectConfigurationPlatforms) = postSolution
		{D2A53B56-D0AD-42CE-A736-80E4C29F58BB}.Debug|Any CPU.ActiveCfg = Debug|Any CPU
		{D2A53B56-D0AD-42CE-A736-80E4C29F58BB}.Debug|Any CPU.Build.0 = Debug|Any CPU
		{D2A53B56-D0AD-42CE-A736-80E4C29F58BB}.Release|Any CPU.ActiveCfg = Release|Any CPU
		{D2A53B56-D0AD-42CE-A736-80E4C29F58BB}.Release|Any CPU.Build.0 = Release|Any CPU
	EndGlobalSection
	GlobalSection(SolutionProperties) = preSolution
		HideSolutionNode = FALSE
	EndGlobalSection
	GlobalSection(ExtensibilityGlobals) = postSolution
		SolutionGuid = {EBDCB3D1-5450-4547-A964-D8912B407E59}
	EndGlobalSection
EndGlobal
