
Microsoft Visual Studio Solution File, Format Version 12.00
# Visual Studio Version 17
VisualStudioVersion = 17.14.36429.23 d17.14
MinimumVisualStudioVersion = 10.0.40219.1
Project("{FAE04EC0-301F-11D3-BF4B-00C04F79EFBC}") = "0008", "0008.csproj", "{02F4E4F0-5B90-4FCD-B803-8F0CF2235379}"
EndProject
Global
	GlobalSection(SolutionConfigurationPlatforms) = preSolution
		Debug|Any CPU = Debug|Any CPU
		Release|Any CPU = Release|Any CPU
	EndGlobalSection
	GlobalSection(ProjectConfigurationPlatforms) = postSolution
		{02F4E4F0-5B90-4FCD-B803-8F0CF2235379}.Debug|Any CPU.ActiveCfg = Debug|Any CPU
		{02F4E4F0-5B90-4FCD-B803-8F0CF2235379}.Debug|Any CPU.Build.0 = Debug|Any CPU
		{02F4E4F0-5B90-4FCD-B803-8F0CF2235379}.Release|Any CPU.ActiveCfg = Release|Any CPU
		{02F4E4F0-5B90-4FCD-B803-8F0CF2235379}.Release|Any CPU.Build.0 = Release|Any CPU
	EndGlobalSection
	GlobalSection(SolutionProperties) = preSolution
		HideSolutionNode = FALSE
	EndGlobalSection
	GlobalSection(ExtensibilityGlobals) = postSolution
		SolutionGuid = {F40DD4C1-E63C-47E2-8166-F27AEBC7E712}
	EndGlobalSection
EndGlobal
