
Microsoft Visual Studio Solution File, Format Version 12.00
# Visual Studio Version 17
VisualStudioVersion = 17.14.36603.0 d17.14
MinimumVisualStudioVersion = 10.0.40219.1
Project("{FAE04EC0-301F-11D3-BF4B-00C04F79EFBC}") = "0315", "0315.csproj", "{4BEB3D5E-A6E1-4007-B40E-8F048F0DC9CF}"
EndProject
Global
	GlobalSection(SolutionConfigurationPlatforms) = preSolution
		Debug|Any CPU = Debug|Any CPU
		Release|Any CPU = Release|Any CPU
	EndGlobalSection
	GlobalSection(ProjectConfigurationPlatforms) = postSolution
		{4BEB3D5E-A6E1-4007-B40E-8F048F0DC9CF}.Debug|Any CPU.ActiveCfg = Debug|Any CPU
		{4BEB3D5E-A6E1-4007-B40E-8F048F0DC9CF}.Debug|Any CPU.Build.0 = Debug|Any CPU
		{4BEB3D5E-A6E1-4007-B40E-8F048F0DC9CF}.Release|Any CPU.ActiveCfg = Release|Any CPU
		{4BEB3D5E-A6E1-4007-B40E-8F048F0DC9CF}.Release|Any CPU.Build.0 = Release|Any CPU
	EndGlobalSection
	GlobalSection(SolutionProperties) = preSolution
		HideSolutionNode = FALSE
	EndGlobalSection
	GlobalSection(ExtensibilityGlobals) = postSolution
		SolutionGuid = {355EBCD7-1A5E-4D46-9F1C-2451544CA523}
	EndGlobalSection
EndGlobal
