
Microsoft Visual Studio Solution File, Format Version 12.00
# Visual Studio Version 17
VisualStudioVersion = 17.14.36429.23 d17.14
MinimumVisualStudioVersion = 10.0.40219.1
Project("{FAE04EC0-301F-11D3-BF4B-00C04F79EFBC}") = "0052", "0052.csproj", "{0C961E64-E48A-43F6-B82B-91546529A122}"
EndProject
Global
	GlobalSection(SolutionConfigurationPlatforms) = preSolution
		Debug|Any CPU = Debug|Any CPU
		Release|Any CPU = Release|Any CPU
	EndGlobalSection
	GlobalSection(ProjectConfigurationPlatforms) = postSolution
		{0C961E64-E48A-43F6-B82B-91546529A122}.Debug|Any CPU.ActiveCfg = Debug|Any CPU
		{0C961E64-E48A-43F6-B82B-91546529A122}.Debug|Any CPU.Build.0 = Debug|Any CPU
		{0C961E64-E48A-43F6-B82B-91546529A122}.Release|Any CPU.ActiveCfg = Release|Any CPU
		{0C961E64-E48A-43F6-B82B-91546529A122}.Release|Any CPU.Build.0 = Release|Any CPU
	EndGlobalSection
	GlobalSection(SolutionProperties) = preSolution
		HideSolutionNode = FALSE
	EndGlobalSection
	GlobalSection(ExtensibilityGlobals) = postSolution
		SolutionGuid = {BED06459-4DFA-4409-A710-B94593713592}
	EndGlobalSection
EndGlobal
