
Microsoft Visual Studio Solution File, Format Version 12.00
# Visual Studio Version 17
VisualStudioVersion = 17.14.36603.0 d17.14
MinimumVisualStudioVersion = 10.0.40219.1
Project("{FAE04EC0-301F-11D3-BF4B-00C04F79EFBC}") = "0791", "0791.csproj", "{2F1F4291-6F7F-4210-BFC5-88B93F9DDABF}"
EndProject
Global
	GlobalSection(SolutionConfigurationPlatforms) = preSolution
		Debug|Any CPU = Debug|Any CPU
		Release|Any CPU = Release|Any CPU
	EndGlobalSection
	GlobalSection(ProjectConfigurationPlatforms) = postSolution
		{2F1F4291-6F7F-4210-BFC5-88B93F9DDABF}.Debug|Any CPU.ActiveCfg = Debug|Any CPU
		{2F1F4291-6F7F-4210-BFC5-88B93F9DDABF}.Debug|Any CPU.Build.0 = Debug|Any CPU
		{2F1F4291-6F7F-4210-BFC5-88B93F9DDABF}.Release|Any CPU.ActiveCfg = Release|Any CPU
		{2F1F4291-6F7F-4210-BFC5-88B93F9DDABF}.Release|Any CPU.Build.0 = Release|Any CPU
	EndGlobalSection
	GlobalSection(SolutionProperties) = preSolution
		HideSolutionNode = FALSE
	EndGlobalSection
	GlobalSection(ExtensibilityGlobals) = postSolution
		SolutionGuid = {DD2C96BA-1360-4327-ABF2-AF33C209F244}
	EndGlobalSection
EndGlobal
