
Microsoft Visual Studio Solution File, Format Version 12.00
# Visual Studio Version 17
VisualStudioVersion = 17.14.36603.0 d17.14
MinimumVisualStudioVersion = 10.0.40219.1
Project("{FAE04EC0-301F-11D3-BF4B-00C04F79EFBC}") = "0319", "0319.csproj", "{1CF8311C-0FF9-4C77-A30E-08DB1BF8D490}"
EndProject
Global
	GlobalSection(SolutionConfigurationPlatforms) = preSolution
		Debug|Any CPU = Debug|Any CPU
		Release|Any CPU = Release|Any CPU
	EndGlobalSection
	GlobalSection(ProjectConfigurationPlatforms) = postSolution
		{1CF8311C-0FF9-4C77-A30E-08DB1BF8D490}.Debug|Any CPU.ActiveCfg = Debug|Any CPU
		{1CF8311C-0FF9-4C77-A30E-08DB1BF8D490}.Debug|Any CPU.Build.0 = Debug|Any CPU
		{1CF8311C-0FF9-4C77-A30E-08DB1BF8D490}.Release|Any CPU.ActiveCfg = Release|Any CPU
		{1CF8311C-0FF9-4C77-A30E-08DB1BF8D490}.Release|Any CPU.Build.0 = Release|Any CPU
	EndGlobalSection
	GlobalSection(SolutionProperties) = preSolution
		HideSolutionNode = FALSE
	EndGlobalSection
	GlobalSection(ExtensibilityGlobals) = postSolution
		SolutionGuid = {9806FC4A-238A-45C9-9ABE-5640B61ED6BD}
	EndGlobalSection
EndGlobal
