
Microsoft Visual Studio Solution File, Format Version 12.00
# Visual Studio Version 17
VisualStudioVersion = 17.14.36717.8 d17.14
MinimumVisualStudioVersion = 10.0.40219.1
Project("{FAE04EC0-301F-11D3-BF4B-00C04F79EFBC}") = "0809", "0809.csproj", "{92F49127-CD07-4A7F-8405-B73B2BBEFDAB}"
EndProject
Global
	GlobalSection(SolutionConfigurationPlatforms) = preSolution
		Debug|Any CPU = Debug|Any CPU
		Release|Any CPU = Release|Any CPU
	EndGlobalSection
	GlobalSection(ProjectConfigurationPlatforms) = postSolution
		{92F49127-CD07-4A7F-8405-B73B2BBEFDAB}.Debug|Any CPU.ActiveCfg = Debug|Any CPU
		{92F49127-CD07-4A7F-8405-B73B2BBEFDAB}.Debug|Any CPU.Build.0 = Debug|Any CPU
		{92F49127-CD07-4A7F-8405-B73B2BBEFDAB}.Release|Any CPU.ActiveCfg = Release|Any CPU
		{92F49127-CD07-4A7F-8405-B73B2BBEFDAB}.Release|Any CPU.Build.0 = Release|Any CPU
	EndGlobalSection
	GlobalSection(SolutionProperties) = preSolution
		HideSolutionNode = FALSE
	EndGlobalSection
	GlobalSection(ExtensibilityGlobals) = postSolution
		SolutionGuid = {BA397362-669F-44A6-A977-F20A215B938F}
	EndGlobalSection
EndGlobal
