
Microsoft Visual Studio Solution File, Format Version 12.00
# Visual Studio Version 17
VisualStudioVersion = 17.14.36603.0 d17.14
MinimumVisualStudioVersion = 10.0.40219.1
Project("{FAE04EC0-301F-11D3-BF4B-00C04F79EFBC}") = "0388", "0388.csproj", "{5901183F-C0E5-49E7-86AC-D19CF691A505}"
EndProject
Global
	GlobalSection(SolutionConfigurationPlatforms) = preSolution
		Debug|Any CPU = Debug|Any CPU
		Release|Any CPU = Release|Any CPU
	EndGlobalSection
	GlobalSection(ProjectConfigurationPlatforms) = postSolution
		{5901183F-C0E5-49E7-86AC-D19CF691A505}.Debug|Any CPU.ActiveCfg = Debug|Any CPU
		{5901183F-C0E5-49E7-86AC-D19CF691A505}.Debug|Any CPU.Build.0 = Debug|Any CPU
		{5901183F-C0E5-49E7-86AC-D19CF691A505}.Release|Any CPU.ActiveCfg = Release|Any CPU
		{5901183F-C0E5-49E7-86AC-D19CF691A505}.Release|Any CPU.Build.0 = Release|Any CPU
	EndGlobalSection
	GlobalSection(SolutionProperties) = preSolution
		HideSolutionNode = FALSE
	EndGlobalSection
	GlobalSection(ExtensibilityGlobals) = postSolution
		SolutionGuid = {E9FB03BA-4E70-4508-920E-D76AD186CE36}
	EndGlobalSection
EndGlobal
