
Microsoft Visual Studio Solution File, Format Version 12.00
# Visual Studio Version 17
VisualStudioVersion = 17.14.36603.0 d17.14
MinimumVisualStudioVersion = 10.0.40219.1
Project("{FAE04EC0-301F-11D3-BF4B-00C04F79EFBC}") = "0703", "0703.csproj", "{A95A3603-5D09-409D-B044-5B6E10DCC775}"
EndProject
Global
	GlobalSection(SolutionConfigurationPlatforms) = preSolution
		Debug|Any CPU = Debug|Any CPU
		Release|Any CPU = Release|Any CPU
	EndGlobalSection
	GlobalSection(ProjectConfigurationPlatforms) = postSolution
		{A95A3603-5D09-409D-B044-5B6E10DCC775}.Debug|Any CPU.ActiveCfg = Debug|Any CPU
		{A95A3603-5D09-409D-B044-5B6E10DCC775}.Debug|Any CPU.Build.0 = Debug|Any CPU
		{A95A3603-5D09-409D-B044-5B6E10DCC775}.Release|Any CPU.ActiveCfg = Release|Any CPU
		{A95A3603-5D09-409D-B044-5B6E10DCC775}.Release|Any CPU.Build.0 = Release|Any CPU
	EndGlobalSection
	GlobalSection(SolutionProperties) = preSolution
		HideSolutionNode = FALSE
	EndGlobalSection
	GlobalSection(ExtensibilityGlobals) = postSolution
		SolutionGuid = {451F1BB4-764B-4334-9AB3-233E511CCE47}
	EndGlobalSection
EndGlobal
