
Microsoft Visual Studio Solution File, Format Version 12.00
# Visual Studio Version 17
VisualStudioVersion = 17.14.36603.0 d17.14
MinimumVisualStudioVersion = 10.0.40219.1
Project("{FAE04EC0-301F-11D3-BF4B-00C04F79EFBC}") = "0688", "0688.csproj", "{FAA5FA76-6169-4A39-8C9A-6A018CDB5221}"
EndProject
Global
	GlobalSection(SolutionConfigurationPlatforms) = preSolution
		Debug|Any CPU = Debug|Any CPU
		Release|Any CPU = Release|Any CPU
	EndGlobalSection
	GlobalSection(ProjectConfigurationPlatforms) = postSolution
		{FAA5FA76-6169-4A39-8C9A-6A018CDB5221}.Debug|Any CPU.ActiveCfg = Debug|Any CPU
		{FAA5FA76-6169-4A39-8C9A-6A018CDB5221}.Debug|Any CPU.Build.0 = Debug|Any CPU
		{FAA5FA76-6169-4A39-8C9A-6A018CDB5221}.Release|Any CPU.ActiveCfg = Release|Any CPU
		{FAA5FA76-6169-4A39-8C9A-6A018CDB5221}.Release|Any CPU.Build.0 = Release|Any CPU
	EndGlobalSection
	GlobalSection(SolutionProperties) = preSolution
		HideSolutionNode = FALSE
	EndGlobalSection
	GlobalSection(ExtensibilityGlobals) = postSolution
		SolutionGuid = {9FE25E81-437A-4B67-8C72-6648A941A581}
	EndGlobalSection
EndGlobal
