
Microsoft Visual Studio Solution File, Format Version 12.00
# Visual Studio Version 17
VisualStudioVersion = 17.14.36429.23 d17.14
MinimumVisualStudioVersion = 10.0.40219.1
Project("{FAE04EC0-301F-11D3-BF4B-00C04F79EFBC}") = "0108", "0108.csproj", "{629850B3-FFE8-4240-A551-BD573B764B19}"
EndProject
Global
	GlobalSection(SolutionConfigurationPlatforms) = preSolution
		Debug|Any CPU = Debug|Any CPU
		Release|Any CPU = Release|Any CPU
	EndGlobalSection
	GlobalSection(ProjectConfigurationPlatforms) = postSolution
		{629850B3-FFE8-4240-A551-BD573B764B19}.Debug|Any CPU.ActiveCfg = Debug|Any CPU
		{629850B3-FFE8-4240-A551-BD573B764B19}.Debug|Any CPU.Build.0 = Debug|Any CPU
		{629850B3-FFE8-4240-A551-BD573B764B19}.Release|Any CPU.ActiveCfg = Release|Any CPU
		{629850B3-FFE8-4240-A551-BD573B764B19}.Release|Any CPU.Build.0 = Release|Any CPU
	EndGlobalSection
	GlobalSection(SolutionProperties) = preSolution
		HideSolutionNode = FALSE
	EndGlobalSection
	GlobalSection(ExtensibilityGlobals) = postSolution
		SolutionGuid = {450A2420-095F-4598-8B25-D61EC05020A4}
	EndGlobalSection
EndGlobal
