
Microsoft Visual Studio Solution File, Format Version 12.00
# Visual Studio Version 17
VisualStudioVersion = 17.14.36603.0 d17.14
MinimumVisualStudioVersion = 10.0.40219.1
Project("{FAE04EC0-301F-11D3-BF4B-00C04F79EFBC}") = "0445", "0445.csproj", "{B022C796-2073-4C9B-99BB-DBDBF34ABDFB}"
EndProject
Global
	GlobalSection(SolutionConfigurationPlatforms) = preSolution
		Debug|Any CPU = Debug|Any CPU
		Release|Any CPU = Release|Any CPU
	EndGlobalSection
	GlobalSection(ProjectConfigurationPlatforms) = postSolution
		{B022C796-2073-4C9B-99BB-DBDBF34ABDFB}.Debug|Any CPU.ActiveCfg = Debug|Any CPU
		{B022C796-2073-4C9B-99BB-DBDBF34ABDFB}.Debug|Any CPU.Build.0 = Debug|Any CPU
		{B022C796-2073-4C9B-99BB-DBDBF34ABDFB}.Release|Any CPU.ActiveCfg = Release|Any CPU
		{B022C796-2073-4C9B-99BB-DBDBF34ABDFB}.Release|Any CPU.Build.0 = Release|Any CPU
	EndGlobalSection
	GlobalSection(SolutionProperties) = preSolution
		HideSolutionNode = FALSE
	EndGlobalSection
	GlobalSection(ExtensibilityGlobals) = postSolution
		SolutionGuid = {B305FBCF-06E7-4375-B071-1D3F81C167AA}
	EndGlobalSection
EndGlobal
